// !$*UTF8*$!
{
	archiveVersion = 1;
	classes = {
	};
	objectVersion = 50;
	objects = {

/* Begin PBXBuildFile section */
		0503766D208B2EE200D2DB37 /* CNError.swift in Sources */ = {isa = PBXBuildFile; fileRef = 0503766C208B2EE200D2DB37 /* CNError.swift */; };
		051FA468208B3F4400AEC734 /* CNFile.swift in Sources */ = {isa = PBXBuildFile; fileRef = 051FA467208B3F4400AEC734 /* CNFile.swift */; };
		052136B3208AD5F30098F1A7 /* CNArrayStream.swift in Sources */ = {isa = PBXBuildFile; fileRef = 052136B1208AD5F30098F1A7 /* CNArrayStream.swift */; };
		052136B4208AD5F30098F1A7 /* CNStringStream.swift in Sources */ = {isa = PBXBuildFile; fileRef = 052136B2208AD5F30098F1A7 /* CNStringStream.swift */; };
		053BC8F32090D0AC006CBB06 /* CNExitCode.swift in Sources */ = {isa = PBXBuildFile; fileRef = 053BC8F22090D0AC006CBB06 /* CNExitCode.swift */; };
		0565A9D3208B7AE400E91568 /* CNJSONMatcher.swift in Sources */ = {isa = PBXBuildFile; fileRef = 0565A9CD208B7AE300E91568 /* CNJSONMatcher.swift */; };
		0565A9D4208B7AE400E91568 /* CNJSONObject.swift in Sources */ = {isa = PBXBuildFile; fileRef = 0565A9CE208B7AE300E91568 /* CNJSONObject.swift */; };
		0565A9D5208B7AE400E91568 /* CNJSONUtil.swift in Sources */ = {isa = PBXBuildFile; fileRef = 0565A9CF208B7AE400E91568 /* CNJSONUtil.swift */; };
		0565A9D6208B7AE400E91568 /* CNJSONGrep.swift in Sources */ = {isa = PBXBuildFile; fileRef = 0565A9D0208B7AE400E91568 /* CNJSONGrep.swift */; };
		0565A9D7208B7AE400E91568 /* CNJSONFile.swift in Sources */ = {isa = PBXBuildFile; fileRef = 0565A9D1208B7AE400E91568 /* CNJSONFile.swift */; };
		0565A9D8208B7AE400E91568 /* CNJSONVisitor.swift in Sources */ = {isa = PBXBuildFile; fileRef = 0565A9D2208B7AE400E91568 /* CNJSONVisitor.swift */; };
		0565A9EF208B7BB100E91568 /* CNFileManager.swift in Sources */ = {isa = PBXBuildFile; fileRef = 0565A9EC208B7BB100E91568 /* CNFileManager.swift */; };
		0565A9F0208B7BB100E91568 /* CNFilePath.swift in Sources */ = {isa = PBXBuildFile; fileRef = 0565A9ED208B7BB100E91568 /* CNFilePath.swift */; };
		0565A9F1208B7BB100E91568 /* CNFileURL.swift in Sources */ = {isa = PBXBuildFile; fileRef = 0565A9EE208B7BB100E91568 /* CNFileURL.swift */; };
		0565A9F3208B7C2800E91568 /* CNBookmark.swift in Sources */ = {isa = PBXBuildFile; fileRef = 0565A9F2208B7C2800E91568 /* CNBookmark.swift */; };
		0565A9F7208B820900E91568 /* CNAuthorize.swift in Sources */ = {isa = PBXBuildFile; fileRef = 0565A9F6208B820900E91568 /* CNAuthorize.swift */; };
		056EA8B7208AFD6300D1DFFE /* CNConsole.swift in Sources */ = {isa = PBXBuildFile; fileRef = 056EA8B6208AFD6300D1DFFE /* CNConsole.swift */; };
		05725CE6208B4450008A97D1 /* CNPipe.swift in Sources */ = {isa = PBXBuildFile; fileRef = 05725CE5208B4450008A97D1 /* CNPipe.swift */; };
		05725CEA208B451A008A97D1 /* CNConnection.swift in Sources */ = {isa = PBXBuildFile; fileRef = 05725CE9208B451A008A97D1 /* CNConnection.swift */; };
		0578DA2C2090C1C400ED852C /* CNPropertyList.swift in Sources */ = {isa = PBXBuildFile; fileRef = 0578DA2B2090C1C400ED852C /* CNPropertyList.swift */; };
		057D2CDF208B426100E02E71 /* CNColor.swift in Sources */ = {isa = PBXBuildFile; fileRef = 057D2CDE208B426000E02E71 /* CNColor.swift */; };
		058740F9208AFF2C00FF2B65 /* CNThread.swift in Sources */ = {isa = PBXBuildFile; fileRef = 058740F8208AFF2C00FF2B65 /* CNThread.swift */; };
		05899935208B0013002FEAEA /* CNMath.swift in Sources */ = {isa = PBXBuildFile; fileRef = 05899934208B0013002FEAEA /* CNMath.swift */; };
		0589993C208B013A002FEAEA /* CNState.swift in Sources */ = {isa = PBXBuildFile; fileRef = 0589993B208B013A002FEAEA /* CNState.swift */; };
		0599583B208AEE0B00DE2DC9 /* CNCharacter.swift in Sources */ = {isa = PBXBuildFile; fileRef = 0599583A208AEE0B00DE2DC9 /* CNCharacter.swift */; };
		05995843208AEEFB00DE2DC9 /* CNValue.swift in Sources */ = {isa = PBXBuildFile; fileRef = 05995842208AEEFB00DE2DC9 /* CNValue.swift */; };
		05995845208AEFD900DE2DC9 /* CNValueUtil.swift in Sources */ = {isa = PBXBuildFile; fileRef = 05995844208AEFD800DE2DC9 /* CNValueUtil.swift */; };
		0599584B208AF07700DE2DC9 /* CNToken.swift in Sources */ = {isa = PBXBuildFile; fileRef = 05995849208AF07700DE2DC9 /* CNToken.swift */; };
		0599584C208AF07700DE2DC9 /* CNTokenStream.swift in Sources */ = {isa = PBXBuildFile; fileRef = 0599584A208AF07700DE2DC9 /* CNTokenStream.swift */; };
		05995855208AF10300DE2DC9 /* CNParser.swift in Sources */ = {isa = PBXBuildFile; fileRef = 05995854208AF10300DE2DC9 /* CNParser.swift */; };
		05B2A068208AD39600D16E60 /* CoconutData.h in Headers */ = {isa = PBXBuildFile; fileRef = 05B2A066208AD39600D16E60 /* CoconutData.h */; settings = {ATTRIBUTES = (Public, ); }; };
		05DF7D992090D4B1003B5110 /* CNStringUtil.swift in Sources */ = {isa = PBXBuildFile; fileRef = 05DF7D982090D4B1003B5110 /* CNStringUtil.swift */; };
		05E81091208B33F800230477 /* CNAccess.swift in Sources */ = {isa = PBXBuildFile; fileRef = 05E81090208B33F800230477 /* CNAccess.swift */; };
		05F5EA71208F793400CF98C3 /* CNText.swift in Sources */ = {isa = PBXBuildFile; fileRef = 05F5EA70208F793400CF98C3 /* CNText.swift */; };
		05F5EA73208F794000CF98C3 /* CNReservedWord.swift in Sources */ = {isa = PBXBuildFile; fileRef = 05F5EA72208F794000CF98C3 /* CNReservedWord.swift */; };
/* End PBXBuildFile section */

/* Begin PBXContainerItemProxy section */
		05F5DAC2208AD8A4006EB134 /* PBXContainerItemProxy */ = {
			isa = PBXContainerItemProxy;
			containerPortal = 05B2A05A208AD39600D16E60 /* Project object */;
			proxyType = 1;
			remoteGlobalIDString = 05B2A062208AD39600D16E60;
			remoteInfo = CoconutData;
		};
/* End PBXContainerItemProxy section */

/* Begin PBXFileReference section */
		0503766C208B2EE200D2DB37 /* CNError.swift */ = {isa = PBXFileReference; fileEncoding = 4; lastKnownFileType = sourcecode.swift; path = CNError.swift; sourceTree = "<group>"; };
		051FA467208B3F4400AEC734 /* CNFile.swift */ = {isa = PBXFileReference; fileEncoding = 4; lastKnownFileType = sourcecode.swift; path = CNFile.swift; sourceTree = "<group>"; };
		052136B1208AD5F30098F1A7 /* CNArrayStream.swift */ = {isa = PBXFileReference; fileEncoding = 4; lastKnownFileType = sourcecode.swift; path = CNArrayStream.swift; sourceTree = "<group>"; };
		052136B2208AD5F30098F1A7 /* CNStringStream.swift */ = {isa = PBXFileReference; fileEncoding = 4; lastKnownFileType = sourcecode.swift; path = CNStringStream.swift; sourceTree = "<group>"; };
		053BC8F22090D0AC006CBB06 /* CNExitCode.swift */ = {isa = PBXFileReference; fileEncoding = 4; lastKnownFileType = sourcecode.swift; path = CNExitCode.swift; sourceTree = "<group>"; };
		0565A9CD208B7AE300E91568 /* CNJSONMatcher.swift */ = {isa = PBXFileReference; fileEncoding = 4; lastKnownFileType = sourcecode.swift; path = CNJSONMatcher.swift; sourceTree = "<group>"; };
		0565A9CE208B7AE300E91568 /* CNJSONObject.swift */ = {isa = PBXFileReference; fileEncoding = 4; lastKnownFileType = sourcecode.swift; path = CNJSONObject.swift; sourceTree = "<group>"; };
		0565A9CF208B7AE400E91568 /* CNJSONUtil.swift */ = {isa = PBXFileReference; fileEncoding = 4; lastKnownFileType = sourcecode.swift; path = CNJSONUtil.swift; sourceTree = "<group>"; };
		0565A9D0208B7AE400E91568 /* CNJSONGrep.swift */ = {isa = PBXFileReference; fileEncoding = 4; lastKnownFileType = sourcecode.swift; path = CNJSONGrep.swift; sourceTree = "<group>"; };
		0565A9D1208B7AE400E91568 /* CNJSONFile.swift */ = {isa = PBXFileReference; fileEncoding = 4; lastKnownFileType = sourcecode.swift; path = CNJSONFile.swift; sourceTree = "<group>"; };
		0565A9D2208B7AE400E91568 /* CNJSONVisitor.swift */ = {isa = PBXFileReference; fileEncoding = 4; lastKnownFileType = sourcecode.swift; path = CNJSONVisitor.swift; sourceTree = "<group>"; };
		0565A9EC208B7BB100E91568 /* CNFileManager.swift */ = {isa = PBXFileReference; fileEncoding = 4; lastKnownFileType = sourcecode.swift; path = CNFileManager.swift; sourceTree = "<group>"; };
		0565A9ED208B7BB100E91568 /* CNFilePath.swift */ = {isa = PBXFileReference; fileEncoding = 4; lastKnownFileType = sourcecode.swift; path = CNFilePath.swift; sourceTree = "<group>"; };
		0565A9EE208B7BB100E91568 /* CNFileURL.swift */ = {isa = PBXFileReference; fileEncoding = 4; lastKnownFileType = sourcecode.swift; path = CNFileURL.swift; sourceTree = "<group>"; };
		0565A9F2208B7C2800E91568 /* CNBookmark.swift */ = {isa = PBXFileReference; fileEncoding = 4; lastKnownFileType = sourcecode.swift; path = CNBookmark.swift; sourceTree = "<group>"; };
		0565A9F6208B820900E91568 /* CNAuthorize.swift */ = {isa = PBXFileReference; fileEncoding = 4; lastKnownFileType = sourcecode.swift; path = CNAuthorize.swift; sourceTree = "<group>"; };
		056EA8B6208AFD6300D1DFFE /* CNConsole.swift */ = {isa = PBXFileReference; fileEncoding = 4; lastKnownFileType = sourcecode.swift; path = CNConsole.swift; sourceTree = "<group>"; };
		05725CE5208B4450008A97D1 /* CNPipe.swift */ = {isa = PBXFileReference; fileEncoding = 4; lastKnownFileType = sourcecode.swift; path = CNPipe.swift; sourceTree = "<group>"; };
		05725CE9208B451A008A97D1 /* CNConnection.swift */ = {isa = PBXFileReference; fileEncoding = 4; lastKnownFileType = sourcecode.swift; path = CNConnection.swift; sourceTree = "<group>"; };
		0578DA2B2090C1C400ED852C /* CNPropertyList.swift */ = {isa = PBXFileReference; fileEncoding = 4; lastKnownFileType = sourcecode.swift; path = CNPropertyList.swift; sourceTree = "<group>"; };
		057D2CDE208B426000E02E71 /* CNColor.swift */ = {isa = PBXFileReference; fileEncoding = 4; lastKnownFileType = sourcecode.swift; path = CNColor.swift; sourceTree = "<group>"; };
		058740F8208AFF2C00FF2B65 /* CNThread.swift */ = {isa = PBXFileReference; fileEncoding = 4; lastKnownFileType = sourcecode.swift; path = CNThread.swift; sourceTree = "<group>"; };
		05899934208B0013002FEAEA /* CNMath.swift */ = {isa = PBXFileReference; fileEncoding = 4; lastKnownFileType = sourcecode.swift; path = CNMath.swift; sourceTree = "<group>"; };
		0589993B208B013A002FEAEA /* CNState.swift */ = {isa = PBXFileReference; fileEncoding = 4; lastKnownFileType = sourcecode.swift; path = CNState.swift; sourceTree = "<group>"; };
		0599583A208AEE0B00DE2DC9 /* CNCharacter.swift */ = {isa = PBXFileReference; fileEncoding = 4; lastKnownFileType = sourcecode.swift; path = CNCharacter.swift; sourceTree = "<group>"; };
		05995842208AEEFB00DE2DC9 /* CNValue.swift */ = {isa = PBXFileReference; fileEncoding = 4; lastKnownFileType = sourcecode.swift; path = CNValue.swift; sourceTree = "<group>"; };
		05995844208AEFD800DE2DC9 /* CNValueUtil.swift */ = {isa = PBXFileReference; fileEncoding = 4; lastKnownFileType = sourcecode.swift; path = CNValueUtil.swift; sourceTree = "<group>"; };
		05995849208AF07700DE2DC9 /* CNToken.swift */ = {isa = PBXFileReference; fileEncoding = 4; lastKnownFileType = sourcecode.swift; path = CNToken.swift; sourceTree = "<group>"; };
		0599584A208AF07700DE2DC9 /* CNTokenStream.swift */ = {isa = PBXFileReference; fileEncoding = 4; lastKnownFileType = sourcecode.swift; path = CNTokenStream.swift; sourceTree = "<group>"; };
		05995854208AF10300DE2DC9 /* CNParser.swift */ = {isa = PBXFileReference; fileEncoding = 4; lastKnownFileType = sourcecode.swift; path = CNParser.swift; sourceTree = "<group>"; };
		05B2A063208AD39600D16E60 /* CoconutData.framework */ = {isa = PBXFileReference; explicitFileType = wrapper.framework; includeInIndex = 0; path = CoconutData.framework; sourceTree = BUILT_PRODUCTS_DIR; };
		05B2A066208AD39600D16E60 /* CoconutData.h */ = {isa = PBXFileReference; lastKnownFileType = sourcecode.c.h; path = CoconutData.h; sourceTree = "<group>"; };
		05B2A067208AD39600D16E60 /* Info.plist */ = {isa = PBXFileReference; lastKnownFileType = text.plist.xml; path = Info.plist; sourceTree = "<group>"; };
		05DF7D982090D4B1003B5110 /* CNStringUtil.swift */ = {isa = PBXFileReference; fileEncoding = 4; lastKnownFileType = sourcecode.swift; path = CNStringUtil.swift; sourceTree = "<group>"; };
		05E81090208B33F800230477 /* CNAccess.swift */ = {isa = PBXFileReference; fileEncoding = 4; lastKnownFileType = sourcecode.swift; path = CNAccess.swift; sourceTree = "<group>"; };
		05F5EA70208F793400CF98C3 /* CNText.swift */ = {isa = PBXFileReference; fileEncoding = 4; lastKnownFileType = sourcecode.swift; path = CNText.swift; sourceTree = "<group>"; };
		05F5EA72208F794000CF98C3 /* CNReservedWord.swift */ = {isa = PBXFileReference; fileEncoding = 4; lastKnownFileType = sourcecode.swift; path = CNReservedWord.swift; sourceTree = "<group>"; };
/* End PBXFileReference section */

/* Begin PBXFrameworksBuildPhase section */
		05B2A05F208AD39600D16E60 /* Frameworks */ = {
			isa = PBXFrameworksBuildPhase;
			buildActionMask = 2147483647;
			files = (
			);
			runOnlyForDeploymentPostprocessing = 0;
		};
/* End PBXFrameworksBuildPhase section */

/* Begin PBXGroup section */
		0503766B208B2ECF00D2DB37 /* Error */ = {
			isa = PBXGroup;
			children = (
				053BC8F22090D0AC006CBB06 /* CNExitCode.swift */,
				0503766C208B2EE200D2DB37 /* CNError.swift */,
			);
			path = Error;
			sourceTree = "<group>";
		};
		052136B0208AD5E00098F1A7 /* Data */ = {
			isa = PBXGroup;
			children = (
				05DF7D982090D4B1003B5110 /* CNStringUtil.swift */,
				057D2CDE208B426000E02E71 /* CNColor.swift */,
				0589993B208B013A002FEAEA /* CNState.swift */,
				0599583A208AEE0B00DE2DC9 /* CNCharacter.swift */,
				052136B1208AD5F30098F1A7 /* CNArrayStream.swift */,
				052136B2208AD5F30098F1A7 /* CNStringStream.swift */,
			);
			path = Data;
			sourceTree = "<group>";
		};
		0565A9CC208B7ACC00E91568 /* JSON */ = {
			isa = PBXGroup;
			children = (
				0565A9D1208B7AE400E91568 /* CNJSONFile.swift */,
				0565A9D0208B7AE400E91568 /* CNJSONGrep.swift */,
				0565A9CD208B7AE300E91568 /* CNJSONMatcher.swift */,
				0565A9CE208B7AE300E91568 /* CNJSONObject.swift */,
				0565A9CF208B7AE400E91568 /* CNJSONUtil.swift */,
				0565A9D2208B7AE400E91568 /* CNJSONVisitor.swift */,
			);
			path = JSON;
			sourceTree = "<group>";
		};
		058740F7208AFF1700FF2B65 /* Process */ = {
			isa = PBXGroup;
			children = (
				058740F8208AFF2C00FF2B65 /* CNThread.swift */,
			);
			path = Process;
			sourceTree = "<group>";
		};
		05899933208AFFFF002FEAEA /* Math */ = {
			isa = PBXGroup;
			children = (
				05899934208B0013002FEAEA /* CNMath.swift */,
			);
			path = Math;
			sourceTree = "<group>";
		};
		05995841208AEEDD00DE2DC9 /* Value */ = {
			isa = PBXGroup;
			children = (
				05995842208AEEFB00DE2DC9 /* CNValue.swift */,
				05995844208AEFD800DE2DC9 /* CNValueUtil.swift */,
			);
			path = Value;
			sourceTree = "<group>";
		};
		05995848208AF05200DE2DC9 /* Parser */ = {
			isa = PBXGroup;
			children = (
				05F5EA72208F794000CF98C3 /* CNReservedWord.swift */,
				05995854208AF10300DE2DC9 /* CNParser.swift */,
				05995849208AF07700DE2DC9 /* CNToken.swift */,
				0599584A208AF07700DE2DC9 /* CNTokenStream.swift */,
			);
			path = Parser;
			sourceTree = "<group>";
		};
		05B2A059208AD39600D16E60 = {
			isa = PBXGroup;
			children = (
				05DA41CF208AD3F800EF285F /* Source */,
				05B2A065208AD39600D16E60 /* OSX */,
				05B2A064208AD39600D16E60 /* Products */,
			);
			sourceTree = "<group>";
		};
		05B2A064208AD39600D16E60 /* Products */ = {
			isa = PBXGroup;
			children = (
				05B2A063208AD39600D16E60 /* CoconutData.framework */,
			);
			name = Products;
			sourceTree = "<group>";
		};
		05B2A065208AD39600D16E60 /* OSX */ = {
			isa = PBXGroup;
			children = (
				05B2A067208AD39600D16E60 /* Info.plist */,
			);
			name = OSX;
			sourceTree = "<group>";
		};
		05C68AAE208AFD17003C813E /* File */ = {
			isa = PBXGroup;
			children = (
				0578DA2B2090C1C400ED852C /* CNPropertyList.swift */,
				0565A9F6208B820900E91568 /* CNAuthorize.swift */,
				0565A9F2208B7C2800E91568 /* CNBookmark.swift */,
				0565A9EC208B7BB100E91568 /* CNFileManager.swift */,
				0565A9ED208B7BB100E91568 /* CNFilePath.swift */,
				0565A9EE208B7BB100E91568 /* CNFileURL.swift */,
				05725CE9208B451A008A97D1 /* CNConnection.swift */,
				05E81090208B33F800230477 /* CNAccess.swift */,
				051FA467208B3F4400AEC734 /* CNFile.swift */,
				05725CE5208B4450008A97D1 /* CNPipe.swift */,
				056EA8B6208AFD6300D1DFFE /* CNConsole.swift */,
			);
			path = File;
			sourceTree = "<group>";
		};
		05DA41CF208AD3F800EF285F /* Source */ = {
			isa = PBXGroup;
			children = (
				05B2A066208AD39600D16E60 /* CoconutData.h */,
				05F5EA6F208F791200CF98C3 /* Text */,
				0565A9CC208B7ACC00E91568 /* JSON */,
				0503766B208B2ECF00D2DB37 /* Error */,
				05899933208AFFFF002FEAEA /* Math */,
				058740F7208AFF1700FF2B65 /* Process */,
				05C68AAE208AFD17003C813E /* File */,
				052136B0208AD5E00098F1A7 /* Data */,
				05995841208AEEDD00DE2DC9 /* Value */,
				05995848208AF05200DE2DC9 /* Parser */,
			);
			name = Source;
			path = ../Source;
			sourceTree = "<group>";
		};
		05F5EA6F208F791200CF98C3 /* Text */ = {
			isa = PBXGroup;
			children = (
				05F5EA70208F793400CF98C3 /* CNText.swift */,
			);
			path = Text;
			sourceTree = "<group>";
		};
/* End PBXGroup section */

/* Begin PBXHeadersBuildPhase section */
		05B2A060208AD39600D16E60 /* Headers */ = {
			isa = PBXHeadersBuildPhase;
			buildActionMask = 2147483647;
			files = (
				05B2A068208AD39600D16E60 /* CoconutData.h in Headers */,
			);
			runOnlyForDeploymentPostprocessing = 0;
		};
/* End PBXHeadersBuildPhase section */

/* Begin PBXLegacyTarget section */
		05F5DAB8208AD844006EB134 /* Install */ = {
			isa = PBXLegacyTarget;
			buildArgumentsString = "-f ../../Script/install_osx.mk";
			buildConfigurationList = 05F5DAB9208AD844006EB134 /* Build configuration list for PBXLegacyTarget "Install" */;
			buildPhases = (
			);
			buildToolPath = /usr/bin/make;
			buildWorkingDirectory = "";
			dependencies = (
				05F5DAC3208AD8A4006EB134 /* PBXTargetDependency */,
			);
			name = Install;
			passBuildSettingsInEnvironment = 1;
			productName = Install;
		};
/* End PBXLegacyTarget section */

/* Begin PBXNativeTarget section */
		05B2A062208AD39600D16E60 /* CoconutData */ = {
			isa = PBXNativeTarget;
			buildConfigurationList = 05B2A06B208AD39600D16E60 /* Build configuration list for PBXNativeTarget "CoconutData" */;
			buildPhases = (
				05B2A05E208AD39600D16E60 /* Sources */,
				05B2A05F208AD39600D16E60 /* Frameworks */,
				05B2A060208AD39600D16E60 /* Headers */,
				05B2A061208AD39600D16E60 /* Resources */,
			);
			buildRules = (
			);
			dependencies = (
			);
			name = CoconutData;
			productName = CoconutData;
			productReference = 05B2A063208AD39600D16E60 /* CoconutData.framework */;
			productType = "com.apple.product-type.framework";
		};
/* End PBXNativeTarget section */

/* Begin PBXProject section */
		05B2A05A208AD39600D16E60 /* Project object */ = {
			isa = PBXProject;
			attributes = {
				LastUpgradeCheck = 0930;
				ORGANIZATIONNAME = "Steel Wheels Project";
				TargetAttributes = {
					05B2A062208AD39600D16E60 = {
						CreatedOnToolsVersion = 9.3;
						LastSwiftMigration = 0930;
					};
					05F5DAB8208AD844006EB134 = {
						CreatedOnToolsVersion = 9.3;
					};
				};
			};
			buildConfigurationList = 05B2A05D208AD39600D16E60 /* Build configuration list for PBXProject "CoconutData" */;
			compatibilityVersion = "Xcode 9.3";
			developmentRegion = en;
			hasScannedForEncodings = 0;
			knownRegions = (
				en,
			);
			mainGroup = 05B2A059208AD39600D16E60;
			productRefGroup = 05B2A064208AD39600D16E60 /* Products */;
			projectDirPath = "";
			projectRoot = "";
			targets = (
				05B2A062208AD39600D16E60 /* CoconutData */,
				05F5DAB8208AD844006EB134 /* Install */,
			);
		};
/* End PBXProject section */

/* Begin PBXResourcesBuildPhase section */
		05B2A061208AD39600D16E60 /* Resources */ = {
			isa = PBXResourcesBuildPhase;
			buildActionMask = 2147483647;
			files = (
			);
			runOnlyForDeploymentPostprocessing = 0;
		};
/* End PBXResourcesBuildPhase section */

/* Begin PBXSourcesBuildPhase section */
		05B2A05E208AD39600D16E60 /* Sources */ = {
			isa = PBXSourcesBuildPhase;
			buildActionMask = 2147483647;
			files = (
				0565A9D6208B7AE400E91568 /* CNJSONGrep.swift in Sources */,
				0578DA2C2090C1C400ED852C /* CNPropertyList.swift in Sources */,
				05F5EA73208F794000CF98C3 /* CNReservedWord.swift in Sources */,
				0565A9EF208B7BB100E91568 /* CNFileManager.swift in Sources */,
				0599584B208AF07700DE2DC9 /* CNToken.swift in Sources */,
				052136B3208AD5F30098F1A7 /* CNArrayStream.swift in Sources */,
				0589993C208B013A002FEAEA /* CNState.swift in Sources */,
				0565A9D7208B7AE400E91568 /* CNJSONFile.swift in Sources */,
				0565A9D3208B7AE400E91568 /* CNJSONMatcher.swift in Sources */,
				05725CE6208B4450008A97D1 /* CNPipe.swift in Sources */,
				05725CEA208B451A008A97D1 /* CNConnection.swift in Sources */,
				05995845208AEFD900DE2DC9 /* CNValueUtil.swift in Sources */,
				0565A9D8208B7AE400E91568 /* CNJSONVisitor.swift in Sources */,
				05F5EA71208F793400CF98C3 /* CNText.swift in Sources */,
				0565A9D5208B7AE400E91568 /* CNJSONUtil.swift in Sources */,
				0599584C208AF07700DE2DC9 /* CNTokenStream.swift in Sources */,
				053BC8F32090D0AC006CBB06 /* CNExitCode.swift in Sources */,
				0599583B208AEE0B00DE2DC9 /* CNCharacter.swift in Sources */,
				0565A9F7208B820900E91568 /* CNAuthorize.swift in Sources */,
				051FA468208B3F4400AEC734 /* CNFile.swift in Sources */,
				0565A9F1208B7BB100E91568 /* CNFileURL.swift in Sources */,
				056EA8B7208AFD6300D1DFFE /* CNConsole.swift in Sources */,
				057D2CDF208B426100E02E71 /* CNColor.swift in Sources */,
				05995843208AEEFB00DE2DC9 /* CNValue.swift in Sources */,
				0503766D208B2EE200D2DB37 /* CNError.swift in Sources */,
				05899935208B0013002FEAEA /* CNMath.swift in Sources */,
				0565A9D4208B7AE400E91568 /* CNJSONObject.swift in Sources */,
				05DF7D992090D4B1003B5110 /* CNStringUtil.swift in Sources */,
				052136B4208AD5F30098F1A7 /* CNStringStream.swift in Sources */,
				058740F9208AFF2C00FF2B65 /* CNThread.swift in Sources */,
				05E81091208B33F800230477 /* CNAccess.swift in Sources */,
				05995855208AF10300DE2DC9 /* CNParser.swift in Sources */,
				0565A9F3208B7C2800E91568 /* CNBookmark.swift in Sources */,
				0565A9F0208B7BB100E91568 /* CNFilePath.swift in Sources */,
			);
			runOnlyForDeploymentPostprocessing = 0;
		};
/* End PBXSourcesBuildPhase section */

/* Begin PBXTargetDependency section */
		05F5DAC3208AD8A4006EB134 /* PBXTargetDependency */ = {
			isa = PBXTargetDependency;
			target = 05B2A062208AD39600D16E60 /* CoconutData */;
			targetProxy = 05F5DAC2208AD8A4006EB134 /* PBXContainerItemProxy */;
		};
/* End PBXTargetDependency section */

/* Begin XCBuildConfiguration section */
		05B2A069208AD39600D16E60 /* Debug */ = {
			isa = XCBuildConfiguration;
			buildSettings = {
				ALWAYS_SEARCH_USER_PATHS = NO;
				CLANG_ANALYZER_NONNULL = YES;
				CLANG_ANALYZER_NUMBER_OBJECT_CONVERSION = YES_AGGRESSIVE;
				CLANG_CXX_LANGUAGE_STANDARD = "gnu++14";
				CLANG_CXX_LIBRARY = "libc++";
				CLANG_ENABLE_MODULES = YES;
				CLANG_ENABLE_OBJC_ARC = YES;
				CLANG_ENABLE_OBJC_WEAK = YES;
				CLANG_WARN_BLOCK_CAPTURE_AUTORELEASING = YES;
				CLANG_WARN_BOOL_CONVERSION = YES;
				CLANG_WARN_COMMA = YES;
				CLANG_WARN_CONSTANT_CONVERSION = YES;
				CLANG_WARN_DEPRECATED_OBJC_IMPLEMENTATIONS = YES;
				CLANG_WARN_DIRECT_OBJC_ISA_USAGE = YES_ERROR;
				CLANG_WARN_DOCUMENTATION_COMMENTS = YES;
				CLANG_WARN_EMPTY_BODY = YES;
				CLANG_WARN_ENUM_CONVERSION = YES;
				CLANG_WARN_INFINITE_RECURSION = YES;
				CLANG_WARN_INT_CONVERSION = YES;
				CLANG_WARN_NON_LITERAL_NULL_CONVERSION = YES;
				CLANG_WARN_OBJC_IMPLICIT_RETAIN_SELF = YES;
				CLANG_WARN_OBJC_LITERAL_CONVERSION = YES;
				CLANG_WARN_OBJC_ROOT_CLASS = YES_ERROR;
				CLANG_WARN_RANGE_LOOP_ANALYSIS = YES;
				CLANG_WARN_STRICT_PROTOTYPES = YES;
				CLANG_WARN_SUSPICIOUS_MOVE = YES;
				CLANG_WARN_UNGUARDED_AVAILABILITY = YES_AGGRESSIVE;
				CLANG_WARN_UNREACHABLE_CODE = YES;
				CLANG_WARN__DUPLICATE_METHOD_MATCH = YES;
				CODE_SIGN_IDENTITY = "Mac Developer";
				COPY_PHASE_STRIP = NO;
				CURRENT_PROJECT_VERSION = 1;
				DEBUG_INFORMATION_FORMAT = dwarf;
				ENABLE_STRICT_OBJC_MSGSEND = YES;
				ENABLE_TESTABILITY = YES;
				GCC_C_LANGUAGE_STANDARD = gnu11;
				GCC_DYNAMIC_NO_PIC = NO;
				GCC_NO_COMMON_BLOCKS = YES;
				GCC_OPTIMIZATION_LEVEL = 0;
				GCC_PREPROCESSOR_DEFINITIONS = (
					"DEBUG=1",
					"$(inherited)",
				);
				GCC_WARN_64_TO_32_BIT_CONVERSION = YES;
				GCC_WARN_ABOUT_RETURN_TYPE = YES_ERROR;
				GCC_WARN_UNDECLARED_SELECTOR = YES;
				GCC_WARN_UNINITIALIZED_AUTOS = YES_AGGRESSIVE;
				GCC_WARN_UNUSED_FUNCTION = YES;
				GCC_WARN_UNUSED_VARIABLE = YES;
				MACOSX_DEPLOYMENT_TARGET = 10.13;
				MTL_ENABLE_DEBUG_INFO = YES;
				ONLY_ACTIVE_ARCH = YES;
				SDKROOT = macosx;
				SWIFT_ACTIVE_COMPILATION_CONDITIONS = DEBUG;
				SWIFT_OPTIMIZATION_LEVEL = "-Onone";
				VERSIONING_SYSTEM = "apple-generic";
				VERSION_INFO_PREFIX = "";
			};
			name = Debug;
		};
		05B2A06A208AD39600D16E60 /* Release */ = {
			isa = XCBuildConfiguration;
			buildSettings = {
				ALWAYS_SEARCH_USER_PATHS = NO;
				CLANG_ANALYZER_NONNULL = YES;
				CLANG_ANALYZER_NUMBER_OBJECT_CONVERSION = YES_AGGRESSIVE;
				CLANG_CXX_LANGUAGE_STANDARD = "gnu++14";
				CLANG_CXX_LIBRARY = "libc++";
				CLANG_ENABLE_MODULES = YES;
				CLANG_ENABLE_OBJC_ARC = YES;
				CLANG_ENABLE_OBJC_WEAK = YES;
				CLANG_WARN_BLOCK_CAPTURE_AUTORELEASING = YES;
				CLANG_WARN_BOOL_CONVERSION = YES;
				CLANG_WARN_COMMA = YES;
				CLANG_WARN_CONSTANT_CONVERSION = YES;
				CLANG_WARN_DEPRECATED_OBJC_IMPLEMENTATIONS = YES;
				CLANG_WARN_DIRECT_OBJC_ISA_USAGE = YES_ERROR;
				CLANG_WARN_DOCUMENTATION_COMMENTS = YES;
				CLANG_WARN_EMPTY_BODY = YES;
				CLANG_WARN_ENUM_CONVERSION = YES;
				CLANG_WARN_INFINITE_RECURSION = YES;
				CLANG_WARN_INT_CONVERSION = YES;
				CLANG_WARN_NON_LITERAL_NULL_CONVERSION = YES;
				CLANG_WARN_OBJC_IMPLICIT_RETAIN_SELF = YES;
				CLANG_WARN_OBJC_LITERAL_CONVERSION = YES;
				CLANG_WARN_OBJC_ROOT_CLASS = YES_ERROR;
				CLANG_WARN_RANGE_LOOP_ANALYSIS = YES;
				CLANG_WARN_STRICT_PROTOTYPES = YES;
				CLANG_WARN_SUSPICIOUS_MOVE = YES;
				CLANG_WARN_UNGUARDED_AVAILABILITY = YES_AGGRESSIVE;
				CLANG_WARN_UNREACHABLE_CODE = YES;
				CLANG_WARN__DUPLICATE_METHOD_MATCH = YES;
				CODE_SIGN_IDENTITY = "Mac Developer";
				COPY_PHASE_STRIP = NO;
				CURRENT_PROJECT_VERSION = 1;
				DEBUG_INFORMATION_FORMAT = "dwarf-with-dsym";
				ENABLE_NS_ASSERTIONS = NO;
				ENABLE_STRICT_OBJC_MSGSEND = YES;
				GCC_C_LANGUAGE_STANDARD = gnu11;
				GCC_NO_COMMON_BLOCKS = YES;
				GCC_WARN_64_TO_32_BIT_CONVERSION = YES;
				GCC_WARN_ABOUT_RETURN_TYPE = YES_ERROR;
				GCC_WARN_UNDECLARED_SELECTOR = YES;
				GCC_WARN_UNINITIALIZED_AUTOS = YES_AGGRESSIVE;
				GCC_WARN_UNUSED_FUNCTION = YES;
				GCC_WARN_UNUSED_VARIABLE = YES;
				MACOSX_DEPLOYMENT_TARGET = 10.13;
				MTL_ENABLE_DEBUG_INFO = NO;
				SDKROOT = macosx;
				SWIFT_COMPILATION_MODE = wholemodule;
				SWIFT_OPTIMIZATION_LEVEL = "-O";
				VERSIONING_SYSTEM = "apple-generic";
				VERSION_INFO_PREFIX = "";
			};
			name = Release;
		};
		05B2A06C208AD39600D16E60 /* Debug */ = {
			isa = XCBuildConfiguration;
			buildSettings = {
				CLANG_ENABLE_MODULES = YES;
				CODE_SIGN_IDENTITY = "";
				CODE_SIGN_STYLE = Automatic;
				COMBINE_HIDPI_IMAGES = YES;
				DEFINES_MODULE = YES;
				DEVELOPMENT_TEAM = TR2DNF3P93;
				DYLIB_COMPATIBILITY_VERSION = 1;
				DYLIB_CURRENT_VERSION = 1;
				DYLIB_INSTALL_NAME_BASE = "@rpath";
				FRAMEWORK_VERSION = A;
				INFOPLIST_FILE = Info.plist;
				INSTALL_PATH = "$(HOME)/Library/Frameworks";
				LD_RUNPATH_SEARCH_PATHS = (
					"$(inherited)",
					"@executable_path/../Frameworks",
					"@loader_path/Frameworks",
				);
				MACOSX_DEPLOYMENT_TARGET = 10.13;
				PRODUCT_BUNDLE_IDENTIFIER = github.com.steelwheels.CoconutData;
				PRODUCT_NAME = "$(TARGET_NAME:c99extidentifier)";
				SKIP_INSTALL = NO;
				SWIFT_OPTIMIZATION_LEVEL = "-O";
				SWIFT_VERSION = 4.0;
			};
			name = Debug;
		};
		05B2A06D208AD39600D16E60 /* Release */ = {
			isa = XCBuildConfiguration;
			buildSettings = {
				CLANG_ENABLE_MODULES = YES;
				CODE_SIGN_IDENTITY = "";
				CODE_SIGN_STYLE = Automatic;
				COMBINE_HIDPI_IMAGES = YES;
				DEFINES_MODULE = YES;
				DEVELOPMENT_TEAM = TR2DNF3P93;
				DYLIB_COMPATIBILITY_VERSION = 1;
				DYLIB_CURRENT_VERSION = 1;
				DYLIB_INSTALL_NAME_BASE = "@rpath";
				FRAMEWORK_VERSION = A;
				INFOPLIST_FILE = Info.plist;
				INSTALL_PATH = "$(HOME)/Library/Frameworks";
				LD_RUNPATH_SEARCH_PATHS = (
					"$(inherited)",
					"@executable_path/../Frameworks",
					"@loader_path/Frameworks",
				);
				MACOSX_DEPLOYMENT_TARGET = 10.13;
				PRODUCT_BUNDLE_IDENTIFIER = github.com.steelwheels.CoconutData;
				PRODUCT_NAME = "$(TARGET_NAME:c99extidentifier)";
				SKIP_INSTALL = NO;
				SWIFT_OPTIMIZATION_LEVEL = "-O";
				SWIFT_VERSION = 4.0;
			};
			name = Release;
		};
		05F5DABA208AD844006EB134 /* Debug */ = {
			isa = XCBuildConfiguration;
			buildSettings = {
				CODE_SIGN_STYLE = Automatic;
				DEBUGGING_SYMBOLS = YES;
				DEBUG_INFORMATION_FORMAT = dwarf;
				DEVELOPMENT_TEAM = TR2DNF3P93;
				GCC_GENERATE_DEBUGGING_SYMBOLS = YES;
				GCC_OPTIMIZATION_LEVEL = 0;
				OTHER_CFLAGS = "";
				OTHER_LDFLAGS = "";
				PRODUCT_NAME = "$(TARGET_NAME)";
			};
			name = Debug;
		};
		05F5DABB208AD844006EB134 /* Release */ = {
			isa = XCBuildConfiguration;
			buildSettings = {
				CODE_SIGN_STYLE = Automatic;
				DEBUG_INFORMATION_FORMAT = "dwarf-with-dsym";
				DEVELOPMENT_TEAM = TR2DNF3P93;
				OTHER_CFLAGS = "";
				OTHER_LDFLAGS = "";
				PRODUCT_NAME = "$(TARGET_NAME)";
			};
			name = Release;
		};
/* End XCBuildConfiguration section */

/* Begin XCConfigurationList section */
		05B2A05D208AD39600D16E60 /* Build configuration list for PBXProject "CoconutData" */ = {
			isa = XCConfigurationList;
			buildConfigurations = (
				05B2A069208AD39600D16E60 /* Debug */,
				05B2A06A208AD39600D16E60 /* Release */,
			);
			defaultConfigurationIsVisible = 0;
			defaultConfigurationName = Release;
		};
		05B2A06B208AD39600D16E60 /* Build configuration list for PBXNativeTarget "CoconutData" */ = {
			isa = XCConfigurationList;
			buildConfigurations = (
				05B2A06C208AD39600D16E60 /* Debug */,
				05B2A06D208AD39600D16E60 /* Release */,
			);
			defaultConfigurationIsVisible = 0;
			defaultConfigurationName = Release;
		};
		05F5DAB9208AD844006EB134 /* Build configuration list for PBXLegacyTarget "Install" */ = {
			isa = XCConfigurationList;
			buildConfigurations = (
				05F5DABA208AD844006EB134 /* Debug */,
				05F5DABB208AD844006EB134 /* Release */,
			);
			defaultConfigurationIsVisible = 0;
			defaultConfigurationName = Release;
		};
/* End XCConfigurationList section */
	};
	rootObject = 05B2A05A208AD39600D16E60 /* Project object */;
}
