// !$*UTF8*$!
{
	archiveVersion = 1;
	classes = {
	};
	objectVersion = 52;
	objects = {

/* Begin PBXBuildFile section */
		05019B72213BE42300DDA180 /* CNStack.swift in Sources */ = {isa = PBXBuildFile; fileRef = 05019B71213BE42300DDA180 /* CNStack.swift */; };
		0503766D208B2EE200D2DB37 /* CNError.swift in Sources */ = {isa = PBXBuildFile; fileRef = 0503766C208B2EE200D2DB37 /* CNError.swift */; };
		0506587821AC282E000566F6 /* CNDatabase.swift in Sources */ = {isa = PBXBuildFile; fileRef = 0506587721AC282E000566F6 /* CNDatabase.swift */; };
		050822EA244BF36500E2F1BF /* CNProcessManager.swift in Sources */ = {isa = PBXBuildFile; fileRef = 050822E9244BF36500E2F1BF /* CNProcessManager.swift */; };
		0512640921C5E1E5008B01FA /* UTDatabase.swift in Sources */ = {isa = PBXBuildFile; fileRef = 0512640821C5E1E5008B01FA /* UTDatabase.swift */; };
		05137F9122FAFFFD00FC9C65 /* CNEscapeCode.swift in Sources */ = {isa = PBXBuildFile; fileRef = 05137F9022FAFFFD00FC9C65 /* CNEscapeCode.swift */; };
		05178D70232EEFFD00F35AF0 /* UTStringStream.swift in Sources */ = {isa = PBXBuildFile; fileRef = 05178D6F232EEFFD00F35AF0 /* UTStringStream.swift */; };
		051BB4B322FCF1370062F47F /* UTEscapeSequence.swift in Sources */ = {isa = PBXBuildFile; fileRef = 051BB4B222FCF1370062F47F /* UTEscapeSequence.swift */; };
		051D06A2219F0ABC00734AAA /* UTOperationQueue.swift in Sources */ = {isa = PBXBuildFile; fileRef = 051D06A1219F0ABC00734AAA /* UTOperationQueue.swift */; };
		051FA468208B3F4400AEC734 /* CNFile.swift in Sources */ = {isa = PBXBuildFile; fileRef = 051FA467208B3F4400AEC734 /* CNFile.swift */; };
		052087BF235C89990084E340 /* UTProcess.swift in Sources */ = {isa = PBXBuildFile; fileRef = 052087BD235C892D0084E340 /* UTProcess.swift */; };
		052136B3208AD5F30098F1A7 /* CNArrayStream.swift in Sources */ = {isa = PBXBuildFile; fileRef = 052136B1208AD5F30098F1A7 /* CNArrayStream.swift */; };
		052136B4208AD5F30098F1A7 /* CNStringStream.swift in Sources */ = {isa = PBXBuildFile; fileRef = 052136B2208AD5F30098F1A7 /* CNStringStream.swift */; };
		052170F121022AB1001801A6 /* UTFilePath.swift in Sources */ = {isa = PBXBuildFile; fileRef = 052170F021022AB1001801A6 /* UTFilePath.swift */; };
		05226E2823EAF73100EA9623 /* CNPreferenceTable.swift in Sources */ = {isa = PBXBuildFile; fileRef = 05226E2723EAF73100EA9623 /* CNPreferenceTable.swift */; };
		05226E2A23EB0B2A00EA9623 /* UTFontManager.swift in Sources */ = {isa = PBXBuildFile; fileRef = 05226E2923EB0B2A00EA9623 /* UTFontManager.swift */; };
		0526E5A9219877F300FB1B8E /* CNObservedValueTable.swift in Sources */ = {isa = PBXBuildFile; fileRef = 0526E5A8219877F300FB1B8E /* CNObservedValueTable.swift */; };
		052F4A58227FBFE50057730C /* UTURL.swift in Sources */ = {isa = PBXBuildFile; fileRef = 052F4A57227FBFE50057730C /* UTURL.swift */; };
		053084E0219DBDA8004DB0BF /* CNOperationQueue.swift in Sources */ = {isa = PBXBuildFile; fileRef = 053084DF219DBDA8004DB0BF /* CNOperationQueue.swift */; };
		053751C52268BACC003E6F5A /* UTPreference.swift in Sources */ = {isa = PBXBuildFile; fileRef = 053751C42268BACC003E6F5A /* UTPreference.swift */; };
		05387462244A75EF00E69042 /* CNSignalManager.swift in Sources */ = {isa = PBXBuildFile; fileRef = 05387461244A75EF00E69042 /* CNSignalManager.swift */; };
		053BC8F32090D0AC006CBB06 /* CNExitCode.swift in Sources */ = {isa = PBXBuildFile; fileRef = 053BC8F22090D0AC006CBB06 /* CNExitCode.swift */; };
		05416EAC21CAA638002E68BA /* CNNativeValueMerger.swift in Sources */ = {isa = PBXBuildFile; fileRef = 05416EAB21CAA638002E68BA /* CNNativeValueMerger.swift */; };
		05416EAE21CAAD70002E68BA /* CNNativeValueMatcher.swift in Sources */ = {isa = PBXBuildFile; fileRef = 05416EAD21CAAD70002E68BA /* CNNativeValueMatcher.swift */; };
		0543A4BE209DE1C000F5B34F /* main.swift in Sources */ = {isa = PBXBuildFile; fileRef = 0543A4BD209DE1C000F5B34F /* main.swift */; };
		0543A4C4209DE1DD00F5B34F /* CoconutData.framework in Frameworks */ = {isa = PBXBuildFile; fileRef = 05B2A063208AD39600D16E60 /* CoconutData.framework */; };
		05471B0E21CBECDE00F66B8F /* CNNativeValueCoder.swift in Sources */ = {isa = PBXBuildFile; fileRef = 05471B0D21CBECDE00F66B8F /* CNNativeValueCoder.swift */; };
		05471B1021CBF2A200F66B8F /* UTResource.swift in Sources */ = {isa = PBXBuildFile; fileRef = 05471B0F21CBF2A200F66B8F /* UTResource.swift */; };
		054D735D21B039C700950D9D /* CNNativeValue.swift in Sources */ = {isa = PBXBuildFile; fileRef = 054D735C21B039C700950D9D /* CNNativeValue.swift */; };
		05549D9C22581B1C004E2444 /* CNType.swift in Sources */ = {isa = PBXBuildFile; fileRef = 05549D9B22581B1C004E2444 /* CNType.swift */; };
		055551CC22D38AA3009E3464 /* CNGraphicsFunction.swift in Sources */ = {isa = PBXBuildFile; fileRef = 055551CB22D38AA3009E3464 /* CNGraphicsFunction.swift */; };
		055B2C18236C6FDE009C94EF /* UTStringUtil.swift in Sources */ = {isa = PBXBuildFile; fileRef = 055B2C17236C6FDE009C94EF /* UTStringUtil.swift */; };
		055BD3A02199C48400BF7373 /* UTObserver.swift in Sources */ = {isa = PBXBuildFile; fileRef = 055BD39F2199C48400BF7373 /* UTObserver.swift */; };
		055BD3A22199C6D600BF7373 /* CNOperationExecutor.swift in Sources */ = {isa = PBXBuildFile; fileRef = 055BD3A12199C6D600BF7373 /* CNOperationExecutor.swift */; };
		055BD3A42199D7F700BF7373 /* UTOperation.swift in Sources */ = {isa = PBXBuildFile; fileRef = 055BD3A32199D7F700BF7373 /* UTOperation.swift */; };
		056058AE21CA8E4B00E593E2 /* CNNativeValueVisitor.swift in Sources */ = {isa = PBXBuildFile; fileRef = 056058AD21CA8E4B00E593E2 /* CNNativeValueVisitor.swift */; };
		0565A9D7208B7AE400E91568 /* CNJSONFile.swift in Sources */ = {isa = PBXBuildFile; fileRef = 0565A9D1208B7AE400E91568 /* CNJSONFile.swift */; };
		0565A9EF208B7BB100E91568 /* CNFileManager.swift in Sources */ = {isa = PBXBuildFile; fileRef = 0565A9EC208B7BB100E91568 /* CNFileManager.swift */; };
		0565A9F0208B7BB100E91568 /* CNFilePath.swift in Sources */ = {isa = PBXBuildFile; fileRef = 0565A9ED208B7BB100E91568 /* CNFilePath.swift */; };
		0565A9F1208B7BB100E91568 /* CNFileURL.swift in Sources */ = {isa = PBXBuildFile; fileRef = 0565A9EE208B7BB100E91568 /* CNFileURL.swift */; };
		0565A9F7208B820900E91568 /* CNAuthorize.swift in Sources */ = {isa = PBXBuildFile; fileRef = 0565A9F6208B820900E91568 /* CNAuthorize.swift */; };
		0567B19D21D50DB4000C74B8 /* CNResource.swift in Sources */ = {isa = PBXBuildFile; fileRef = 0567B19C21D50DB4000C74B8 /* CNResource.swift */; };
		056A4516232327B000C7DCBF /* CNFileHandle.swift in Sources */ = {isa = PBXBuildFile; fileRef = 056A4515232327B000C7DCBF /* CNFileHandle.swift */; };
		056EA8B7208AFD6300D1DFFE /* CNConsole.swift in Sources */ = {isa = PBXBuildFile; fileRef = 056EA8B6208AFD6300D1DFFE /* CNConsole.swift */; };
		0578DA2C2090C1C400ED852C /* CNPropertyList.swift in Sources */ = {isa = PBXBuildFile; fileRef = 0578DA2B2090C1C400ED852C /* CNPropertyList.swift */; };
		057C7EF720A1ED950085662E /* UTConsole.swift in Sources */ = {isa = PBXBuildFile; fileRef = 057C7EF620A1ED950085662E /* UTConsole.swift */; };
		057D2CDF208B426100E02E71 /* CNColor.swift in Sources */ = {isa = PBXBuildFile; fileRef = 057D2CDE208B426000E02E71 /* CNColor.swift */; };
		057DE780237AE84E00BCCB64 /* CNKeyBinding.swift in Sources */ = {isa = PBXBuildFile; fileRef = 057DE77F237AE84E00BCCB64 /* CNKeyBinding.swift */; };
		057FF40B209DE871006EEF7B /* UTValue.swift in Sources */ = {isa = PBXBuildFile; fileRef = 057FF40A209DE871006EEF7B /* UTValue.swift */; };
		0583FA272302FE7600100DAB /* CNKeyCode.swift in Sources */ = {isa = PBXBuildFile; fileRef = 0583FA262302FE7600100DAB /* CNKeyCode.swift */; };
		058740F9208AFF2C00FF2B65 /* CNThread.swift in Sources */ = {isa = PBXBuildFile; fileRef = 058740F8208AFF2C00FF2B65 /* CNThread.swift */; };
		0587F31A22E3F62400F28B50 /* CNGraphicsMapper.swift in Sources */ = {isa = PBXBuildFile; fileRef = 0587F31922E3F62400F28B50 /* CNGraphicsMapper.swift */; };
		0587F31E22E3FF0300F28B50 /* UTGraphics.swift in Sources */ = {isa = PBXBuildFile; fileRef = 0587F31D22E3FF0300F28B50 /* UTGraphics.swift */; };
		0589516A23ADD3920093A3BA /* CNTextStorage.swift in Sources */ = {isa = PBXBuildFile; fileRef = 0589516923ADD3920093A3BA /* CNTextStorage.swift */; };
		0589516C23AE5A7E0093A3BA /* UTTextStorage.swift in Sources */ = {isa = PBXBuildFile; fileRef = 0589516B23AE5A7E0093A3BA /* UTTextStorage.swift */; };
		05899935208B0013002FEAEA /* CNMath.swift in Sources */ = {isa = PBXBuildFile; fileRef = 05899934208B0013002FEAEA /* CNMath.swift */; };
		0589993C208B013A002FEAEA /* CNState.swift in Sources */ = {isa = PBXBuildFile; fileRef = 0589993B208B013A002FEAEA /* CNState.swift */; };
		058BA7EB22AA9E8C007CD9C4 /* CNOperationContext.swift in Sources */ = {isa = PBXBuildFile; fileRef = 058BA7EA22AA9E8C007CD9C4 /* CNOperationContext.swift */; };
		058DF0B2218A1223003A33F9 /* CNGraphicsType.swift in Sources */ = {isa = PBXBuildFile; fileRef = 058DF0B1218A1223003A33F9 /* CNGraphicsType.swift */; };
		0599583B208AEE0B00DE2DC9 /* CNCharacter.swift in Sources */ = {isa = PBXBuildFile; fileRef = 0599583A208AEE0B00DE2DC9 /* CNCharacter.swift */; };
		05995843208AEEFB00DE2DC9 /* CNValue.swift in Sources */ = {isa = PBXBuildFile; fileRef = 05995842208AEEFB00DE2DC9 /* CNValue.swift */; };
		05995845208AEFD900DE2DC9 /* CNValueUtil.swift in Sources */ = {isa = PBXBuildFile; fileRef = 05995844208AEFD800DE2DC9 /* CNValueUtil.swift */; };
		0599584B208AF07700DE2DC9 /* CNToken.swift in Sources */ = {isa = PBXBuildFile; fileRef = 05995849208AF07700DE2DC9 /* CNToken.swift */; };
		0599584C208AF07700DE2DC9 /* CNTokenStream.swift in Sources */ = {isa = PBXBuildFile; fileRef = 0599584A208AF07700DE2DC9 /* CNTokenStream.swift */; };
		05995855208AF10300DE2DC9 /* CNParser.swift in Sources */ = {isa = PBXBuildFile; fileRef = 05995854208AF10300DE2DC9 /* CNParser.swift */; };
		059A4D5723D3E36A008BFB6D /* CNFont.swift in Sources */ = {isa = PBXBuildFile; fileRef = 059A4D5623D3E36A008BFB6D /* CNFont.swift */; };
		05A6C17524362B8500666217 /* CNEnvironment.swift in Sources */ = {isa = PBXBuildFile; fileRef = 05A6C17424362B8500666217 /* CNEnvironment.swift */; };
		05A709FC241495FA00B9356A /* CNDocumentTypeManager.swift in Sources */ = {isa = PBXBuildFile; fileRef = 05A709FB241495FA00B9356A /* CNDocumentTypeManager.swift */; };
		05A9C8F222F477BB000F1990 /* CNNativeStruct.swift in Sources */ = {isa = PBXBuildFile; fileRef = 05A9C8F122F477BB000F1990 /* CNNativeStruct.swift */; };
		05ABDC9224169B12009A8347 /* CNUserDefaults.swift in Sources */ = {isa = PBXBuildFile; fileRef = 05ABDC9124169B12009A8347 /* CNUserDefaults.swift */; };
		05B2A068208AD39600D16E60 /* CoconutData.h in Headers */ = {isa = PBXBuildFile; fileRef = 05B2A066208AD39600D16E60 /* CoconutData.h */; settings = {ATTRIBUTES = (Public, ); }; };
		05B50DED239A861D00CFA0B9 /* CNAttributedString.swift in Sources */ = {isa = PBXBuildFile; fileRef = 05B50DEC239A861D00CFA0B9 /* CNAttributedString.swift */; };
		05B50DEF239A8C8C00CFA0B9 /* UTAttributedString.swift in Sources */ = {isa = PBXBuildFile; fileRef = 05B50DEE239A8C8C00CFA0B9 /* UTAttributedString.swift */; };
		05B5BBD7209DDF8200E0981B /* CoconutData.framework in CopyFiles */ = {isa = PBXBuildFile; fileRef = 05C52E8F20993DE600DD56B4 /* CoconutData.framework */; settings = {ATTRIBUTES = (CodeSignOnCopy, RemoveHeadersOnCopy, ); }; };
		05BA444423B9D67D0012C845 /* CNCommandHistory.swift in Sources */ = {isa = PBXBuildFile; fileRef = 05BA444323B9D67D0012C845 /* CNCommandHistory.swift */; };
		05C6A20622676796003922C9 /* CNPreference.swift in Sources */ = {isa = PBXBuildFile; fileRef = 05C6A20522676796003922C9 /* CNPreference.swift */; };
		05C8AC8C2439A81900196828 /* UTFileManager.swift in Sources */ = {isa = PBXBuildFile; fileRef = 05C8AC8B2439A81900196828 /* UTFileManager.swift */; };
		05CB79BE236F040800301547 /* CNQueue.swift in Sources */ = {isa = PBXBuildFile; fileRef = 05CB79BD236F040800301547 /* CNQueue.swift */; };
		05CB79C0236F120600301547 /* UTQueue.swift in Sources */ = {isa = PBXBuildFile; fileRef = 05CB79BF236F120600301547 /* UTQueue.swift */; };
		05DF713121CBD24600B6FD4F /* CNNativeValueSelector.swift in Sources */ = {isa = PBXBuildFile; fileRef = 05DF713021CBD24600B6FD4F /* CNNativeValueSelector.swift */; };
		05DF7D992090D4B1003B5110 /* CNStringUtil.swift in Sources */ = {isa = PBXBuildFile; fileRef = 05DF7D982090D4B1003B5110 /* CNStringUtil.swift */; };
		05E81091208B33F800230477 /* CNAccess.swift in Sources */ = {isa = PBXBuildFile; fileRef = 05E81090208B33F800230477 /* CNAccess.swift */; };
		05E8680A23F0DF5000DC45F2 /* CNFontManager.swift in Sources */ = {isa = PBXBuildFile; fileRef = 05E8680923F0DF5000DC45F2 /* CNFontManager.swift */; };
		05ED11F62424B8F0000FCABE /* UTColor.swift in Sources */ = {isa = PBXBuildFile; fileRef = 05ED11F52424B8F0000FCABE /* UTColor.swift */; };
		05ED45DC23214D9700ED2852 /* CNProcess.swift in Sources */ = {isa = PBXBuildFile; fileRef = 05ED45DB23214D9700ED2852 /* CNProcess.swift */; };
		05EEADB0235DEF29008B49A4 /* UTThread.swift in Sources */ = {isa = PBXBuildFile; fileRef = 05EEADAF235DEF29008B49A4 /* UTThread.swift */; };
		05F2DAE724277C89002F3864 /* UTFile.swift in Sources */ = {isa = PBXBuildFile; fileRef = 05F2DAE624277C89002F3864 /* UTFile.swift */; };
		05F5EA71208F793400CF98C3 /* CNText.swift in Sources */ = {isa = PBXBuildFile; fileRef = 05F5EA70208F793400CF98C3 /* CNText.swift */; };
		05F5EA73208F794000CF98C3 /* CNReservedWord.swift in Sources */ = {isa = PBXBuildFile; fileRef = 05F5EA72208F794000CF98C3 /* CNReservedWord.swift */; };
		05F7DACD23730E1100E363E9 /* UTCharacter.swift in Sources */ = {isa = PBXBuildFile; fileRef = 05F7DACC23730E1100E363E9 /* UTCharacter.swift */; };
		05FC09B0237C29BA00667AC4 /* UTKeyBinding.swift in Sources */ = {isa = PBXBuildFile; fileRef = 05FC09AF237C29BA00667AC4 /* UTKeyBinding.swift */; };
		05FD029123A52F5000744D8C /* UTFileHandle.swift in Sources */ = {isa = PBXBuildFile; fileRef = 05FD029023A52F5000744D8C /* UTFileHandle.swift */; };
/* End PBXBuildFile section */

/* Begin PBXContainerItemProxy section */
		052633A52287A08500944E3F /* PBXContainerItemProxy */ = {
			isa = PBXContainerItemProxy;
			containerPortal = 05B2A05A208AD39600D16E60 /* Project object */;
			proxyType = 1;
			remoteGlobalIDString = 05B5BBCD209DDF4500E0981B;
			remoteInfo = UnitTestBundle;
		};
		0567B1A221D517D0000C74B8 /* PBXContainerItemProxy */ = {
			isa = PBXContainerItemProxy;
			containerPortal = 05B2A05A208AD39600D16E60 /* Project object */;
			proxyType = 1;
			remoteGlobalIDString = 0543A4BA209DE1C000F5B34F;
			remoteInfo = UnitTest;
		};
		05B5BBD4209DDF5300E0981B /* PBXContainerItemProxy */ = {
			isa = PBXContainerItemProxy;
			containerPortal = 05B2A05A208AD39600D16E60 /* Project object */;
			proxyType = 1;
			remoteGlobalIDString = 05F5DAB8208AD844006EB134;
			remoteInfo = Install;
		};
		05F5DAC2208AD8A4006EB134 /* PBXContainerItemProxy */ = {
			isa = PBXContainerItemProxy;
			containerPortal = 05B2A05A208AD39600D16E60 /* Project object */;
			proxyType = 1;
			remoteGlobalIDString = 05B2A062208AD39600D16E60;
			remoteInfo = CoconutData;
		};
/* End PBXContainerItemProxy section */

/* Begin PBXCopyFilesBuildPhase section */
		05B5BBD6209DDF6C00E0981B /* CopyFiles */ = {
			isa = PBXCopyFilesBuildPhase;
			buildActionMask = 2147483647;
			dstPath = "";
			dstSubfolderSpec = 10;
			files = (
				05B5BBD7209DDF8200E0981B /* CoconutData.framework in CopyFiles */,
			);
			runOnlyForDeploymentPostprocessing = 0;
		};
/* End PBXCopyFilesBuildPhase section */

/* Begin PBXFileReference section */
		05019B71213BE42300DDA180 /* CNStack.swift */ = {isa = PBXFileReference; lastKnownFileType = sourcecode.swift; path = CNStack.swift; sourceTree = "<group>"; };
		0503766C208B2EE200D2DB37 /* CNError.swift */ = {isa = PBXFileReference; fileEncoding = 4; lastKnownFileType = sourcecode.swift; path = CNError.swift; sourceTree = "<group>"; };
		0506587721AC282E000566F6 /* CNDatabase.swift */ = {isa = PBXFileReference; lastKnownFileType = sourcecode.swift; path = CNDatabase.swift; sourceTree = "<group>"; };
		050822E9244BF36500E2F1BF /* CNProcessManager.swift */ = {isa = PBXFileReference; lastKnownFileType = sourcecode.swift; path = CNProcessManager.swift; sourceTree = "<group>"; };
		0512640821C5E1E5008B01FA /* UTDatabase.swift */ = {isa = PBXFileReference; lastKnownFileType = sourcecode.swift; path = UTDatabase.swift; sourceTree = "<group>"; };
		05137F9022FAFFFD00FC9C65 /* CNEscapeCode.swift */ = {isa = PBXFileReference; lastKnownFileType = sourcecode.swift; path = CNEscapeCode.swift; sourceTree = "<group>"; };
		05178D6F232EEFFD00F35AF0 /* UTStringStream.swift */ = {isa = PBXFileReference; lastKnownFileType = sourcecode.swift; path = UTStringStream.swift; sourceTree = "<group>"; };
		051BB4B222FCF1370062F47F /* UTEscapeSequence.swift */ = {isa = PBXFileReference; lastKnownFileType = sourcecode.swift; path = UTEscapeSequence.swift; sourceTree = "<group>"; };
		051D06A1219F0ABC00734AAA /* UTOperationQueue.swift */ = {isa = PBXFileReference; lastKnownFileType = sourcecode.swift; path = UTOperationQueue.swift; sourceTree = "<group>"; };
		051FA467208B3F4400AEC734 /* CNFile.swift */ = {isa = PBXFileReference; fileEncoding = 4; lastKnownFileType = sourcecode.swift; path = CNFile.swift; sourceTree = "<group>"; };
		052087BD235C892D0084E340 /* UTProcess.swift */ = {isa = PBXFileReference; fileEncoding = 4; lastKnownFileType = sourcecode.swift; path = UTProcess.swift; sourceTree = "<group>"; };
		052136B1208AD5F30098F1A7 /* CNArrayStream.swift */ = {isa = PBXFileReference; fileEncoding = 4; lastKnownFileType = sourcecode.swift; path = CNArrayStream.swift; sourceTree = "<group>"; };
		052136B2208AD5F30098F1A7 /* CNStringStream.swift */ = {isa = PBXFileReference; fileEncoding = 4; lastKnownFileType = sourcecode.swift; path = CNStringStream.swift; sourceTree = "<group>"; };
		052170F021022AB1001801A6 /* UTFilePath.swift */ = {isa = PBXFileReference; lastKnownFileType = sourcecode.swift; path = UTFilePath.swift; sourceTree = "<group>"; };
		05226E2723EAF73100EA9623 /* CNPreferenceTable.swift */ = {isa = PBXFileReference; lastKnownFileType = sourcecode.swift; path = CNPreferenceTable.swift; sourceTree = "<group>"; };
		05226E2923EB0B2A00EA9623 /* UTFontManager.swift */ = {isa = PBXFileReference; lastKnownFileType = sourcecode.swift; path = UTFontManager.swift; sourceTree = "<group>"; };
		0526E5A8219877F300FB1B8E /* CNObservedValueTable.swift */ = {isa = PBXFileReference; lastKnownFileType = sourcecode.swift; path = CNObservedValueTable.swift; sourceTree = "<group>"; };
		052F4A57227FBFE50057730C /* UTURL.swift */ = {isa = PBXFileReference; lastKnownFileType = sourcecode.swift; path = UTURL.swift; sourceTree = "<group>"; };
		053084DF219DBDA8004DB0BF /* CNOperationQueue.swift */ = {isa = PBXFileReference; lastKnownFileType = sourcecode.swift; path = CNOperationQueue.swift; sourceTree = "<group>"; };
		053751C42268BACC003E6F5A /* UTPreference.swift */ = {isa = PBXFileReference; lastKnownFileType = sourcecode.swift; path = UTPreference.swift; sourceTree = "<group>"; };
		05387461244A75EF00E69042 /* CNSignalManager.swift */ = {isa = PBXFileReference; lastKnownFileType = sourcecode.swift; path = CNSignalManager.swift; sourceTree = "<group>"; };
		053BC8F22090D0AC006CBB06 /* CNExitCode.swift */ = {isa = PBXFileReference; fileEncoding = 4; lastKnownFileType = sourcecode.swift; path = CNExitCode.swift; sourceTree = "<group>"; };
		05416EAB21CAA638002E68BA /* CNNativeValueMerger.swift */ = {isa = PBXFileReference; lastKnownFileType = sourcecode.swift; path = CNNativeValueMerger.swift; sourceTree = "<group>"; };
		05416EAD21CAAD70002E68BA /* CNNativeValueMatcher.swift */ = {isa = PBXFileReference; lastKnownFileType = sourcecode.swift; path = CNNativeValueMatcher.swift; sourceTree = "<group>"; };
		0543A4BB209DE1C000F5B34F /* UnitTest */ = {isa = PBXFileReference; explicitFileType = "compiled.mach-o.executable"; includeInIndex = 0; path = UnitTest; sourceTree = BUILT_PRODUCTS_DIR; };
		0543A4BD209DE1C000F5B34F /* main.swift */ = {isa = PBXFileReference; lastKnownFileType = sourcecode.swift; path = main.swift; sourceTree = "<group>"; };
		05471B0D21CBECDE00F66B8F /* CNNativeValueCoder.swift */ = {isa = PBXFileReference; lastKnownFileType = sourcecode.swift; path = CNNativeValueCoder.swift; sourceTree = "<group>"; };
		05471B0F21CBF2A200F66B8F /* UTResource.swift */ = {isa = PBXFileReference; lastKnownFileType = sourcecode.swift; path = UTResource.swift; sourceTree = "<group>"; };
		054D735C21B039C700950D9D /* CNNativeValue.swift */ = {isa = PBXFileReference; lastKnownFileType = sourcecode.swift; path = CNNativeValue.swift; sourceTree = "<group>"; };
		05549D9B22581B1C004E2444 /* CNType.swift */ = {isa = PBXFileReference; lastKnownFileType = sourcecode.swift; path = CNType.swift; sourceTree = "<group>"; };
		055551CB22D38AA3009E3464 /* CNGraphicsFunction.swift */ = {isa = PBXFileReference; lastKnownFileType = sourcecode.swift; path = CNGraphicsFunction.swift; sourceTree = "<group>"; };
		055B2C17236C6FDE009C94EF /* UTStringUtil.swift */ = {isa = PBXFileReference; lastKnownFileType = sourcecode.swift; path = UTStringUtil.swift; sourceTree = "<group>"; };
		055BD39F2199C48400BF7373 /* UTObserver.swift */ = {isa = PBXFileReference; lastKnownFileType = sourcecode.swift; path = UTObserver.swift; sourceTree = "<group>"; };
		055BD3A12199C6D600BF7373 /* CNOperationExecutor.swift */ = {isa = PBXFileReference; lastKnownFileType = sourcecode.swift; path = CNOperationExecutor.swift; sourceTree = "<group>"; };
		055BD3A32199D7F700BF7373 /* UTOperation.swift */ = {isa = PBXFileReference; lastKnownFileType = sourcecode.swift; path = UTOperation.swift; sourceTree = "<group>"; };
		056058AD21CA8E4B00E593E2 /* CNNativeValueVisitor.swift */ = {isa = PBXFileReference; lastKnownFileType = sourcecode.swift; path = CNNativeValueVisitor.swift; sourceTree = "<group>"; };
		0565A9D1208B7AE400E91568 /* CNJSONFile.swift */ = {isa = PBXFileReference; fileEncoding = 4; lastKnownFileType = sourcecode.swift; path = CNJSONFile.swift; sourceTree = "<group>"; };
		0565A9EC208B7BB100E91568 /* CNFileManager.swift */ = {isa = PBXFileReference; fileEncoding = 4; lastKnownFileType = sourcecode.swift; path = CNFileManager.swift; sourceTree = "<group>"; };
		0565A9ED208B7BB100E91568 /* CNFilePath.swift */ = {isa = PBXFileReference; fileEncoding = 4; lastKnownFileType = sourcecode.swift; path = CNFilePath.swift; sourceTree = "<group>"; };
		0565A9EE208B7BB100E91568 /* CNFileURL.swift */ = {isa = PBXFileReference; fileEncoding = 4; lastKnownFileType = sourcecode.swift; path = CNFileURL.swift; sourceTree = "<group>"; };
		0565A9F6208B820900E91568 /* CNAuthorize.swift */ = {isa = PBXFileReference; fileEncoding = 4; lastKnownFileType = sourcecode.swift; path = CNAuthorize.swift; sourceTree = "<group>"; };
		0567B19C21D50DB4000C74B8 /* CNResource.swift */ = {isa = PBXFileReference; lastKnownFileType = sourcecode.swift; path = CNResource.swift; sourceTree = "<group>"; };
		056A4515232327B000C7DCBF /* CNFileHandle.swift */ = {isa = PBXFileReference; lastKnownFileType = sourcecode.swift; path = CNFileHandle.swift; sourceTree = "<group>"; };
		056EA8B6208AFD6300D1DFFE /* CNConsole.swift */ = {isa = PBXFileReference; fileEncoding = 4; lastKnownFileType = sourcecode.swift; path = CNConsole.swift; sourceTree = "<group>"; };
		0578DA2B2090C1C400ED852C /* CNPropertyList.swift */ = {isa = PBXFileReference; fileEncoding = 4; lastKnownFileType = sourcecode.swift; path = CNPropertyList.swift; sourceTree = "<group>"; };
		057C7EF620A1ED950085662E /* UTConsole.swift */ = {isa = PBXFileReference; lastKnownFileType = sourcecode.swift; path = UTConsole.swift; sourceTree = "<group>"; };
		057D2CDE208B426000E02E71 /* CNColor.swift */ = {isa = PBXFileReference; fileEncoding = 4; lastKnownFileType = sourcecode.swift; path = CNColor.swift; sourceTree = "<group>"; };
		057DE77F237AE84E00BCCB64 /* CNKeyBinding.swift */ = {isa = PBXFileReference; lastKnownFileType = sourcecode.swift; path = CNKeyBinding.swift; sourceTree = "<group>"; };
		057FF40A209DE871006EEF7B /* UTValue.swift */ = {isa = PBXFileReference; lastKnownFileType = sourcecode.swift; path = UTValue.swift; sourceTree = "<group>"; };
		0583FA262302FE7600100DAB /* CNKeyCode.swift */ = {isa = PBXFileReference; lastKnownFileType = sourcecode.swift; path = CNKeyCode.swift; sourceTree = "<group>"; };
		058740F8208AFF2C00FF2B65 /* CNThread.swift */ = {isa = PBXFileReference; fileEncoding = 4; lastKnownFileType = sourcecode.swift; path = CNThread.swift; sourceTree = "<group>"; };
		0587F31922E3F62400F28B50 /* CNGraphicsMapper.swift */ = {isa = PBXFileReference; lastKnownFileType = sourcecode.swift; path = CNGraphicsMapper.swift; sourceTree = "<group>"; };
		0587F31D22E3FF0300F28B50 /* UTGraphics.swift */ = {isa = PBXFileReference; lastKnownFileType = sourcecode.swift; path = UTGraphics.swift; sourceTree = "<group>"; };
		0589516923ADD3920093A3BA /* CNTextStorage.swift */ = {isa = PBXFileReference; lastKnownFileType = sourcecode.swift; path = CNTextStorage.swift; sourceTree = "<group>"; };
		0589516B23AE5A7E0093A3BA /* UTTextStorage.swift */ = {isa = PBXFileReference; lastKnownFileType = sourcecode.swift; path = UTTextStorage.swift; sourceTree = "<group>"; };
		05899934208B0013002FEAEA /* CNMath.swift */ = {isa = PBXFileReference; fileEncoding = 4; lastKnownFileType = sourcecode.swift; path = CNMath.swift; sourceTree = "<group>"; };
		0589993B208B013A002FEAEA /* CNState.swift */ = {isa = PBXFileReference; fileEncoding = 4; lastKnownFileType = sourcecode.swift; path = CNState.swift; sourceTree = "<group>"; };
		058BA7EA22AA9E8C007CD9C4 /* CNOperationContext.swift */ = {isa = PBXFileReference; lastKnownFileType = sourcecode.swift; path = CNOperationContext.swift; sourceTree = "<group>"; };
		058DF0B1218A1223003A33F9 /* CNGraphicsType.swift */ = {isa = PBXFileReference; lastKnownFileType = sourcecode.swift; path = CNGraphicsType.swift; sourceTree = "<group>"; };
		0599583A208AEE0B00DE2DC9 /* CNCharacter.swift */ = {isa = PBXFileReference; fileEncoding = 4; lastKnownFileType = sourcecode.swift; path = CNCharacter.swift; sourceTree = "<group>"; };
		05995842208AEEFB00DE2DC9 /* CNValue.swift */ = {isa = PBXFileReference; fileEncoding = 4; lastKnownFileType = sourcecode.swift; path = CNValue.swift; sourceTree = "<group>"; };
		05995844208AEFD800DE2DC9 /* CNValueUtil.swift */ = {isa = PBXFileReference; fileEncoding = 4; lastKnownFileType = sourcecode.swift; path = CNValueUtil.swift; sourceTree = "<group>"; };
		05995849208AF07700DE2DC9 /* CNToken.swift */ = {isa = PBXFileReference; fileEncoding = 4; lastKnownFileType = sourcecode.swift; path = CNToken.swift; sourceTree = "<group>"; };
		0599584A208AF07700DE2DC9 /* CNTokenStream.swift */ = {isa = PBXFileReference; fileEncoding = 4; lastKnownFileType = sourcecode.swift; path = CNTokenStream.swift; sourceTree = "<group>"; };
		05995854208AF10300DE2DC9 /* CNParser.swift */ = {isa = PBXFileReference; fileEncoding = 4; lastKnownFileType = sourcecode.swift; path = CNParser.swift; sourceTree = "<group>"; };
		059A4D5623D3E36A008BFB6D /* CNFont.swift */ = {isa = PBXFileReference; lastKnownFileType = sourcecode.swift; path = CNFont.swift; sourceTree = "<group>"; };
		05A6C17424362B8500666217 /* CNEnvironment.swift */ = {isa = PBXFileReference; lastKnownFileType = sourcecode.swift; path = CNEnvironment.swift; sourceTree = "<group>"; };
		05A709FB241495FA00B9356A /* CNDocumentTypeManager.swift */ = {isa = PBXFileReference; lastKnownFileType = sourcecode.swift; path = CNDocumentTypeManager.swift; sourceTree = "<group>"; };
		05A9C8F122F477BB000F1990 /* CNNativeStruct.swift */ = {isa = PBXFileReference; lastKnownFileType = sourcecode.swift; path = CNNativeStruct.swift; sourceTree = "<group>"; };
		05ABDC9124169B12009A8347 /* CNUserDefaults.swift */ = {isa = PBXFileReference; lastKnownFileType = sourcecode.swift; path = CNUserDefaults.swift; sourceTree = "<group>"; };
		05B2A063208AD39600D16E60 /* CoconutData.framework */ = {isa = PBXFileReference; explicitFileType = wrapper.framework; includeInIndex = 0; path = CoconutData.framework; sourceTree = BUILT_PRODUCTS_DIR; };
		05B2A066208AD39600D16E60 /* CoconutData.h */ = {isa = PBXFileReference; lastKnownFileType = sourcecode.c.h; path = CoconutData.h; sourceTree = "<group>"; };
		05B2A067208AD39600D16E60 /* Info.plist */ = {isa = PBXFileReference; lastKnownFileType = text.plist.xml; path = Info.plist; sourceTree = "<group>"; };
		05B50DEC239A861D00CFA0B9 /* CNAttributedString.swift */ = {isa = PBXFileReference; lastKnownFileType = sourcecode.swift; path = CNAttributedString.swift; sourceTree = "<group>"; };
		05B50DEE239A8C8C00CFA0B9 /* UTAttributedString.swift */ = {isa = PBXFileReference; lastKnownFileType = sourcecode.swift; path = UTAttributedString.swift; sourceTree = "<group>"; };
		05B5BBCE209DDF4500E0981B /* UnitTest.bundle */ = {isa = PBXFileReference; explicitFileType = wrapper.cfbundle; includeInIndex = 0; path = UnitTest.bundle; sourceTree = BUILT_PRODUCTS_DIR; };
		05B5BBD0209DDF4500E0981B /* Info.plist */ = {isa = PBXFileReference; lastKnownFileType = text.plist.xml; path = Info.plist; sourceTree = "<group>"; };
		05BA444323B9D67D0012C845 /* CNCommandHistory.swift */ = {isa = PBXFileReference; lastKnownFileType = sourcecode.swift; path = CNCommandHistory.swift; sourceTree = "<group>"; };
		05C52E8F20993DE600DD56B4 /* CoconutData.framework */ = {isa = PBXFileReference; lastKnownFileType = wrapper.framework; name = CoconutData.framework; path = ../../../../Library/Frameworks/CoconutData.framework; sourceTree = "<group>"; };
		05C6A20522676796003922C9 /* CNPreference.swift */ = {isa = PBXFileReference; lastKnownFileType = sourcecode.swift; path = CNPreference.swift; sourceTree = "<group>"; wrapsLines = 0; };
		05C8AC8B2439A81900196828 /* UTFileManager.swift */ = {isa = PBXFileReference; lastKnownFileType = sourcecode.swift; path = UTFileManager.swift; sourceTree = "<group>"; };
		05CB79BD236F040800301547 /* CNQueue.swift */ = {isa = PBXFileReference; lastKnownFileType = sourcecode.swift; path = CNQueue.swift; sourceTree = "<group>"; };
		05CB79BF236F120600301547 /* UTQueue.swift */ = {isa = PBXFileReference; lastKnownFileType = sourcecode.swift; path = UTQueue.swift; sourceTree = "<group>"; };
		05DF713021CBD24600B6FD4F /* CNNativeValueSelector.swift */ = {isa = PBXFileReference; lastKnownFileType = sourcecode.swift; path = CNNativeValueSelector.swift; sourceTree = "<group>"; };
		05DF7D982090D4B1003B5110 /* CNStringUtil.swift */ = {isa = PBXFileReference; fileEncoding = 4; lastKnownFileType = sourcecode.swift; path = CNStringUtil.swift; sourceTree = "<group>"; };
		05E81090208B33F800230477 /* CNAccess.swift */ = {isa = PBXFileReference; fileEncoding = 4; lastKnownFileType = sourcecode.swift; path = CNAccess.swift; sourceTree = "<group>"; };
		05E8680923F0DF5000DC45F2 /* CNFontManager.swift */ = {isa = PBXFileReference; lastKnownFileType = sourcecode.swift; path = CNFontManager.swift; sourceTree = "<group>"; };
		05ED11F52424B8F0000FCABE /* UTColor.swift */ = {isa = PBXFileReference; lastKnownFileType = sourcecode.swift; path = UTColor.swift; sourceTree = "<group>"; };
		05ED45DB23214D9700ED2852 /* CNProcess.swift */ = {isa = PBXFileReference; lastKnownFileType = sourcecode.swift; path = CNProcess.swift; sourceTree = "<group>"; };
		05EEADAF235DEF29008B49A4 /* UTThread.swift */ = {isa = PBXFileReference; lastKnownFileType = sourcecode.swift; path = UTThread.swift; sourceTree = "<group>"; };
		05F2DAE624277C89002F3864 /* UTFile.swift */ = {isa = PBXFileReference; lastKnownFileType = sourcecode.swift; path = UTFile.swift; sourceTree = "<group>"; };
		05F5EA70208F793400CF98C3 /* CNText.swift */ = {isa = PBXFileReference; fileEncoding = 4; lastKnownFileType = sourcecode.swift; path = CNText.swift; sourceTree = "<group>"; };
		05F5EA72208F794000CF98C3 /* CNReservedWord.swift */ = {isa = PBXFileReference; fileEncoding = 4; lastKnownFileType = sourcecode.swift; path = CNReservedWord.swift; sourceTree = "<group>"; };
		05F7DACC23730E1100E363E9 /* UTCharacter.swift */ = {isa = PBXFileReference; lastKnownFileType = sourcecode.swift; path = UTCharacter.swift; sourceTree = "<group>"; };
		05FC09AF237C29BA00667AC4 /* UTKeyBinding.swift */ = {isa = PBXFileReference; lastKnownFileType = sourcecode.swift; path = UTKeyBinding.swift; sourceTree = "<group>"; };
		05FD029023A52F5000744D8C /* UTFileHandle.swift */ = {isa = PBXFileReference; lastKnownFileType = sourcecode.swift; path = UTFileHandle.swift; sourceTree = "<group>"; };
/* End PBXFileReference section */

/* Begin PBXFrameworksBuildPhase section */
		0543A4B8209DE1C000F5B34F /* Frameworks */ = {
			isa = PBXFrameworksBuildPhase;
			buildActionMask = 2147483647;
			files = (
				0543A4C4209DE1DD00F5B34F /* CoconutData.framework in Frameworks */,
			);
			runOnlyForDeploymentPostprocessing = 0;
		};
		05B2A05F208AD39600D16E60 /* Frameworks */ = {
			isa = PBXFrameworksBuildPhase;
			buildActionMask = 2147483647;
			files = (
			);
			runOnlyForDeploymentPostprocessing = 0;
		};
		05B5BBCB209DDF4500E0981B /* Frameworks */ = {
			isa = PBXFrameworksBuildPhase;
			buildActionMask = 2147483647;
			files = (
			);
			runOnlyForDeploymentPostprocessing = 0;
		};
/* End PBXFrameworksBuildPhase section */

/* Begin PBXGroup section */
		0503766B208B2ECF00D2DB37 /* Error */ = {
			isa = PBXGroup;
			children = (
				053BC8F22090D0AC006CBB06 /* CNExitCode.swift */,
				0503766C208B2EE200D2DB37 /* CNError.swift */,
			);
			path = Error;
			sourceTree = "<group>";
		};
		052136B0208AD5E00098F1A7 /* Data */ = {
			isa = PBXGroup;
			children = (
				05549D9B22581B1C004E2444 /* CNType.swift */,
				052136B2208AD5F30098F1A7 /* CNStringStream.swift */,
				05DF7D982090D4B1003B5110 /* CNStringUtil.swift */,
				05B50DEC239A861D00CFA0B9 /* CNAttributedString.swift */,
				0589516923ADD3920093A3BA /* CNTextStorage.swift */,
				057D2CDE208B426000E02E71 /* CNColor.swift */,
				0589993B208B013A002FEAEA /* CNState.swift */,
				0599583A208AEE0B00DE2DC9 /* CNCharacter.swift */,
				0583FA262302FE7600100DAB /* CNKeyCode.swift */,
				05137F9022FAFFFD00FC9C65 /* CNEscapeCode.swift */,
				057DE77F237AE84E00BCCB64 /* CNKeyBinding.swift */,
				052136B1208AD5F30098F1A7 /* CNArrayStream.swift */,
				05019B71213BE42300DDA180 /* CNStack.swift */,
				05CB79BD236F040800301547 /* CNQueue.swift */,
				0526E5A8219877F300FB1B8E /* CNObservedValueTable.swift */,
				0506587721AC282E000566F6 /* CNDatabase.swift */,
				05BA444323B9D67D0012C845 /* CNCommandHistory.swift */,
			);
			path = Data;
			sourceTree = "<group>";
		};
		0543A4BC209DE1C000F5B34F /* UnitTest */ = {
			isa = PBXGroup;
			children = (
				0543A4BD209DE1C000F5B34F /* main.swift */,
				053751C42268BACC003E6F5A /* UTPreference.swift */,
				05226E2923EB0B2A00EA9623 /* UTFontManager.swift */,
				052F4A57227FBFE50057730C /* UTURL.swift */,
				05CB79BF236F120600301547 /* UTQueue.swift */,
				057FF40A209DE871006EEF7B /* UTValue.swift */,
				057C7EF620A1ED950085662E /* UTConsole.swift */,
				05FD029023A52F5000744D8C /* UTFileHandle.swift */,
				05F2DAE624277C89002F3864 /* UTFile.swift */,
				052170F021022AB1001801A6 /* UTFilePath.swift */,
				05C8AC8B2439A81900196828 /* UTFileManager.swift */,
				055BD39F2199C48400BF7373 /* UTObserver.swift */,
				052087BD235C892D0084E340 /* UTProcess.swift */,
				05EEADAF235DEF29008B49A4 /* UTThread.swift */,
				055BD3A32199D7F700BF7373 /* UTOperation.swift */,
				051D06A1219F0ABC00734AAA /* UTOperationQueue.swift */,
				0512640821C5E1E5008B01FA /* UTDatabase.swift */,
				05471B0F21CBF2A200F66B8F /* UTResource.swift */,
				0587F31D22E3FF0300F28B50 /* UTGraphics.swift */,
				051BB4B222FCF1370062F47F /* UTEscapeSequence.swift */,
				05ED11F52424B8F0000FCABE /* UTColor.swift */,
				0589516B23AE5A7E0093A3BA /* UTTextStorage.swift */,
				05FC09AF237C29BA00667AC4 /* UTKeyBinding.swift */,
				05178D6F232EEFFD00F35AF0 /* UTStringStream.swift */,
				05B50DEE239A8C8C00CFA0B9 /* UTAttributedString.swift */,
				055B2C17236C6FDE009C94EF /* UTStringUtil.swift */,
				05F7DACC23730E1100E363E9 /* UTCharacter.swift */,
			);
			path = UnitTest;
			sourceTree = "<group>";
		};
		058740F7208AFF1700FF2B65 /* Process */ = {
			isa = PBXGroup;
			children = (
				050822E9244BF36500E2F1BF /* CNProcessManager.swift */,
				05ED45DB23214D9700ED2852 /* CNProcess.swift */,
				058740F8208AFF2C00FF2B65 /* CNThread.swift */,
				05A6C17424362B8500666217 /* CNEnvironment.swift */,
				05387461244A75EF00E69042 /* CNSignalManager.swift */,
				058BA7EA22AA9E8C007CD9C4 /* CNOperationContext.swift */,
				055BD3A12199C6D600BF7373 /* CNOperationExecutor.swift */,
				053084DF219DBDA8004DB0BF /* CNOperationQueue.swift */,
			);
			path = Process;
			sourceTree = "<group>";
		};
		05899933208AFFFF002FEAEA /* Math */ = {
			isa = PBXGroup;
			children = (
				05899934208B0013002FEAEA /* CNMath.swift */,
			);
			path = Math;
			sourceTree = "<group>";
		};
		058DF0B0218A115F003A33F9 /* Graphics */ = {
			isa = PBXGroup;
			children = (
				058DF0B1218A1223003A33F9 /* CNGraphicsType.swift */,
				055551CB22D38AA3009E3464 /* CNGraphicsFunction.swift */,
				0587F31922E3F62400F28B50 /* CNGraphicsMapper.swift */,
			);
			path = Graphics;
			sourceTree = "<group>";
		};
		05995841208AEEDD00DE2DC9 /* Value */ = {
			isa = PBXGroup;
			children = (
				05995842208AEEFB00DE2DC9 /* CNValue.swift */,
				05995844208AEFD800DE2DC9 /* CNValueUtil.swift */,
				054D735C21B039C700950D9D /* CNNativeValue.swift */,
				056058AD21CA8E4B00E593E2 /* CNNativeValueVisitor.swift */,
				05471B0D21CBECDE00F66B8F /* CNNativeValueCoder.swift */,
				05416EAB21CAA638002E68BA /* CNNativeValueMerger.swift */,
				05416EAD21CAAD70002E68BA /* CNNativeValueMatcher.swift */,
				05DF713021CBD24600B6FD4F /* CNNativeValueSelector.swift */,
				05A9C8F122F477BB000F1990 /* CNNativeStruct.swift */,
			);
			path = Value;
			sourceTree = "<group>";
		};
		05995848208AF05200DE2DC9 /* Parser */ = {
			isa = PBXGroup;
			children = (
				05F5EA72208F794000CF98C3 /* CNReservedWord.swift */,
				05995854208AF10300DE2DC9 /* CNParser.swift */,
				05995849208AF07700DE2DC9 /* CNToken.swift */,
				0599584A208AF07700DE2DC9 /* CNTokenStream.swift */,
			);
			path = Parser;
			sourceTree = "<group>";
		};
		05A7FE6320993A570043BC53 /* Test */ = {
			isa = PBXGroup;
			children = (
				0543A4BC209DE1C000F5B34F /* UnitTest */,
				05B5BBCF209DDF4500E0981B /* UnitTestBundle */,
			);
			name = Test;
			path = ../Test;
			sourceTree = "<group>";
		};
		05B2A059208AD39600D16E60 = {
			isa = PBXGroup;
			children = (
				05DA41CF208AD3F800EF285F /* Source */,
				05A7FE6320993A570043BC53 /* Test */,
				05B2A065208AD39600D16E60 /* OSX */,
				05B2A064208AD39600D16E60 /* Products */,
				05C52E8E20993DE600DD56B4 /* Frameworks */,
			);
			sourceTree = "<group>";
		};
		05B2A064208AD39600D16E60 /* Products */ = {
			isa = PBXGroup;
			children = (
				05B2A063208AD39600D16E60 /* CoconutData.framework */,
				05B5BBCE209DDF4500E0981B /* UnitTest.bundle */,
				0543A4BB209DE1C000F5B34F /* UnitTest */,
			);
			name = Products;
			sourceTree = "<group>";
		};
		05B2A065208AD39600D16E60 /* OSX */ = {
			isa = PBXGroup;
			children = (
				05B2A067208AD39600D16E60 /* Info.plist */,
			);
			name = OSX;
			sourceTree = "<group>";
		};
		05B5BBCF209DDF4500E0981B /* UnitTestBundle */ = {
			isa = PBXGroup;
			children = (
				05B5BBD0209DDF4500E0981B /* Info.plist */,
			);
			path = UnitTestBundle;
			sourceTree = "<group>";
		};
		05C52E8E20993DE600DD56B4 /* Frameworks */ = {
			isa = PBXGroup;
			children = (
				05C52E8F20993DE600DD56B4 /* CoconutData.framework */,
			);
			name = Frameworks;
			sourceTree = "<group>";
		};
		05C68AAE208AFD17003C813E /* File */ = {
			isa = PBXGroup;
			children = (
				0578DA2B2090C1C400ED852C /* CNPropertyList.swift */,
				0565A9F6208B820900E91568 /* CNAuthorize.swift */,
				0565A9EC208B7BB100E91568 /* CNFileManager.swift */,
				0565A9ED208B7BB100E91568 /* CNFilePath.swift */,
				0565A9EE208B7BB100E91568 /* CNFileURL.swift */,
				05E81090208B33F800230477 /* CNAccess.swift */,
				051FA467208B3F4400AEC734 /* CNFile.swift */,
				056A4515232327B000C7DCBF /* CNFileHandle.swift */,
				0567B19C21D50DB4000C74B8 /* CNResource.swift */,
				0565A9D1208B7AE400E91568 /* CNJSONFile.swift */,
				056EA8B6208AFD6300D1DFFE /* CNConsole.swift */,
				05A709FB241495FA00B9356A /* CNDocumentTypeManager.swift */,
			);
			path = File;
			sourceTree = "<group>";
		};
		05C6A204226765FD003922C9 /* Preference */ = {
			isa = PBXGroup;
			children = (
				05C6A20522676796003922C9 /* CNPreference.swift */,
				05226E2723EAF73100EA9623 /* CNPreferenceTable.swift */,
				05ABDC9124169B12009A8347 /* CNUserDefaults.swift */,
			);
			path = Preference;
			sourceTree = "<group>";
		};
		05DA41CF208AD3F800EF285F /* Source */ = {
			isa = PBXGroup;
			children = (
				05B2A066208AD39600D16E60 /* CoconutData.h */,
				05C6A204226765FD003922C9 /* Preference */,
				05F5EA6F208F791200CF98C3 /* Text */,
				058DF0B0218A115F003A33F9 /* Graphics */,
				0503766B208B2ECF00D2DB37 /* Error */,
				05899933208AFFFF002FEAEA /* Math */,
				058740F7208AFF1700FF2B65 /* Process */,
				05C68AAE208AFD17003C813E /* File */,
				052136B0208AD5E00098F1A7 /* Data */,
				05995841208AEEDD00DE2DC9 /* Value */,
				05995848208AF05200DE2DC9 /* Parser */,
			);
			name = Source;
			path = ../Source;
			sourceTree = "<group>";
		};
		05F5EA6F208F791200CF98C3 /* Text */ = {
			isa = PBXGroup;
			children = (
				05F5EA70208F793400CF98C3 /* CNText.swift */,
				059A4D5623D3E36A008BFB6D /* CNFont.swift */,
				05E8680923F0DF5000DC45F2 /* CNFontManager.swift */,
			);
			path = Text;
			sourceTree = "<group>";
		};
/* End PBXGroup section */

/* Begin PBXHeadersBuildPhase section */
		05B2A060208AD39600D16E60 /* Headers */ = {
			isa = PBXHeadersBuildPhase;
			buildActionMask = 2147483647;
			files = (
				05B2A068208AD39600D16E60 /* CoconutData.h in Headers */,
			);
			runOnlyForDeploymentPostprocessing = 0;
		};
/* End PBXHeadersBuildPhase section */

/* Begin PBXLegacyTarget section */
		0567B19E21D517C4000C74B8 /* check */ = {
			isa = PBXLegacyTarget;
			buildArgumentsString = "-f ../../Script/unit_test.mk";
			buildConfigurationList = 0567B19F21D517C4000C74B8 /* Build configuration list for PBXLegacyTarget "check" */;
			buildPhases = (
			);
			buildToolPath = /usr/bin/make;
			buildWorkingDirectory = "";
			dependencies = (
				0567B1A321D517D0000C74B8 /* PBXTargetDependency */,
			);
			name = check;
			passBuildSettingsInEnvironment = 1;
			productName = check;
		};
		05F5DAB8208AD844006EB134 /* Install */ = {
			isa = PBXLegacyTarget;
			buildArgumentsString = "-f ../../Script/install_osx.mk";
			buildConfigurationList = 05F5DAB9208AD844006EB134 /* Build configuration list for PBXLegacyTarget "Install" */;
			buildPhases = (
			);
			buildToolPath = /usr/bin/make;
			buildWorkingDirectory = "";
			dependencies = (
				05F5DAC3208AD8A4006EB134 /* PBXTargetDependency */,
			);
			name = Install;
			passBuildSettingsInEnvironment = 1;
			productName = Install;
		};
/* End PBXLegacyTarget section */

/* Begin PBXNativeTarget section */
		0543A4BA209DE1C000F5B34F /* UnitTest */ = {
			isa = PBXNativeTarget;
			buildConfigurationList = 0543A4BF209DE1C000F5B34F /* Build configuration list for PBXNativeTarget "UnitTest" */;
			buildPhases = (
				0543A4B7209DE1C000F5B34F /* Sources */,
				0543A4B8209DE1C000F5B34F /* Frameworks */,
			);
			buildRules = (
			);
			dependencies = (
				052633A62287A08500944E3F /* PBXTargetDependency */,
			);
			name = UnitTest;
			productName = UnitTest;
			productReference = 0543A4BB209DE1C000F5B34F /* UnitTest */;
			productType = "com.apple.product-type.tool";
		};
		05B2A062208AD39600D16E60 /* CoconutData */ = {
			isa = PBXNativeTarget;
			buildConfigurationList = 05B2A06B208AD39600D16E60 /* Build configuration list for PBXNativeTarget "CoconutData" */;
			buildPhases = (
				05B2A05E208AD39600D16E60 /* Sources */,
				05B2A05F208AD39600D16E60 /* Frameworks */,
				05B2A060208AD39600D16E60 /* Headers */,
				05B2A061208AD39600D16E60 /* Resources */,
			);
			buildRules = (
			);
			dependencies = (
			);
			name = CoconutData;
			productName = CoconutData;
			productReference = 05B2A063208AD39600D16E60 /* CoconutData.framework */;
			productType = "com.apple.product-type.framework";
		};
		05B5BBCD209DDF4500E0981B /* UnitTestBundle */ = {
			isa = PBXNativeTarget;
			buildConfigurationList = 05B5BBD3209DDF4500E0981B /* Build configuration list for PBXNativeTarget "UnitTestBundle" */;
			buildPhases = (
				05B5BBCA209DDF4500E0981B /* Sources */,
				05B5BBCB209DDF4500E0981B /* Frameworks */,
				05B5BBCC209DDF4500E0981B /* Resources */,
				05B5BBD6209DDF6C00E0981B /* CopyFiles */,
			);
			buildRules = (
			);
			dependencies = (
				05B5BBD5209DDF5300E0981B /* PBXTargetDependency */,
			);
			name = UnitTestBundle;
			productName = UnitTestBundle;
			productReference = 05B5BBCE209DDF4500E0981B /* UnitTest.bundle */;
			productType = "com.apple.product-type.bundle";
		};
/* End PBXNativeTarget section */

/* Begin PBXProject section */
		05B2A05A208AD39600D16E60 /* Project object */ = {
			isa = PBXProject;
			attributes = {
				LastSwiftUpdateCheck = 0930;
				LastUpgradeCheck = 1130;
				ORGANIZATIONNAME = "Steel Wheels Project";
				TargetAttributes = {
					0543A4BA209DE1C000F5B34F = {
						CreatedOnToolsVersion = 9.3;
						LastSwiftMigration = 1020;
					};
					0567B19E21D517C4000C74B8 = {
						CreatedOnToolsVersion = 10.1;
					};
					05B2A062208AD39600D16E60 = {
						CreatedOnToolsVersion = 9.3;
						LastSwiftMigration = 1020;
					};
					05B5BBCD209DDF4500E0981B = {
						CreatedOnToolsVersion = 9.3;
					};
					05F5DAB8208AD844006EB134 = {
						CreatedOnToolsVersion = 9.3;
					};
				};
			};
			buildConfigurationList = 05B2A05D208AD39600D16E60 /* Build configuration list for PBXProject "CoconutData" */;
			compatibilityVersion = "Xcode 11.0";
			developmentRegion = en;
			hasScannedForEncodings = 0;
			knownRegions = (
				en,
				Base,
			);
			mainGroup = 05B2A059208AD39600D16E60;
			productRefGroup = 05B2A064208AD39600D16E60 /* Products */;
			projectDirPath = "";
			projectRoot = "";
			targets = (
				05B2A062208AD39600D16E60 /* CoconutData */,
				05F5DAB8208AD844006EB134 /* Install */,
				05B5BBCD209DDF4500E0981B /* UnitTestBundle */,
				0543A4BA209DE1C000F5B34F /* UnitTest */,
				0567B19E21D517C4000C74B8 /* check */,
			);
		};
/* End PBXProject section */

/* Begin PBXResourcesBuildPhase section */
		05B2A061208AD39600D16E60 /* Resources */ = {
			isa = PBXResourcesBuildPhase;
			buildActionMask = 2147483647;
			files = (
			);
			runOnlyForDeploymentPostprocessing = 0;
		};
		05B5BBCC209DDF4500E0981B /* Resources */ = {
			isa = PBXResourcesBuildPhase;
			buildActionMask = 2147483647;
			files = (
			);
			runOnlyForDeploymentPostprocessing = 0;
		};
/* End PBXResourcesBuildPhase section */

/* Begin PBXSourcesBuildPhase section */
		0543A4B7209DE1C000F5B34F /* Sources */ = {
			isa = PBXSourcesBuildPhase;
			buildActionMask = 2147483647;
			files = (
				05FD029123A52F5000744D8C /* UTFileHandle.swift in Sources */,
				051BB4B322FCF1370062F47F /* UTEscapeSequence.swift in Sources */,
				0587F31E22E3FF0300F28B50 /* UTGraphics.swift in Sources */,
				0589516C23AE5A7E0093A3BA /* UTTextStorage.swift in Sources */,
				055BD3A42199D7F700BF7373 /* UTOperation.swift in Sources */,
				05178D70232EEFFD00F35AF0 /* UTStringStream.swift in Sources */,
				052087BF235C89990084E340 /* UTProcess.swift in Sources */,
				05CB79C0236F120600301547 /* UTQueue.swift in Sources */,
				05ED11F62424B8F0000FCABE /* UTColor.swift in Sources */,
				05B50DEF239A8C8C00CFA0B9 /* UTAttributedString.swift in Sources */,
				05EEADB0235DEF29008B49A4 /* UTThread.swift in Sources */,
				057FF40B209DE871006EEF7B /* UTValue.swift in Sources */,
				05471B1021CBF2A200F66B8F /* UTResource.swift in Sources */,
				052170F121022AB1001801A6 /* UTFilePath.swift in Sources */,
				05C8AC8C2439A81900196828 /* UTFileManager.swift in Sources */,
				05F7DACD23730E1100E363E9 /* UTCharacter.swift in Sources */,
				05F2DAE724277C89002F3864 /* UTFile.swift in Sources */,
				057C7EF720A1ED950085662E /* UTConsole.swift in Sources */,
				0512640921C5E1E5008B01FA /* UTDatabase.swift in Sources */,
				05FC09B0237C29BA00667AC4 /* UTKeyBinding.swift in Sources */,
				055B2C18236C6FDE009C94EF /* UTStringUtil.swift in Sources */,
				052F4A58227FBFE50057730C /* UTURL.swift in Sources */,
				05226E2A23EB0B2A00EA9623 /* UTFontManager.swift in Sources */,
				053751C52268BACC003E6F5A /* UTPreference.swift in Sources */,
				051D06A2219F0ABC00734AAA /* UTOperationQueue.swift in Sources */,
				0543A4BE209DE1C000F5B34F /* main.swift in Sources */,
			);
			runOnlyForDeploymentPostprocessing = 0;
		};
		05B2A05E208AD39600D16E60 /* Sources */ = {
			isa = PBXSourcesBuildPhase;
			buildActionMask = 2147483647;
			files = (
				0526E5A9219877F300FB1B8E /* CNObservedValueTable.swift in Sources */,
				058DF0B2218A1223003A33F9 /* CNGraphicsType.swift in Sources */,
				0578DA2C2090C1C400ED852C /* CNPropertyList.swift in Sources */,
				05F5EA73208F794000CF98C3 /* CNReservedWord.swift in Sources */,
				0565A9EF208B7BB100E91568 /* CNFileManager.swift in Sources */,
				05416EAE21CAAD70002E68BA /* CNNativeValueMatcher.swift in Sources */,
				0599584B208AF07700DE2DC9 /* CNToken.swift in Sources */,
				052136B3208AD5F30098F1A7 /* CNArrayStream.swift in Sources */,
				05387462244A75EF00E69042 /* CNSignalManager.swift in Sources */,
				0589993C208B013A002FEAEA /* CNState.swift in Sources */,
				0565A9D7208B7AE400E91568 /* CNJSONFile.swift in Sources */,
				0506587821AC282E000566F6 /* CNDatabase.swift in Sources */,
				05471B0E21CBECDE00F66B8F /* CNNativeValueCoder.swift in Sources */,
				058BA7EB22AA9E8C007CD9C4 /* CNOperationContext.swift in Sources */,
				05995845208AEFD900DE2DC9 /* CNValueUtil.swift in Sources */,
				05BA444423B9D67D0012C845 /* CNCommandHistory.swift in Sources */,
				05019B72213BE42300DDA180 /* CNStack.swift in Sources */,
				05ED45DC23214D9700ED2852 /* CNProcess.swift in Sources */,
				05F5EA71208F793400CF98C3 /* CNText.swift in Sources */,
				05137F9122FAFFFD00FC9C65 /* CNEscapeCode.swift in Sources */,
				0599584C208AF07700DE2DC9 /* CNTokenStream.swift in Sources */,
				05DF713121CBD24600B6FD4F /* CNNativeValueSelector.swift in Sources */,
				056A4516232327B000C7DCBF /* CNFileHandle.swift in Sources */,
				0583FA272302FE7600100DAB /* CNKeyCode.swift in Sources */,
				05226E2823EAF73100EA9623 /* CNPreferenceTable.swift in Sources */,
				05ABDC9224169B12009A8347 /* CNUserDefaults.swift in Sources */,
				053BC8F32090D0AC006CBB06 /* CNExitCode.swift in Sources */,
				054D735D21B039C700950D9D /* CNNativeValue.swift in Sources */,
				053084E0219DBDA8004DB0BF /* CNOperationQueue.swift in Sources */,
				05549D9C22581B1C004E2444 /* CNType.swift in Sources */,
				0587F31A22E3F62400F28B50 /* CNGraphicsMapper.swift in Sources */,
				057DE780237AE84E00BCCB64 /* CNKeyBinding.swift in Sources */,
				0589516A23ADD3920093A3BA /* CNTextStorage.swift in Sources */,
				0599583B208AEE0B00DE2DC9 /* CNCharacter.swift in Sources */,
				0565A9F7208B820900E91568 /* CNAuthorize.swift in Sources */,
				05E8680A23F0DF5000DC45F2 /* CNFontManager.swift in Sources */,
				055551CC22D38AA3009E3464 /* CNGraphicsFunction.swift in Sources */,
				051FA468208B3F4400AEC734 /* CNFile.swift in Sources */,
				0565A9F1208B7BB100E91568 /* CNFileURL.swift in Sources */,
				056EA8B7208AFD6300D1DFFE /* CNConsole.swift in Sources */,
				057D2CDF208B426100E02E71 /* CNColor.swift in Sources */,
				05A6C17524362B8500666217 /* CNEnvironment.swift in Sources */,
				05995843208AEEFB00DE2DC9 /* CNValue.swift in Sources */,
				059A4D5723D3E36A008BFB6D /* CNFont.swift in Sources */,
				0503766D208B2EE200D2DB37 /* CNError.swift in Sources */,
				05C6A20622676796003922C9 /* CNPreference.swift in Sources */,
				05899935208B0013002FEAEA /* CNMath.swift in Sources */,
				05416EAC21CAA638002E68BA /* CNNativeValueMerger.swift in Sources */,
				055BD3A02199C48400BF7373 /* UTObserver.swift in Sources */,
				05DF7D992090D4B1003B5110 /* CNStringUtil.swift in Sources */,
				052136B4208AD5F30098F1A7 /* CNStringStream.swift in Sources */,
				055BD3A22199C6D600BF7373 /* CNOperationExecutor.swift in Sources */,
				058740F9208AFF2C00FF2B65 /* CNThread.swift in Sources */,
				05E81091208B33F800230477 /* CNAccess.swift in Sources */,
				05995855208AF10300DE2DC9 /* CNParser.swift in Sources */,
				0567B19D21D50DB4000C74B8 /* CNResource.swift in Sources */,
				056058AE21CA8E4B00E593E2 /* CNNativeValueVisitor.swift in Sources */,
				05A709FC241495FA00B9356A /* CNDocumentTypeManager.swift in Sources */,
				05B50DED239A861D00CFA0B9 /* CNAttributedString.swift in Sources */,
				05A9C8F222F477BB000F1990 /* CNNativeStruct.swift in Sources */,
				0565A9F0208B7BB100E91568 /* CNFilePath.swift in Sources */,
				050822EA244BF36500E2F1BF /* CNProcessManager.swift in Sources */,
				05CB79BE236F040800301547 /* CNQueue.swift in Sources */,
			);
			runOnlyForDeploymentPostprocessing = 0;
		};
		05B5BBCA209DDF4500E0981B /* Sources */ = {
			isa = PBXSourcesBuildPhase;
			buildActionMask = 2147483647;
			files = (
			);
			runOnlyForDeploymentPostprocessing = 0;
		};
/* End PBXSourcesBuildPhase section */

/* Begin PBXTargetDependency section */
		052633A62287A08500944E3F /* PBXTargetDependency */ = {
			isa = PBXTargetDependency;
			target = 05B5BBCD209DDF4500E0981B /* UnitTestBundle */;
			targetProxy = 052633A52287A08500944E3F /* PBXContainerItemProxy */;
		};
		0567B1A321D517D0000C74B8 /* PBXTargetDependency */ = {
			isa = PBXTargetDependency;
			target = 0543A4BA209DE1C000F5B34F /* UnitTest */;
			targetProxy = 0567B1A221D517D0000C74B8 /* PBXContainerItemProxy */;
		};
		05B5BBD5209DDF5300E0981B /* PBXTargetDependency */ = {
			isa = PBXTargetDependency;
			target = 05F5DAB8208AD844006EB134 /* Install */;
			targetProxy = 05B5BBD4209DDF5300E0981B /* PBXContainerItemProxy */;
		};
		05F5DAC3208AD8A4006EB134 /* PBXTargetDependency */ = {
			isa = PBXTargetDependency;
			target = 05B2A062208AD39600D16E60 /* CoconutData */;
			targetProxy = 05F5DAC2208AD8A4006EB134 /* PBXContainerItemProxy */;
		};
/* End PBXTargetDependency section */

/* Begin XCBuildConfiguration section */
		0543A4C0209DE1C000F5B34F /* Debug */ = {
			isa = XCBuildConfiguration;
			buildSettings = {
				ALWAYS_EMBED_SWIFT_STANDARD_LIBRARIES = NO;
				CODE_SIGN_IDENTITY = "-";
				CODE_SIGN_STYLE = Automatic;
				DEVELOPMENT_TEAM = TR2DNF3P93;
				FRAMEWORK_SEARCH_PATHS = "$(TARGET_BUILD_DIR)/$(PRODUCT_NAME).bundle/Contents/Frameworks";
				GCC_OPTIMIZATION_LEVEL = 1;
				LD_RUNPATH_SEARCH_PATHS = "@executable_path/UnitTest.bundle/Contents/Frameworks";
				LIBRARY_SEARCH_PATHS = "$(TARGET_BUILD_DIR)/$(PRODUCT_NAME).bundle/Contents/Frameworks";
				PRODUCT_NAME = "$(TARGET_NAME)";
				SWIFT_OPTIMIZATION_LEVEL = "-O";
				SWIFT_VERSION = 5.0;
			};
			name = Debug;
		};
		0543A4C1209DE1C000F5B34F /* Release */ = {
			isa = XCBuildConfiguration;
			buildSettings = {
				ALWAYS_EMBED_SWIFT_STANDARD_LIBRARIES = NO;
				CODE_SIGN_IDENTITY = "-";
				CODE_SIGN_STYLE = Automatic;
				DEVELOPMENT_TEAM = TR2DNF3P93;
				FRAMEWORK_SEARCH_PATHS = "$(TARGET_BUILD_DIR)/$(PRODUCT_NAME).bundle/Contents/Frameworks";
				GCC_OPTIMIZATION_LEVEL = 1;
				LD_RUNPATH_SEARCH_PATHS = "@executable_path/UnitTest.bundle/Contents/Frameworks";
				LIBRARY_SEARCH_PATHS = "$(TARGET_BUILD_DIR)/$(PRODUCT_NAME).bundle/Contents/Frameworks";
				PRODUCT_NAME = "$(TARGET_NAME)";
				SWIFT_OPTIMIZATION_LEVEL = "-O";
				SWIFT_VERSION = 5.0;
			};
			name = Release;
		};
		0567B1A021D517C4000C74B8 /* Debug */ = {
			isa = XCBuildConfiguration;
			buildSettings = {
				CODE_SIGN_STYLE = Automatic;
				DEBUGGING_SYMBOLS = YES;
				DEBUG_INFORMATION_FORMAT = dwarf;
				DEVELOPMENT_TEAM = TR2DNF3P93;
				GCC_GENERATE_DEBUGGING_SYMBOLS = YES;
				GCC_OPTIMIZATION_LEVEL = 0;
				MTL_ENABLE_DEBUG_INFO = INCLUDE_SOURCE;
				MTL_FAST_MATH = YES;
				OTHER_CFLAGS = "";
				OTHER_LDFLAGS = "";
				PRODUCT_NAME = "$(TARGET_NAME)";
			};
			name = Debug;
		};
		0567B1A121D517C4000C74B8 /* Release */ = {
			isa = XCBuildConfiguration;
			buildSettings = {
				CODE_SIGN_STYLE = Automatic;
				DEBUG_INFORMATION_FORMAT = "dwarf-with-dsym";
				DEVELOPMENT_TEAM = TR2DNF3P93;
				MTL_FAST_MATH = YES;
				OTHER_CFLAGS = "";
				OTHER_LDFLAGS = "";
				PRODUCT_NAME = "$(TARGET_NAME)";
			};
			name = Release;
		};
		05B2A069208AD39600D16E60 /* Debug */ = {
			isa = XCBuildConfiguration;
			buildSettings = {
				ALWAYS_SEARCH_USER_PATHS = NO;
				CLANG_ANALYZER_NONNULL = YES;
				CLANG_ANALYZER_NUMBER_OBJECT_CONVERSION = YES_AGGRESSIVE;
				CLANG_CXX_LANGUAGE_STANDARD = "gnu++14";
				CLANG_CXX_LIBRARY = "libc++";
				CLANG_ENABLE_MODULES = YES;
				CLANG_ENABLE_OBJC_ARC = YES;
				CLANG_ENABLE_OBJC_WEAK = YES;
				CLANG_WARN_BLOCK_CAPTURE_AUTORELEASING = YES;
				CLANG_WARN_BOOL_CONVERSION = YES;
				CLANG_WARN_COMMA = YES;
				CLANG_WARN_CONSTANT_CONVERSION = YES;
				CLANG_WARN_DEPRECATED_OBJC_IMPLEMENTATIONS = YES;
				CLANG_WARN_DIRECT_OBJC_ISA_USAGE = YES_ERROR;
				CLANG_WARN_DOCUMENTATION_COMMENTS = YES;
				CLANG_WARN_EMPTY_BODY = YES;
				CLANG_WARN_ENUM_CONVERSION = YES;
				CLANG_WARN_INFINITE_RECURSION = YES;
				CLANG_WARN_INT_CONVERSION = YES;
				CLANG_WARN_NON_LITERAL_NULL_CONVERSION = YES;
				CLANG_WARN_OBJC_IMPLICIT_RETAIN_SELF = YES;
				CLANG_WARN_OBJC_LITERAL_CONVERSION = YES;
				CLANG_WARN_OBJC_ROOT_CLASS = YES_ERROR;
				CLANG_WARN_RANGE_LOOP_ANALYSIS = YES;
				CLANG_WARN_STRICT_PROTOTYPES = YES;
				CLANG_WARN_SUSPICIOUS_MOVE = YES;
				CLANG_WARN_UNGUARDED_AVAILABILITY = YES_AGGRESSIVE;
				CLANG_WARN_UNREACHABLE_CODE = YES;
				CLANG_WARN__DUPLICATE_METHOD_MATCH = YES;
				CODE_SIGN_IDENTITY = "Mac Developer";
				COPY_PHASE_STRIP = NO;
				CURRENT_PROJECT_VERSION = 1;
				DEBUG_INFORMATION_FORMAT = dwarf;
				ENABLE_STRICT_OBJC_MSGSEND = YES;
				ENABLE_TESTABILITY = YES;
				GCC_C_LANGUAGE_STANDARD = gnu11;
				GCC_DYNAMIC_NO_PIC = NO;
				GCC_NO_COMMON_BLOCKS = YES;
				GCC_OPTIMIZATION_LEVEL = 0;
				GCC_PREPROCESSOR_DEFINITIONS = (
					"DEBUG=1",
					"$(inherited)",
				);
				GCC_WARN_64_TO_32_BIT_CONVERSION = YES;
				GCC_WARN_ABOUT_RETURN_TYPE = YES_ERROR;
				GCC_WARN_UNDECLARED_SELECTOR = YES;
				GCC_WARN_UNINITIALIZED_AUTOS = YES_AGGRESSIVE;
				GCC_WARN_UNUSED_FUNCTION = YES;
				GCC_WARN_UNUSED_VARIABLE = YES;
				MACOSX_DEPLOYMENT_TARGET = 10.15;
				MTL_ENABLE_DEBUG_INFO = YES;
				ONLY_ACTIVE_ARCH = YES;
				SDKROOT = macosx;
				SWIFT_ACTIVE_COMPILATION_CONDITIONS = DEBUG;
				SWIFT_OPTIMIZATION_LEVEL = "-O";
				VERSIONING_SYSTEM = "apple-generic";
				VERSION_INFO_PREFIX = "";
			};
			name = Debug;
		};
		05B2A06A208AD39600D16E60 /* Release */ = {
			isa = XCBuildConfiguration;
			buildSettings = {
				ALWAYS_SEARCH_USER_PATHS = NO;
				CLANG_ANALYZER_NONNULL = YES;
				CLANG_ANALYZER_NUMBER_OBJECT_CONVERSION = YES_AGGRESSIVE;
				CLANG_CXX_LANGUAGE_STANDARD = "gnu++14";
				CLANG_CXX_LIBRARY = "libc++";
				CLANG_ENABLE_MODULES = YES;
				CLANG_ENABLE_OBJC_ARC = YES;
				CLANG_ENABLE_OBJC_WEAK = YES;
				CLANG_WARN_BLOCK_CAPTURE_AUTORELEASING = YES;
				CLANG_WARN_BOOL_CONVERSION = YES;
				CLANG_WARN_COMMA = YES;
				CLANG_WARN_CONSTANT_CONVERSION = YES;
				CLANG_WARN_DEPRECATED_OBJC_IMPLEMENTATIONS = YES;
				CLANG_WARN_DIRECT_OBJC_ISA_USAGE = YES_ERROR;
				CLANG_WARN_DOCUMENTATION_COMMENTS = YES;
				CLANG_WARN_EMPTY_BODY = YES;
				CLANG_WARN_ENUM_CONVERSION = YES;
				CLANG_WARN_INFINITE_RECURSION = YES;
				CLANG_WARN_INT_CONVERSION = YES;
				CLANG_WARN_NON_LITERAL_NULL_CONVERSION = YES;
				CLANG_WARN_OBJC_IMPLICIT_RETAIN_SELF = YES;
				CLANG_WARN_OBJC_LITERAL_CONVERSION = YES;
				CLANG_WARN_OBJC_ROOT_CLASS = YES_ERROR;
				CLANG_WARN_RANGE_LOOP_ANALYSIS = YES;
				CLANG_WARN_STRICT_PROTOTYPES = YES;
				CLANG_WARN_SUSPICIOUS_MOVE = YES;
				CLANG_WARN_UNGUARDED_AVAILABILITY = YES_AGGRESSIVE;
				CLANG_WARN_UNREACHABLE_CODE = YES;
				CLANG_WARN__DUPLICATE_METHOD_MATCH = YES;
				CODE_SIGN_IDENTITY = "Mac Developer";
				COPY_PHASE_STRIP = NO;
				CURRENT_PROJECT_VERSION = 1;
				DEBUG_INFORMATION_FORMAT = "dwarf-with-dsym";
				ENABLE_NS_ASSERTIONS = NO;
				ENABLE_STRICT_OBJC_MSGSEND = YES;
				GCC_C_LANGUAGE_STANDARD = gnu11;
				GCC_NO_COMMON_BLOCKS = YES;
				GCC_WARN_64_TO_32_BIT_CONVERSION = YES;
				GCC_WARN_ABOUT_RETURN_TYPE = YES_ERROR;
				GCC_WARN_UNDECLARED_SELECTOR = YES;
				GCC_WARN_UNINITIALIZED_AUTOS = YES_AGGRESSIVE;
				GCC_WARN_UNUSED_FUNCTION = YES;
				GCC_WARN_UNUSED_VARIABLE = YES;
				MACOSX_DEPLOYMENT_TARGET = 10.15;
				MTL_ENABLE_DEBUG_INFO = NO;
				SDKROOT = macosx;
				SWIFT_COMPILATION_MODE = wholemodule;
				SWIFT_OPTIMIZATION_LEVEL = "-O";
				VERSIONING_SYSTEM = "apple-generic";
				VERSION_INFO_PREFIX = "";
			};
			name = Release;
		};
		05B2A06C208AD39600D16E60 /* Debug */ = {
			isa = XCBuildConfiguration;
			buildSettings = {
				CLANG_ENABLE_MODULES = YES;
				CODE_SIGN_IDENTITY = "";
				CODE_SIGN_STYLE = Automatic;
				COMBINE_HIDPI_IMAGES = YES;
				DEFINES_MODULE = YES;
				DEVELOPMENT_TEAM = TR2DNF3P93;
				DYLIB_COMPATIBILITY_VERSION = 1;
				DYLIB_CURRENT_VERSION = 1;
				DYLIB_INSTALL_NAME_BASE = "@rpath";
				FRAMEWORK_VERSION = A;
				GCC_OPTIMIZATION_LEVEL = 2;
				INFOPLIST_FILE = Info.plist;
				INSTALL_PATH = "$(HOME)/Library/Frameworks";
				LD_RUNPATH_SEARCH_PATHS = (
					"$(inherited)",
					"@executable_path/../Frameworks",
					"@loader_path/Frameworks",
				);
				MACOSX_DEPLOYMENT_TARGET = 10.14;
				PRODUCT_BUNDLE_IDENTIFIER = github.com.steelwheels.CoconutData;
				PRODUCT_NAME = "$(TARGET_NAME:c99extidentifier)";
				PROVISIONING_PROFILE_SPECIFIER = "";
				SKIP_INSTALL = NO;
				SWIFT_OPTIMIZATION_LEVEL = "-O";
				SWIFT_VERSION = 5.0;
			};
			name = Debug;
		};
		05B2A06D208AD39600D16E60 /* Release */ = {
			isa = XCBuildConfiguration;
			buildSettings = {
				CLANG_ENABLE_MODULES = YES;
				CODE_SIGN_IDENTITY = "";
				CODE_SIGN_STYLE = Automatic;
				COMBINE_HIDPI_IMAGES = YES;
				DEFINES_MODULE = YES;
				DEVELOPMENT_TEAM = TR2DNF3P93;
				DYLIB_COMPATIBILITY_VERSION = 1;
				DYLIB_CURRENT_VERSION = 1;
				DYLIB_INSTALL_NAME_BASE = "@rpath";
				FRAMEWORK_VERSION = A;
				GCC_OPTIMIZATION_LEVEL = 2;
				INFOPLIST_FILE = Info.plist;
				INSTALL_PATH = "$(HOME)/Library/Frameworks";
				LD_RUNPATH_SEARCH_PATHS = (
					"$(inherited)",
					"@executable_path/../Frameworks",
					"@loader_path/Frameworks",
				);
				MACOSX_DEPLOYMENT_TARGET = 10.14;
				PRODUCT_BUNDLE_IDENTIFIER = github.com.steelwheels.CoconutData;
				PRODUCT_NAME = "$(TARGET_NAME:c99extidentifier)";
				PROVISIONING_PROFILE_SPECIFIER = "";
				SKIP_INSTALL = NO;
				SWIFT_OPTIMIZATION_LEVEL = "-O";
				SWIFT_VERSION = 5.0;
			};
			name = Release;
		};
		05B5BBD1209DDF4500E0981B /* Debug */ = {
			isa = XCBuildConfiguration;
			buildSettings = {
				ALWAYS_EMBED_SWIFT_STANDARD_LIBRARIES = YES;
				CODE_SIGN_STYLE = Automatic;
				COMBINE_HIDPI_IMAGES = YES;
				DEVELOPMENT_TEAM = TR2DNF3P93;
				INFOPLIST_FILE = ../Test/UnitTestBundle/Info.plist;
				INSTALL_PATH = "$(HOME)/Library/Bundles";
				PRODUCT_BUNDLE_IDENTIFIER = github.com.steelwheels.UnitTestBundle;
				PRODUCT_MODULE_NAME = UnitTest;
				PRODUCT_NAME = UnitTest;
				SKIP_INSTALL = YES;
				WRAPPER_EXTENSION = bundle;
			};
			name = Debug;
		};
		05B5BBD2209DDF4500E0981B /* Release */ = {
			isa = XCBuildConfiguration;
			buildSettings = {
				ALWAYS_EMBED_SWIFT_STANDARD_LIBRARIES = YES;
				CODE_SIGN_STYLE = Automatic;
				COMBINE_HIDPI_IMAGES = YES;
				DEVELOPMENT_TEAM = TR2DNF3P93;
				INFOPLIST_FILE = ../Test/UnitTestBundle/Info.plist;
				INSTALL_PATH = "$(HOME)/Library/Bundles";
				PRODUCT_BUNDLE_IDENTIFIER = github.com.steelwheels.UnitTestBundle;
				PRODUCT_MODULE_NAME = UnitTest;
				PRODUCT_NAME = UnitTest;
				SKIP_INSTALL = YES;
				WRAPPER_EXTENSION = bundle;
			};
			name = Release;
		};
		05F5DABA208AD844006EB134 /* Debug */ = {
			isa = XCBuildConfiguration;
			buildSettings = {
				CODE_SIGN_STYLE = Automatic;
				DEBUGGING_SYMBOLS = YES;
				DEBUG_INFORMATION_FORMAT = dwarf;
				DEVELOPMENT_TEAM = TR2DNF3P93;
				GCC_GENERATE_DEBUGGING_SYMBOLS = YES;
				GCC_OPTIMIZATION_LEVEL = 0;
				OTHER_CFLAGS = "";
				OTHER_LDFLAGS = "";
				PRODUCT_NAME = "$(TARGET_NAME)";
			};
			name = Debug;
		};
		05F5DABB208AD844006EB134 /* Release */ = {
			isa = XCBuildConfiguration;
			buildSettings = {
				CODE_SIGN_STYLE = Automatic;
				DEBUG_INFORMATION_FORMAT = "dwarf-with-dsym";
				DEVELOPMENT_TEAM = TR2DNF3P93;
				OTHER_CFLAGS = "";
				OTHER_LDFLAGS = "";
				PRODUCT_NAME = "$(TARGET_NAME)";
			};
			name = Release;
		};
/* End XCBuildConfiguration section */

/* Begin XCConfigurationList section */
		0543A4BF209DE1C000F5B34F /* Build configuration list for PBXNativeTarget "UnitTest" */ = {
			isa = XCConfigurationList;
			buildConfigurations = (
				0543A4C0209DE1C000F5B34F /* Debug */,
				0543A4C1209DE1C000F5B34F /* Release */,
			);
			defaultConfigurationIsVisible = 0;
			defaultConfigurationName = Release;
		};
		0567B19F21D517C4000C74B8 /* Build configuration list for PBXLegacyTarget "check" */ = {
			isa = XCConfigurationList;
			buildConfigurations = (
				0567B1A021D517C4000C74B8 /* Debug */,
				0567B1A121D517C4000C74B8 /* Release */,
			);
			defaultConfigurationIsVisible = 0;
			defaultConfigurationName = Release;
		};
		05B2A05D208AD39600D16E60 /* Build configuration list for PBXProject "CoconutData" */ = {
			isa = XCConfigurationList;
			buildConfigurations = (
				05B2A069208AD39600D16E60 /* Debug */,
				05B2A06A208AD39600D16E60 /* Release */,
			);
			defaultConfigurationIsVisible = 0;
			defaultConfigurationName = Release;
		};
		05B2A06B208AD39600D16E60 /* Build configuration list for PBXNativeTarget "CoconutData" */ = {
			isa = XCConfigurationList;
			buildConfigurations = (
				05B2A06C208AD39600D16E60 /* Debug */,
				05B2A06D208AD39600D16E60 /* Release */,
			);
			defaultConfigurationIsVisible = 0;
			defaultConfigurationName = Release;
		};
		05B5BBD3209DDF4500E0981B /* Build configuration list for PBXNativeTarget "UnitTestBundle" */ = {
			isa = XCConfigurationList;
			buildConfigurations = (
				05B5BBD1209DDF4500E0981B /* Debug */,
				05B5BBD2209DDF4500E0981B /* Release */,
			);
			defaultConfigurationIsVisible = 0;
			defaultConfigurationName = Release;
		};
		05F5DAB9208AD844006EB134 /* Build configuration list for PBXLegacyTarget "Install" */ = {
			isa = XCConfigurationList;
			buildConfigurations = (
				05F5DABA208AD844006EB134 /* Debug */,
				05F5DABB208AD844006EB134 /* Release */,
			);
			defaultConfigurationIsVisible = 0;
			defaultConfigurationName = Release;
		};
/* End XCConfigurationList section */
	};
	rootObject = 05B2A05A208AD39600D16E60 /* Project object */;
}
