// !$*UTF8*$!
{
	archiveVersion = 1;
	classes = {
	};
	objectVersion = 46;
	objects = {

/* Begin PBXBuildFile section */
		05164EF81A4F9C2700048DE5 /* CNErrorLocation.m in Sources */ = {isa = PBXBuildFile; fileRef = 05164EF71A4F9C2700048DE5 /* CNErrorLocation.m */; };
		05164EF91A4F9C3700048DE5 /* CNErrorLocation.h in CopyFiles */ = {isa = PBXBuildFile; fileRef = 05164EF61A4F9C2700048DE5 /* CNErrorLocation.h */; };
		05164EFC1A4FA65500048DE5 /* CNErrorList.m in Sources */ = {isa = PBXBuildFile; fileRef = 05164EFB1A4FA65500048DE5 /* CNErrorList.m */; };
		05164EFD1A4FA78E00048DE5 /* CNErrorList.h in CopyFiles */ = {isa = PBXBuildFile; fileRef = 05164EFA1A4FA65500048DE5 /* CNErrorList.h */; };
		05283F651AEBC28100EA6FD8 /* CNRandom.m in Sources */ = {isa = PBXBuildFile; fileRef = 05283F641AEBC28100EA6FD8 /* CNRandom.m */; };
		05283F661AEBC54A00EA6FD8 /* CNRandom.h in CopyFiles */ = {isa = PBXBuildFile; fileRef = 05283F631AEBC28100EA6FD8 /* CNRandom.h */; };
		052CE6B21A3F506A0026EAA9 /* CNText.m in Sources */ = {isa = PBXBuildFile; fileRef = 052CE6AB1A3F506A0026EAA9 /* CNText.m */; };
		052CE6B41A3F506A0026EAA9 /* CNTextLine.m in Sources */ = {isa = PBXBuildFile; fileRef = 052CE6AF1A3F506A0026EAA9 /* CNTextLine.m */; };
		052CE6B51A3F506A0026EAA9 /* CNTextSection.m in Sources */ = {isa = PBXBuildFile; fileRef = 052CE6B11A3F506A0026EAA9 /* CNTextSection.m */; };
		052CE6B61A3F512B0026EAA9 /* CNText.h in CopyFiles */ = {isa = PBXBuildFile; fileRef = 052CE6AA1A3F506A0026EAA9 /* CNText.h */; };
		052CE6B81A3F51340026EAA9 /* CNTextLine.h in CopyFiles */ = {isa = PBXBuildFile; fileRef = 052CE6AE1A3F506A0026EAA9 /* CNTextLine.h */; };
		052CE6B91A3F51390026EAA9 /* CNTextSection.h in CopyFiles */ = {isa = PBXBuildFile; fileRef = 052CE6B01A3F506A0026EAA9 /* CNTextSection.h */; };
		053402A31A3B62680093FF03 /* CNForwarders.h in CopyFiles */ = {isa = PBXBuildFile; fileRef = 05D2C2A51A34013800F9F3DB /* CNForwarders.h */; };
		053402A41A3B626D0093FF03 /* Coconut.h in CopyFiles */ = {isa = PBXBuildFile; fileRef = 05D2C2A61A34013800F9F3DB /* Coconut.h */; };
		053402A51A3B62710093FF03 /* CNList.h in CopyFiles */ = {isa = PBXBuildFile; fileRef = 05D2C2A81A34017B00F9F3DB /* CNList.h */; };
		053402A61A3B62760093FF03 /* CNEdge.h in CopyFiles */ = {isa = PBXBuildFile; fileRef = 05D2C2AC1A3401BD00F9F3DB /* CNEdge.h */; };
		053402A71A3B627A0093FF03 /* CNGraph.h in CopyFiles */ = {isa = PBXBuildFile; fileRef = 05D2C2AE1A3401BD00F9F3DB /* CNGraph.h */; };
		053402A81A3B627E0093FF03 /* CNNode.h in CopyFiles */ = {isa = PBXBuildFile; fileRef = 05D2C2B01A3401BD00F9F3DB /* CNNode.h */; };
		053402AA1A3B628C0093FF03 /* CNValue.h in CopyFiles */ = {isa = PBXBuildFile; fileRef = 05D2C2B61A34026200F9F3DB /* CNValue.h */; };
		056BD4481AADFFBD00D9171D /* CNCountTimer.m in Sources */ = {isa = PBXBuildFile; fileRef = 056BD4471AADFFBD00D9171D /* CNCountTimer.m */; };
		056BD4491AADFFE600D9171D /* CNCountTimer.h in CopyFiles */ = {isa = PBXBuildFile; fileRef = 056BD4461AADFFBD00D9171D /* CNCountTimer.h */; };
		0578436D1A50281800831A95 /* CNRegularExpression.m in Sources */ = {isa = PBXBuildFile; fileRef = 0578436C1A50281800831A95 /* CNRegularExpression.m */; };
		0578436E1A50286100831A95 /* CNRegularExpression.h in CopyFiles */ = {isa = PBXBuildFile; fileRef = 0578436B1A50281800831A95 /* CNRegularExpression.h */; };
		058A67BB1A4D1B1400033BEB /* CNInputFile.m in Sources */ = {isa = PBXBuildFile; fileRef = 058A67B61A4D1B1400033BEB /* CNInputFile.m */; };
		058A67BC1A4D1B1400033BEB /* CNInputStream.m in Sources */ = {isa = PBXBuildFile; fileRef = 058A67B81A4D1B1400033BEB /* CNInputStream.m */; };
		058A67BD1A4D1B1400033BEB /* CNURL.m in Sources */ = {isa = PBXBuildFile; fileRef = 058A67BA1A4D1B1400033BEB /* CNURL.m */; };
		058A67BE1A4D1B4000033BEB /* CNInputFile.h in CopyFiles */ = {isa = PBXBuildFile; fileRef = 058A67B51A4D1B1400033BEB /* CNInputFile.h */; };
		058A67C11A4D1B6000033BEB /* CNError.m in Sources */ = {isa = PBXBuildFile; fileRef = 058A67C01A4D1B6000033BEB /* CNError.m */; };
		058A67C21A4D1B6A00033BEB /* CNError.h in CopyFiles */ = {isa = PBXBuildFile; fileRef = 058A67BF1A4D1B6000033BEB /* CNError.h */; };
		058A67C31A4D1B7000033BEB /* CNInputStream.h in CopyFiles */ = {isa = PBXBuildFile; fileRef = 058A67B71A4D1B1400033BEB /* CNInputStream.h */; };
		058A67C41A4D1B7600033BEB /* CNURL.h in CopyFiles */ = {isa = PBXBuildFile; fileRef = 058A67B91A4D1B1400033BEB /* CNURL.h */; };
		05B1B23F1A595FDB0070A440 /* CNTextCompound.m in Sources */ = {isa = PBXBuildFile; fileRef = 05B1B23E1A595FDB0070A440 /* CNTextCompound.m */; };
		05B1B2401A595FE90070A440 /* CNTextCompound.h in CopyFiles */ = {isa = PBXBuildFile; fileRef = 05B1B23D1A595FDB0070A440 /* CNTextCompound.h */; };
		05D2C2AA1A34017B00F9F3DB /* CNList.m in Sources */ = {isa = PBXBuildFile; fileRef = 05D2C2A91A34017B00F9F3DB /* CNList.m */; };
		05D2C2B21A3401BD00F9F3DB /* CNEdge.m in Sources */ = {isa = PBXBuildFile; fileRef = 05D2C2AD1A3401BD00F9F3DB /* CNEdge.m */; };
		05D2C2B31A3401BD00F9F3DB /* CNGraph.m in Sources */ = {isa = PBXBuildFile; fileRef = 05D2C2AF1A3401BD00F9F3DB /* CNGraph.m */; };
		05D2C2B41A3401BD00F9F3DB /* CNNode.m in Sources */ = {isa = PBXBuildFile; fileRef = 05D2C2B11A3401BD00F9F3DB /* CNNode.m */; };
		05D2C2B81A34026200F9F3DB /* CNValue.m in Sources */ = {isa = PBXBuildFile; fileRef = 05D2C2B71A34026200F9F3DB /* CNValue.m */; };
		05D9EC031AB5A38B00FBEA28 /* CNNotifierObject.m in Sources */ = {isa = PBXBuildFile; fileRef = 05D9EC021AB5A38B00FBEA28 /* CNNotifierObject.m */; };
		05D9EC041AB5A3AC00FBEA28 /* CNNotifierObject.h in CopyFiles */ = {isa = PBXBuildFile; fileRef = 05D9EC011AB5A38B00FBEA28 /* CNNotifierObject.h */; };
		05EDC4881A61641400854526 /* CNTextVisitor.m in Sources */ = {isa = PBXBuildFile; fileRef = 05EDC4871A61641400854526 /* CNTextVisitor.m */; };
		05EDC4891A61669E00854526 /* CNTextVisitor.h in CopyFiles */ = {isa = PBXBuildFile; fileRef = 05EDC4861A61641400854526 /* CNTextVisitor.h */; };
/* End PBXBuildFile section */

/* Begin PBXContainerItemProxy section */
		052CE6BE1A3F51720026EAA9 /* PBXContainerItemProxy */ = {
			isa = PBXContainerItemProxy;
			containerPortal = 059D3DC71A3400E700FAB027 /* Project object */;
			proxyType = 1;
			remoteGlobalIDString = 059D3DCE1A3400E700FAB027;
			remoteInfo = Coconut;
		};
/* End PBXContainerItemProxy section */

/* Begin PBXCopyFilesBuildPhase section */
		059D3DCD1A3400E700FAB027 /* CopyFiles */ = {
			isa = PBXCopyFilesBuildPhase;
			buildActionMask = 2147483647;
			dstPath = "include/$(PRODUCT_NAME)";
			dstSubfolderSpec = 16;
			files = (
				05283F661AEBC54A00EA6FD8 /* CNRandom.h in CopyFiles */,
				05D9EC041AB5A3AC00FBEA28 /* CNNotifierObject.h in CopyFiles */,
				056BD4491AADFFE600D9171D /* CNCountTimer.h in CopyFiles */,
				05EDC4891A61669E00854526 /* CNTextVisitor.h in CopyFiles */,
				05B1B2401A595FE90070A440 /* CNTextCompound.h in CopyFiles */,
				0578436E1A50286100831A95 /* CNRegularExpression.h in CopyFiles */,
				05164EFD1A4FA78E00048DE5 /* CNErrorList.h in CopyFiles */,
				05164EF91A4F9C3700048DE5 /* CNErrorLocation.h in CopyFiles */,
				058A67C41A4D1B7600033BEB /* CNURL.h in CopyFiles */,
				058A67C31A4D1B7000033BEB /* CNInputStream.h in CopyFiles */,
				058A67C21A4D1B6A00033BEB /* CNError.h in CopyFiles */,
				058A67BE1A4D1B4000033BEB /* CNInputFile.h in CopyFiles */,
				052CE6B91A3F51390026EAA9 /* CNTextSection.h in CopyFiles */,
				052CE6B81A3F51340026EAA9 /* CNTextLine.h in CopyFiles */,
				052CE6B61A3F512B0026EAA9 /* CNText.h in CopyFiles */,
				053402AA1A3B628C0093FF03 /* CNValue.h in CopyFiles */,
				053402A81A3B627E0093FF03 /* CNNode.h in CopyFiles */,
				053402A71A3B627A0093FF03 /* CNGraph.h in CopyFiles */,
				053402A61A3B62760093FF03 /* CNEdge.h in CopyFiles */,
				053402A51A3B62710093FF03 /* CNList.h in CopyFiles */,
				053402A41A3B626D0093FF03 /* Coconut.h in CopyFiles */,
				053402A31A3B62680093FF03 /* CNForwarders.h in CopyFiles */,
			);
			runOnlyForDeploymentPostprocessing = 0;
		};
/* End PBXCopyFilesBuildPhase section */

/* Begin PBXFileReference section */
		05164EF61A4F9C2700048DE5 /* CNErrorLocation.h */ = {isa = PBXFileReference; fileEncoding = 4; lastKnownFileType = sourcecode.c.h; name = CNErrorLocation.h; path = ../Source/Error/CNErrorLocation.h; sourceTree = "<group>"; };
		05164EF71A4F9C2700048DE5 /* CNErrorLocation.m */ = {isa = PBXFileReference; fileEncoding = 4; lastKnownFileType = sourcecode.c.objc; name = CNErrorLocation.m; path = ../Source/Error/CNErrorLocation.m; sourceTree = "<group>"; };
		05164EFA1A4FA65500048DE5 /* CNErrorList.h */ = {isa = PBXFileReference; fileEncoding = 4; lastKnownFileType = sourcecode.c.h; name = CNErrorList.h; path = ../Source/Error/CNErrorList.h; sourceTree = "<group>"; };
		05164EFB1A4FA65500048DE5 /* CNErrorList.m */ = {isa = PBXFileReference; fileEncoding = 4; lastKnownFileType = sourcecode.c.objc; name = CNErrorList.m; path = ../Source/Error/CNErrorList.m; sourceTree = "<group>"; };
		05283F631AEBC28100EA6FD8 /* CNRandom.h */ = {isa = PBXFileReference; fileEncoding = 4; lastKnownFileType = sourcecode.c.h; path = CNRandom.h; sourceTree = "<group>"; };
		05283F641AEBC28100EA6FD8 /* CNRandom.m */ = {isa = PBXFileReference; fileEncoding = 4; lastKnownFileType = sourcecode.c.objc; path = CNRandom.m; sourceTree = "<group>"; };
		052CE6AA1A3F506A0026EAA9 /* CNText.h */ = {isa = PBXFileReference; fileEncoding = 4; lastKnownFileType = sourcecode.c.h; name = CNText.h; path = ../Source/Text/CNText.h; sourceTree = SOURCE_ROOT; };
		052CE6AB1A3F506A0026EAA9 /* CNText.m */ = {isa = PBXFileReference; fileEncoding = 4; lastKnownFileType = sourcecode.c.objc; name = CNText.m; path = ../Source/Text/CNText.m; sourceTree = SOURCE_ROOT; };
		052CE6AE1A3F506A0026EAA9 /* CNTextLine.h */ = {isa = PBXFileReference; fileEncoding = 4; lastKnownFileType = sourcecode.c.h; name = CNTextLine.h; path = ../Source/Text/CNTextLine.h; sourceTree = SOURCE_ROOT; };
		052CE6AF1A3F506A0026EAA9 /* CNTextLine.m */ = {isa = PBXFileReference; fileEncoding = 4; lastKnownFileType = sourcecode.c.objc; name = CNTextLine.m; path = ../Source/Text/CNTextLine.m; sourceTree = SOURCE_ROOT; };
		052CE6B01A3F506A0026EAA9 /* CNTextSection.h */ = {isa = PBXFileReference; fileEncoding = 4; lastKnownFileType = sourcecode.c.h; name = CNTextSection.h; path = ../Source/Text/CNTextSection.h; sourceTree = SOURCE_ROOT; };
		052CE6B11A3F506A0026EAA9 /* CNTextSection.m */ = {isa = PBXFileReference; fileEncoding = 4; lastKnownFileType = sourcecode.c.objc; name = CNTextSection.m; path = ../Source/Text/CNTextSection.m; sourceTree = SOURCE_ROOT; };
		052CE6C01A3F51A00026EAA9 /* install.mk */ = {isa = PBXFileReference; fileEncoding = 4; lastKnownFileType = text; path = install.mk; sourceTree = "<group>"; };
		056BD4461AADFFBD00D9171D /* CNCountTimer.h */ = {isa = PBXFileReference; fileEncoding = 4; lastKnownFileType = sourcecode.c.h; name = CNCountTimer.h; path = ../../Source/Timer/CNCountTimer.h; sourceTree = "<group>"; };
		056BD4471AADFFBD00D9171D /* CNCountTimer.m */ = {isa = PBXFileReference; fileEncoding = 4; lastKnownFileType = sourcecode.c.objc; name = CNCountTimer.m; path = ../../Source/Timer/CNCountTimer.m; sourceTree = "<group>"; };
		0578436B1A50281800831A95 /* CNRegularExpression.h */ = {isa = PBXFileReference; fileEncoding = 4; lastKnownFileType = sourcecode.c.h; name = CNRegularExpression.h; path = ../Source/Text/CNRegularExpression.h; sourceTree = SOURCE_ROOT; };
		0578436C1A50281800831A95 /* CNRegularExpression.m */ = {isa = PBXFileReference; fileEncoding = 4; lastKnownFileType = sourcecode.c.objc; name = CNRegularExpression.m; path = ../Source/Text/CNRegularExpression.m; sourceTree = SOURCE_ROOT; };
		058A67B51A4D1B1400033BEB /* CNInputFile.h */ = {isa = PBXFileReference; fileEncoding = 4; lastKnownFileType = sourcecode.c.h; name = CNInputFile.h; path = ../Source/File/CNInputFile.h; sourceTree = "<group>"; };
		058A67B61A4D1B1400033BEB /* CNInputFile.m */ = {isa = PBXFileReference; fileEncoding = 4; lastKnownFileType = sourcecode.c.objc; name = CNInputFile.m; path = ../Source/File/CNInputFile.m; sourceTree = "<group>"; };
		058A67B71A4D1B1400033BEB /* CNInputStream.h */ = {isa = PBXFileReference; fileEncoding = 4; lastKnownFileType = sourcecode.c.h; name = CNInputStream.h; path = ../Source/File/CNInputStream.h; sourceTree = "<group>"; };
		058A67B81A4D1B1400033BEB /* CNInputStream.m */ = {isa = PBXFileReference; fileEncoding = 4; lastKnownFileType = sourcecode.c.objc; name = CNInputStream.m; path = ../Source/File/CNInputStream.m; sourceTree = "<group>"; };
		058A67B91A4D1B1400033BEB /* CNURL.h */ = {isa = PBXFileReference; fileEncoding = 4; lastKnownFileType = sourcecode.c.h; name = CNURL.h; path = ../Source/File/CNURL.h; sourceTree = "<group>"; };
		058A67BA1A4D1B1400033BEB /* CNURL.m */ = {isa = PBXFileReference; fileEncoding = 4; lastKnownFileType = sourcecode.c.objc; name = CNURL.m; path = ../Source/File/CNURL.m; sourceTree = "<group>"; };
		058A67BF1A4D1B6000033BEB /* CNError.h */ = {isa = PBXFileReference; fileEncoding = 4; lastKnownFileType = sourcecode.c.h; name = CNError.h; path = ../Source/Error/CNError.h; sourceTree = "<group>"; };
		058A67C01A4D1B6000033BEB /* CNError.m */ = {isa = PBXFileReference; fileEncoding = 4; lastKnownFileType = sourcecode.c.objc; name = CNError.m; path = ../Source/Error/CNError.m; sourceTree = "<group>"; };
		059D3DCF1A3400E700FAB027 /* libCoconut.a */ = {isa = PBXFileReference; explicitFileType = archive.ar; includeInIndex = 0; path = libCoconut.a; sourceTree = BUILT_PRODUCTS_DIR; };
		05B1B23D1A595FDB0070A440 /* CNTextCompound.h */ = {isa = PBXFileReference; fileEncoding = 4; lastKnownFileType = sourcecode.c.h; name = CNTextCompound.h; path = ../Source/Text/CNTextCompound.h; sourceTree = "<group>"; };
		05B1B23E1A595FDB0070A440 /* CNTextCompound.m */ = {isa = PBXFileReference; fileEncoding = 4; lastKnownFileType = sourcecode.c.objc; name = CNTextCompound.m; path = ../Source/Text/CNTextCompound.m; sourceTree = "<group>"; };
		05D2C2A51A34013800F9F3DB /* CNForwarders.h */ = {isa = PBXFileReference; fileEncoding = 4; lastKnownFileType = sourcecode.c.h; name = CNForwarders.h; path = ../Source/Common/CNForwarders.h; sourceTree = SOURCE_ROOT; };
		05D2C2A61A34013800F9F3DB /* Coconut.h */ = {isa = PBXFileReference; fileEncoding = 4; lastKnownFileType = sourcecode.c.h; name = Coconut.h; path = ../Source/Common/Coconut.h; sourceTree = SOURCE_ROOT; };
		05D2C2A81A34017B00F9F3DB /* CNList.h */ = {isa = PBXFileReference; fileEncoding = 4; lastKnownFileType = sourcecode.c.h; name = CNList.h; path = ../Source/List/CNList.h; sourceTree = SOURCE_ROOT; };
		05D2C2A91A34017B00F9F3DB /* CNList.m */ = {isa = PBXFileReference; fileEncoding = 4; lastKnownFileType = sourcecode.c.objc; name = CNList.m; path = ../Source/List/CNList.m; sourceTree = SOURCE_ROOT; };
		05D2C2AC1A3401BD00F9F3DB /* CNEdge.h */ = {isa = PBXFileReference; fileEncoding = 4; lastKnownFileType = sourcecode.c.h; name = CNEdge.h; path = ../Source/Graph/CNEdge.h; sourceTree = SOURCE_ROOT; };
		05D2C2AD1A3401BD00F9F3DB /* CNEdge.m */ = {isa = PBXFileReference; fileEncoding = 4; lastKnownFileType = sourcecode.c.objc; name = CNEdge.m; path = ../Source/Graph/CNEdge.m; sourceTree = SOURCE_ROOT; };
		05D2C2AE1A3401BD00F9F3DB /* CNGraph.h */ = {isa = PBXFileReference; fileEncoding = 4; lastKnownFileType = sourcecode.c.h; name = CNGraph.h; path = ../Source/Graph/CNGraph.h; sourceTree = SOURCE_ROOT; };
		05D2C2AF1A3401BD00F9F3DB /* CNGraph.m */ = {isa = PBXFileReference; fileEncoding = 4; lastKnownFileType = sourcecode.c.objc; name = CNGraph.m; path = ../Source/Graph/CNGraph.m; sourceTree = SOURCE_ROOT; };
		05D2C2B01A3401BD00F9F3DB /* CNNode.h */ = {isa = PBXFileReference; fileEncoding = 4; lastKnownFileType = sourcecode.c.h; name = CNNode.h; path = ../Source/Graph/CNNode.h; sourceTree = SOURCE_ROOT; };
		05D2C2B11A3401BD00F9F3DB /* CNNode.m */ = {isa = PBXFileReference; fileEncoding = 4; lastKnownFileType = sourcecode.c.objc; name = CNNode.m; path = ../Source/Graph/CNNode.m; sourceTree = SOURCE_ROOT; };
		05D2C2B61A34026200F9F3DB /* CNValue.h */ = {isa = PBXFileReference; fileEncoding = 4; lastKnownFileType = sourcecode.c.h; name = CNValue.h; path = ../Source/Value/CNValue.h; sourceTree = SOURCE_ROOT; };
		05D2C2B71A34026200F9F3DB /* CNValue.m */ = {isa = PBXFileReference; fileEncoding = 4; lastKnownFileType = sourcecode.c.objc; name = CNValue.m; path = ../Source/Value/CNValue.m; sourceTree = SOURCE_ROOT; };
		05D9EC011AB5A38B00FBEA28 /* CNNotifierObject.h */ = {isa = PBXFileReference; fileEncoding = 4; lastKnownFileType = sourcecode.c.h; name = CNNotifierObject.h; path = ../../Source/Observer/CNNotifierObject.h; sourceTree = "<group>"; };
		05D9EC021AB5A38B00FBEA28 /* CNNotifierObject.m */ = {isa = PBXFileReference; fileEncoding = 4; lastKnownFileType = sourcecode.c.objc; name = CNNotifierObject.m; path = ../../Source/Observer/CNNotifierObject.m; sourceTree = "<group>"; };
		05EDC4861A61641400854526 /* CNTextVisitor.h */ = {isa = PBXFileReference; fileEncoding = 4; lastKnownFileType = sourcecode.c.h; name = CNTextVisitor.h; path = ../Source/Text/CNTextVisitor.h; sourceTree = "<group>"; };
		05EDC4871A61641400854526 /* CNTextVisitor.m */ = {isa = PBXFileReference; fileEncoding = 4; lastKnownFileType = sourcecode.c.objc; name = CNTextVisitor.m; path = ../Source/Text/CNTextVisitor.m; sourceTree = "<group>"; };
/* End PBXFileReference section */

/* Begin PBXFrameworksBuildPhase section */
		059D3DCC1A3400E700FAB027 /* Frameworks */ = {
			isa = PBXFrameworksBuildPhase;
			buildActionMask = 2147483647;
			files = (
			);
			runOnlyForDeploymentPostprocessing = 0;
		};
/* End PBXFrameworksBuildPhase section */

/* Begin PBXGroup section */
		05283F621AEBC25300EA6FD8 /* Number */ = {
			isa = PBXGroup;
			children = (
				05283F631AEBC28100EA6FD8 /* CNRandom.h */,
				05283F641AEBC28100EA6FD8 /* CNRandom.m */,
			);
			name = Number;
			path = ../Source/Number;
			sourceTree = SOURCE_ROOT;
		};
		052CE6A91A3F50540026EAA9 /* Text */ = {
			isa = PBXGroup;
			children = (
				052CE6AA1A3F506A0026EAA9 /* CNText.h */,
				052CE6AB1A3F506A0026EAA9 /* CNText.m */,
				05B1B23D1A595FDB0070A440 /* CNTextCompound.h */,
				05B1B23E1A595FDB0070A440 /* CNTextCompound.m */,
				052CE6AE1A3F506A0026EAA9 /* CNTextLine.h */,
				052CE6AF1A3F506A0026EAA9 /* CNTextLine.m */,
				052CE6B01A3F506A0026EAA9 /* CNTextSection.h */,
				052CE6B11A3F506A0026EAA9 /* CNTextSection.m */,
				05EDC4861A61641400854526 /* CNTextVisitor.h */,
				05EDC4871A61641400854526 /* CNTextVisitor.m */,
				0578436B1A50281800831A95 /* CNRegularExpression.h */,
				0578436C1A50281800831A95 /* CNRegularExpression.m */,
			);
			name = Text;
			sourceTree = SOURCE_ROOT;
		};
		052CE6C11A3F51B90026EAA9 /* Support */ = {
			isa = PBXGroup;
			children = (
				052CE6C01A3F51A00026EAA9 /* install.mk */,
			);
			name = Support;
			sourceTree = "<group>";
		};
		0534029F1A3B563D0093FF03 /* Error */ = {
			isa = PBXGroup;
			children = (
				058A67BF1A4D1B6000033BEB /* CNError.h */,
				058A67C01A4D1B6000033BEB /* CNError.m */,
				05164EF61A4F9C2700048DE5 /* CNErrorLocation.h */,
				05164EF71A4F9C2700048DE5 /* CNErrorLocation.m */,
				05164EFA1A4FA65500048DE5 /* CNErrorList.h */,
				05164EFB1A4FA65500048DE5 /* CNErrorList.m */,
			);
			name = Error;
			sourceTree = SOURCE_ROOT;
		};
		056BD4451AADFFA400D9171D /* Timer */ = {
			isa = PBXGroup;
			children = (
				056BD4461AADFFBD00D9171D /* CNCountTimer.h */,
				056BD4471AADFFBD00D9171D /* CNCountTimer.m */,
			);
			name = Timer;
			path = ../Source/Timer;
			sourceTree = SOURCE_ROOT;
		};
		058A67B41A4D1AFA00033BEB /* File */ = {
			isa = PBXGroup;
			children = (
				058A67B51A4D1B1400033BEB /* CNInputFile.h */,
				058A67B61A4D1B1400033BEB /* CNInputFile.m */,
				058A67B71A4D1B1400033BEB /* CNInputStream.h */,
				058A67B81A4D1B1400033BEB /* CNInputStream.m */,
				058A67B91A4D1B1400033BEB /* CNURL.h */,
				058A67BA1A4D1B1400033BEB /* CNURL.m */,
			);
			name = File;
			sourceTree = SOURCE_ROOT;
		};
		059D3DC61A3400E700FAB027 = {
			isa = PBXGroup;
			children = (
				059D3DD11A3400E700FAB027 /* Source */,
				052CE6C11A3F51B90026EAA9 /* Support */,
				059D3DD01A3400E700FAB027 /* Products */,
			);
			sourceTree = "<group>";
		};
		059D3DD01A3400E700FAB027 /* Products */ = {
			isa = PBXGroup;
			children = (
				059D3DCF1A3400E700FAB027 /* libCoconut.a */,
			);
			name = Products;
			sourceTree = "<group>";
		};
		059D3DD11A3400E700FAB027 /* Source */ = {
			isa = PBXGroup;
			children = (
				05D2C2A41A34012800F9F3DB /* Common */,
				0534029F1A3B563D0093FF03 /* Error */,
				052CE6A91A3F50540026EAA9 /* Text */,
				05D2C2A71A34016100F9F3DB /* List */,
				05D2C2AB1A3401A900F9F3DB /* Graph */,
				056BD4451AADFFA400D9171D /* Timer */,
				05283F621AEBC25300EA6FD8 /* Number */,
				05D2C2B51A34024E00F9F3DB /* Value */,
				058A67B41A4D1AFA00033BEB /* File */,
				05D9EC001AB5A37700FBEA28 /* Observer */,
			);
			name = Source;
			path = Coconut;
			sourceTree = "<group>";
		};
		05D2C2A41A34012800F9F3DB /* Common */ = {
			isa = PBXGroup;
			children = (
				05D2C2A51A34013800F9F3DB /* CNForwarders.h */,
				05D2C2A61A34013800F9F3DB /* Coconut.h */,
			);
			name = Common;
			sourceTree = "<group>";
		};
		05D2C2A71A34016100F9F3DB /* List */ = {
			isa = PBXGroup;
			children = (
				05D2C2A81A34017B00F9F3DB /* CNList.h */,
				05D2C2A91A34017B00F9F3DB /* CNList.m */,
			);
			name = List;
			sourceTree = "<group>";
		};
		05D2C2AB1A3401A900F9F3DB /* Graph */ = {
			isa = PBXGroup;
			children = (
				05D2C2AC1A3401BD00F9F3DB /* CNEdge.h */,
				05D2C2AD1A3401BD00F9F3DB /* CNEdge.m */,
				05D2C2AE1A3401BD00F9F3DB /* CNGraph.h */,
				05D2C2AF1A3401BD00F9F3DB /* CNGraph.m */,
				05D2C2B01A3401BD00F9F3DB /* CNNode.h */,
				05D2C2B11A3401BD00F9F3DB /* CNNode.m */,
			);
			name = Graph;
			sourceTree = "<group>";
		};
		05D2C2B51A34024E00F9F3DB /* Value */ = {
			isa = PBXGroup;
			children = (
				05D2C2B61A34026200F9F3DB /* CNValue.h */,
				05D2C2B71A34026200F9F3DB /* CNValue.m */,
			);
			name = Value;
			sourceTree = "<group>";
		};
		05D9EC001AB5A37700FBEA28 /* Observer */ = {
			isa = PBXGroup;
			children = (
				05D9EC011AB5A38B00FBEA28 /* CNNotifierObject.h */,
				05D9EC021AB5A38B00FBEA28 /* CNNotifierObject.m */,
			);
			name = Observer;
			path = ../Source/Observer;
			sourceTree = SOURCE_ROOT;
		};
/* End PBXGroup section */

/* Begin PBXLegacyTarget section */
		052CE6BA1A3F516A0026EAA9 /* Install */ = {
			isa = PBXLegacyTarget;
			buildArgumentsString = "-f install.mk";
			buildConfigurationList = 052CE6BB1A3F516A0026EAA9 /* Build configuration list for PBXLegacyTarget "Install" */;
			buildPhases = (
			);
			buildToolPath = /usr/bin/make;
			buildWorkingDirectory = "";
			dependencies = (
				052CE6BF1A3F51720026EAA9 /* PBXTargetDependency */,
			);
			name = Install;
			passBuildSettingsInEnvironment = 1;
			productName = Install;
		};
/* End PBXLegacyTarget section */

/* Begin PBXNativeTarget section */
		059D3DCE1A3400E700FAB027 /* Coconut */ = {
			isa = PBXNativeTarget;
			buildConfigurationList = 059D3DE31A3400E700FAB027 /* Build configuration list for PBXNativeTarget "Coconut" */;
			buildPhases = (
				059D3DCB1A3400E700FAB027 /* Sources */,
				059D3DCC1A3400E700FAB027 /* Frameworks */,
				059D3DCD1A3400E700FAB027 /* CopyFiles */,
			);
			buildRules = (
			);
			dependencies = (
			);
			name = Coconut;
			productName = Coconut;
			productReference = 059D3DCF1A3400E700FAB027 /* libCoconut.a */;
			productType = "com.apple.product-type.library.static";
		};
/* End PBXNativeTarget section */

/* Begin PBXProject section */
		059D3DC71A3400E700FAB027 /* Project object */ = {
			isa = PBXProject;
			attributes = {
				LastUpgradeCheck = 0610;
				ORGANIZATIONNAME = "Steel Wheels Project";
				TargetAttributes = {
					052CE6BA1A3F516A0026EAA9 = {
						CreatedOnToolsVersion = 6.1.1;
					};
					059D3DCE1A3400E700FAB027 = {
						CreatedOnToolsVersion = 6.1;
					};
				};
			};
			buildConfigurationList = 059D3DCA1A3400E700FAB027 /* Build configuration list for PBXProject "Coconut" */;
			compatibilityVersion = "Xcode 3.2";
			developmentRegion = English;
			hasScannedForEncodings = 0;
			knownRegions = (
				en,
			);
			mainGroup = 059D3DC61A3400E700FAB027;
			productRefGroup = 059D3DD01A3400E700FAB027 /* Products */;
			projectDirPath = "";
			projectRoot = "";
			targets = (
				059D3DCE1A3400E700FAB027 /* Coconut */,
				052CE6BA1A3F516A0026EAA9 /* Install */,
			);
		};
/* End PBXProject section */

/* Begin PBXSourcesBuildPhase section */
		059D3DCB1A3400E700FAB027 /* Sources */ = {
			isa = PBXSourcesBuildPhase;
			buildActionMask = 2147483647;
			files = (
				05D9EC031AB5A38B00FBEA28 /* CNNotifierObject.m in Sources */,
				05D2C2AA1A34017B00F9F3DB /* CNList.m in Sources */,
				05EDC4881A61641400854526 /* CNTextVisitor.m in Sources */,
				052CE6B51A3F506A0026EAA9 /* CNTextSection.m in Sources */,
				0578436D1A50281800831A95 /* CNRegularExpression.m in Sources */,
				052CE6B21A3F506A0026EAA9 /* CNText.m in Sources */,
				058A67BB1A4D1B1400033BEB /* CNInputFile.m in Sources */,
				056BD4481AADFFBD00D9171D /* CNCountTimer.m in Sources */,
				05D2C2B21A3401BD00F9F3DB /* CNEdge.m in Sources */,
				05B1B23F1A595FDB0070A440 /* CNTextCompound.m in Sources */,
				058A67BC1A4D1B1400033BEB /* CNInputStream.m in Sources */,
				058A67BD1A4D1B1400033BEB /* CNURL.m in Sources */,
				05164EF81A4F9C2700048DE5 /* CNErrorLocation.m in Sources */,
				05D2C2B41A3401BD00F9F3DB /* CNNode.m in Sources */,
				05164EFC1A4FA65500048DE5 /* CNErrorList.m in Sources */,
				05283F651AEBC28100EA6FD8 /* CNRandom.m in Sources */,
				052CE6B41A3F506A0026EAA9 /* CNTextLine.m in Sources */,
				05D2C2B81A34026200F9F3DB /* CNValue.m in Sources */,
				05D2C2B31A3401BD00F9F3DB /* CNGraph.m in Sources */,
				058A67C11A4D1B6000033BEB /* CNError.m in Sources */,
			);
			runOnlyForDeploymentPostprocessing = 0;
		};
/* End PBXSourcesBuildPhase section */

/* Begin PBXTargetDependency section */
		052CE6BF1A3F51720026EAA9 /* PBXTargetDependency */ = {
			isa = PBXTargetDependency;
			target = 059D3DCE1A3400E700FAB027 /* Coconut */;
			targetProxy = 052CE6BE1A3F51720026EAA9 /* PBXContainerItemProxy */;
		};
/* End PBXTargetDependency section */

/* Begin XCBuildConfiguration section */
		052CE6BC1A3F516A0026EAA9 /* Debug */ = {
			isa = XCBuildConfiguration;
			buildSettings = {
				DEBUGGING_SYMBOLS = YES;
				GCC_GENERATE_DEBUGGING_SYMBOLS = YES;
				GCC_OPTIMIZATION_LEVEL = 0;
				GCC_PREPROCESSOR_DEFINITIONS = (
					"DEBUG=1",
					"$(inherited)",
				);
				MACOSX_DEPLOYMENT_TARGET = 10.10;
				OTHER_CFLAGS = "";
				OTHER_LDFLAGS = "";
				PRODUCT_NAME = "$(TARGET_NAME)";
				SDKROOT = macosx;
			};
			name = Debug;
		};
		052CE6BD1A3F516A0026EAA9 /* Release */ = {
			isa = XCBuildConfiguration;
			buildSettings = {
				DEBUG_INFORMATION_FORMAT = "dwarf-with-dsym";
				MACOSX_DEPLOYMENT_TARGET = 10.10;
				OTHER_CFLAGS = "";
				OTHER_LDFLAGS = "";
				PRODUCT_NAME = "$(TARGET_NAME)";
				SDKROOT = macosx;
			};
			name = Release;
		};
		059D3DE11A3400E700FAB027 /* Debug */ = {
			isa = XCBuildConfiguration;
			buildSettings = {
				ALWAYS_SEARCH_USER_PATHS = NO;
				CLANG_CXX_LANGUAGE_STANDARD = "gnu++0x";
				CLANG_CXX_LIBRARY = "libc++";
				CLANG_ENABLE_MODULES = YES;
				CLANG_ENABLE_OBJC_ARC = YES;
				CLANG_WARN_BOOL_CONVERSION = YES;
				CLANG_WARN_CONSTANT_CONVERSION = YES;
				CLANG_WARN_DIRECT_OBJC_ISA_USAGE = YES_ERROR;
				CLANG_WARN_EMPTY_BODY = YES;
				CLANG_WARN_ENUM_CONVERSION = YES;
				CLANG_WARN_INT_CONVERSION = YES;
				CLANG_WARN_OBJC_ROOT_CLASS = YES_ERROR;
				CLANG_WARN_UNREACHABLE_CODE = YES;
				CLANG_WARN__DUPLICATE_METHOD_MATCH = YES;
				COPY_PHASE_STRIP = NO;
				ENABLE_STRICT_OBJC_MSGSEND = YES;
				GCC_C_LANGUAGE_STANDARD = gnu99;
				GCC_DYNAMIC_NO_PIC = NO;
				GCC_OPTIMIZATION_LEVEL = 0;
				GCC_PREPROCESSOR_DEFINITIONS = (
					"DEBUG=1",
					"$(inherited)",
				);
				GCC_SYMBOLS_PRIVATE_EXTERN = NO;
				GCC_WARN_64_TO_32_BIT_CONVERSION = YES;
				GCC_WARN_ABOUT_RETURN_TYPE = YES_ERROR;
				GCC_WARN_UNDECLARED_SELECTOR = YES;
				GCC_WARN_UNINITIALIZED_AUTOS = YES_AGGRESSIVE;
				GCC_WARN_UNUSED_FUNCTION = YES;
				GCC_WARN_UNUSED_VARIABLE = YES;
				IPHONEOS_DEPLOYMENT_TARGET = 8.1;
				MTL_ENABLE_DEBUG_INFO = YES;
				ONLY_ACTIVE_ARCH = YES;
				SDKROOT = iphoneos;
			};
			name = Debug;
		};
		059D3DE21A3400E700FAB027 /* Release */ = {
			isa = XCBuildConfiguration;
			buildSettings = {
				ALWAYS_SEARCH_USER_PATHS = NO;
				CLANG_CXX_LANGUAGE_STANDARD = "gnu++0x";
				CLANG_CXX_LIBRARY = "libc++";
				CLANG_ENABLE_MODULES = YES;
				CLANG_ENABLE_OBJC_ARC = YES;
				CLANG_WARN_BOOL_CONVERSION = YES;
				CLANG_WARN_CONSTANT_CONVERSION = YES;
				CLANG_WARN_DIRECT_OBJC_ISA_USAGE = YES_ERROR;
				CLANG_WARN_EMPTY_BODY = YES;
				CLANG_WARN_ENUM_CONVERSION = YES;
				CLANG_WARN_INT_CONVERSION = YES;
				CLANG_WARN_OBJC_ROOT_CLASS = YES_ERROR;
				CLANG_WARN_UNREACHABLE_CODE = YES;
				CLANG_WARN__DUPLICATE_METHOD_MATCH = YES;
				COPY_PHASE_STRIP = YES;
				ENABLE_NS_ASSERTIONS = NO;
				ENABLE_STRICT_OBJC_MSGSEND = YES;
				GCC_C_LANGUAGE_STANDARD = gnu99;
				GCC_WARN_64_TO_32_BIT_CONVERSION = YES;
				GCC_WARN_ABOUT_RETURN_TYPE = YES_ERROR;
				GCC_WARN_UNDECLARED_SELECTOR = YES;
				GCC_WARN_UNINITIALIZED_AUTOS = YES_AGGRESSIVE;
				GCC_WARN_UNUSED_FUNCTION = YES;
				GCC_WARN_UNUSED_VARIABLE = YES;
				IPHONEOS_DEPLOYMENT_TARGET = 8.1;
				MTL_ENABLE_DEBUG_INFO = NO;
				SDKROOT = iphoneos;
				VALIDATE_PRODUCT = YES;
			};
			name = Release;
		};
		059D3DE41A3400E700FAB027 /* Debug */ = {
			isa = XCBuildConfiguration;
			buildSettings = {
				GCC_TREAT_WARNINGS_AS_ERRORS = YES;
				INSTALL_PATH = "$(HOME)/local/lib";
				OTHER_CFLAGS = (
					"-W",
					"-Wall",
				);
				OTHER_LDFLAGS = "-ObjC";
				PRODUCT_NAME = "$(TARGET_NAME)";
				SKIP_INSTALL = NO;
			};
			name = Debug;
		};
		059D3DE51A3400E700FAB027 /* Release */ = {
			isa = XCBuildConfiguration;
			buildSettings = {
				GCC_TREAT_WARNINGS_AS_ERRORS = YES;
				INSTALL_PATH = "$(HOME)/local/lib";
				OTHER_CFLAGS = (
					"-W",
					"-Wall",
				);
				OTHER_LDFLAGS = "-ObjC";
				PRODUCT_NAME = "$(TARGET_NAME)";
				SKIP_INSTALL = NO;
			};
			name = Release;
		};
/* End XCBuildConfiguration section */

/* Begin XCConfigurationList section */
		052CE6BB1A3F516A0026EAA9 /* Build configuration list for PBXLegacyTarget "Install" */ = {
			isa = XCConfigurationList;
			buildConfigurations = (
				052CE6BC1A3F516A0026EAA9 /* Debug */,
				052CE6BD1A3F516A0026EAA9 /* Release */,
			);
			defaultConfigurationIsVisible = 0;
			defaultConfigurationName = Release;
		};
		059D3DCA1A3400E700FAB027 /* Build configuration list for PBXProject "Coconut" */ = {
			isa = XCConfigurationList;
			buildConfigurations = (
				059D3DE11A3400E700FAB027 /* Debug */,
				059D3DE21A3400E700FAB027 /* Release */,
			);
			defaultConfigurationIsVisible = 0;
			defaultConfigurationName = Release;
		};
		059D3DE31A3400E700FAB027 /* Build configuration list for PBXNativeTarget "Coconut" */ = {
			isa = XCConfigurationList;
			buildConfigurations = (
				059D3DE41A3400E700FAB027 /* Debug */,
				059D3DE51A3400E700FAB027 /* Release */,
			);
			defaultConfigurationIsVisible = 0;
			defaultConfigurationName = Release;
		};
/* End XCConfigurationList section */
	};
	rootObject = 059D3DC71A3400E700FAB027 /* Project object */;
}
