// !$*UTF8*$!
{
	archiveVersion = 1;
	classes = {
	};
	objectVersion = 46;
	objects = {

/* Begin PBXBuildFile section */
		051EB9501A3C121800B0FBC0 /* CNError.h in Headers */ = {isa = PBXBuildFile; fileRef = 051EB94E1A3C121800B0FBC0 /* CNError.h */; settings = {ATTRIBUTES = (Public, ); }; };
		051EB9511A3C121800B0FBC0 /* CNError.m in Sources */ = {isa = PBXBuildFile; fileRef = 051EB94F1A3C121800B0FBC0 /* CNError.m */; };
		051EB9531A3C12E800B0FBC0 /* UTError.m in Sources */ = {isa = PBXBuildFile; fileRef = 051EB9521A3C12E800B0FBC0 /* UTError.m */; };
		051EB9551A3C171D00B0FBC0 /* UTValue.m in Sources */ = {isa = PBXBuildFile; fileRef = 051EB9541A3C171D00B0FBC0 /* UTValue.m */; };
		054EAB641A4ED41400516EA3 /* CNRegularExpression.h in Headers */ = {isa = PBXBuildFile; fileRef = 054EAB621A4ED41400516EA3 /* CNRegularExpression.h */; settings = {ATTRIBUTES = (Public, ); }; };
		054EAB651A4ED41400516EA3 /* CNRegularExpression.m in Sources */ = {isa = PBXBuildFile; fileRef = 054EAB631A4ED41400516EA3 /* CNRegularExpression.m */; };
		054EAB671A4EDBDB00516EA3 /* UTRegularExpression.m in Sources */ = {isa = PBXBuildFile; fileRef = 054EAB661A4EDBDB00516EA3 /* UTRegularExpression.m */; };
		056BB0781A4F9B4000F068DC /* CNErrorLocation.h in Headers */ = {isa = PBXBuildFile; fileRef = 056BB0761A4F9B4000F068DC /* CNErrorLocation.h */; settings = {ATTRIBUTES = (Public, ); }; };
		056BB0791A4F9B4000F068DC /* CNErrorLocation.m in Sources */ = {isa = PBXBuildFile; fileRef = 056BB0771A4F9B4000F068DC /* CNErrorLocation.m */; };
		056DC07C1A3F5297002F7EF9 /* UTText.m in Sources */ = {isa = PBXBuildFile; fileRef = 056DC07B1A3F5297002F7EF9 /* UTText.m */; };
		058E6EDC1A3DA365009EE505 /* CNText.h in Headers */ = {isa = PBXBuildFile; fileRef = 058E6EDA1A3DA365009EE505 /* CNText.h */; settings = {ATTRIBUTES = (Public, ); }; };
		058E6EDD1A3DA365009EE505 /* CNText.m in Sources */ = {isa = PBXBuildFile; fileRef = 058E6EDB1A3DA365009EE505 /* CNText.m */; };
		058E6EE01A3DA565009EE505 /* CNTextLine.h in Headers */ = {isa = PBXBuildFile; fileRef = 058E6EDE1A3DA565009EE505 /* CNTextLine.h */; settings = {ATTRIBUTES = (Public, ); }; };
		058E6EE11A3DA565009EE505 /* CNTextLine.m in Sources */ = {isa = PBXBuildFile; fileRef = 058E6EDF1A3DA565009EE505 /* CNTextLine.m */; };
		058E6EE41A3DA689009EE505 /* CNTextSection.h in Headers */ = {isa = PBXBuildFile; fileRef = 058E6EE21A3DA689009EE505 /* CNTextSection.h */; settings = {ATTRIBUTES = (Public, ); }; };
		058E6EE51A3DA689009EE505 /* CNTextSection.m in Sources */ = {isa = PBXBuildFile; fileRef = 058E6EE31A3DA689009EE505 /* CNTextSection.m */; };
		059D3DB91A33FE8600FAB027 /* UnitTest.m in Sources */ = {isa = PBXBuildFile; fileRef = 059D3DB71A33FE8600FAB027 /* UnitTest.m */; };
		059D3DBA1A33FE8600FAB027 /* UTList.m in Sources */ = {isa = PBXBuildFile; fileRef = 059D3DB81A33FE8600FAB027 /* UTList.m */; };
		059D3DBD1A33FEE000FAB027 /* Coconut.framework in Frameworks */ = {isa = PBXBuildFile; fileRef = 059D3DBC1A33FEE000FAB027 /* Coconut.framework */; };
		05A4DF241A33E5C900C912F9 /* CNForwarders.h in Headers */ = {isa = PBXBuildFile; fileRef = 05A4DF221A33E5C900C912F9 /* CNForwarders.h */; settings = {ATTRIBUTES = (Public, ); }; };
		05A4DF251A33E5C900C912F9 /* Coconut.h in Headers */ = {isa = PBXBuildFile; fileRef = 05A4DF231A33E5C900C912F9 /* Coconut.h */; settings = {ATTRIBUTES = (Public, ); }; };
		05A4DF291A33E5FC00C912F9 /* CNList.h in Headers */ = {isa = PBXBuildFile; fileRef = 05A4DF271A33E5FC00C912F9 /* CNList.h */; settings = {ATTRIBUTES = (Public, ); }; };
		05A4DF2A1A33E5FC00C912F9 /* CNList.m in Sources */ = {isa = PBXBuildFile; fileRef = 05A4DF281A33E5FC00C912F9 /* CNList.m */; };
		05A4DF2E1A33E80900C912F9 /* CNValue.h in Headers */ = {isa = PBXBuildFile; fileRef = 05A4DF2C1A33E80900C912F9 /* CNValue.h */; settings = {ATTRIBUTES = (Public, ); }; };
		05A4DF2F1A33E80900C912F9 /* CNValue.m in Sources */ = {isa = PBXBuildFile; fileRef = 05A4DF2D1A33E80900C912F9 /* CNValue.m */; };
		05A4DF371A33E82200C912F9 /* CNEdge.h in Headers */ = {isa = PBXBuildFile; fileRef = 05A4DF311A33E82200C912F9 /* CNEdge.h */; settings = {ATTRIBUTES = (Public, ); }; };
		05A4DF381A33E82200C912F9 /* CNEdge.m in Sources */ = {isa = PBXBuildFile; fileRef = 05A4DF321A33E82200C912F9 /* CNEdge.m */; };
		05A4DF391A33E82200C912F9 /* CNGraph.h in Headers */ = {isa = PBXBuildFile; fileRef = 05A4DF331A33E82200C912F9 /* CNGraph.h */; settings = {ATTRIBUTES = (Public, ); }; };
		05A4DF3A1A33E82200C912F9 /* CNGraph.m in Sources */ = {isa = PBXBuildFile; fileRef = 05A4DF341A33E82200C912F9 /* CNGraph.m */; };
		05A4DF3B1A33E82200C912F9 /* CNNode.h in Headers */ = {isa = PBXBuildFile; fileRef = 05A4DF351A33E82200C912F9 /* CNNode.h */; settings = {ATTRIBUTES = (Public, ); }; };
		05A4DF3C1A33E82200C912F9 /* CNNode.m in Sources */ = {isa = PBXBuildFile; fileRef = 05A4DF361A33E82200C912F9 /* CNNode.m */; };
		05B26A1B1A4C6F5200A0C5F8 /* CNInputStream.h in Headers */ = {isa = PBXBuildFile; fileRef = 05B26A191A4C6F5200A0C5F8 /* CNInputStream.h */; settings = {ATTRIBUTES = (Public, ); }; };
		05B26A1C1A4C6F5200A0C5F8 /* CNInputStream.m in Sources */ = {isa = PBXBuildFile; fileRef = 05B26A1A1A4C6F5200A0C5F8 /* CNInputStream.m */; };
		05B26A1F1A4C709A00A0C5F8 /* CNInputFile.h in Headers */ = {isa = PBXBuildFile; fileRef = 05B26A1D1A4C709A00A0C5F8 /* CNInputFile.h */; settings = {ATTRIBUTES = (Public, ); }; };
		05B26A201A4C709A00A0C5F8 /* CNInputFile.m in Sources */ = {isa = PBXBuildFile; fileRef = 05B26A1E1A4C709A00A0C5F8 /* CNInputFile.m */; };
		05B26A311A4C765C00A0C5F8 /* UTFile.m in Sources */ = {isa = PBXBuildFile; fileRef = 05B26A301A4C765C00A0C5F8 /* UTFile.m */; };
		05EF33191A4FA7B500B26136 /* CNErrorList.h in Headers */ = {isa = PBXBuildFile; fileRef = 05EF33171A4FA7B500B26136 /* CNErrorList.h */; settings = {ATTRIBUTES = (Public, ); }; };
		05EF331A1A4FA7B500B26136 /* CNErrorList.m in Sources */ = {isa = PBXBuildFile; fileRef = 05EF33181A4FA7B500B26136 /* CNErrorList.m */; };
		05F63BF71A496AA900086CBE /* CNURL.h in Headers */ = {isa = PBXBuildFile; fileRef = 05F63BF51A496AA900086CBE /* CNURL.h */; settings = {ATTRIBUTES = (Public, ); }; };
		05F63BF81A496AA900086CBE /* CNURL.m in Sources */ = {isa = PBXBuildFile; fileRef = 05F63BF61A496AA900086CBE /* CNURL.m */; };
		05F63BFA1A49800C00086CBE /* UTURL.m in Sources */ = {isa = PBXBuildFile; fileRef = 05F63BF91A49800C00086CBE /* UTURL.m */; };
/* End PBXBuildFile section */

/* Begin PBXContainerItemProxy section */
		059D3DB51A33FE6700FAB027 /* PBXContainerItemProxy */ = {
			isa = PBXContainerItemProxy;
			containerPortal = 05EF371E1A33DBE400723243 /* Project object */;
			proxyType = 1;
			remoteGlobalIDString = 05A4DF3D1A33F9E700C912F9;
			remoteInfo = Install;
		};
		059D3DC21A33FFCC00FAB027 /* PBXContainerItemProxy */ = {
			isa = PBXContainerItemProxy;
			containerPortal = 05EF371E1A33DBE400723243 /* Project object */;
			proxyType = 1;
			remoteGlobalIDString = 059D3DAD1A33FE5B00FAB027;
			remoteInfo = UnitTest;
		};
		05A4DF411A33FA0200C912F9 /* PBXContainerItemProxy */ = {
			isa = PBXContainerItemProxy;
			containerPortal = 05EF371E1A33DBE400723243 /* Project object */;
			proxyType = 1;
			remoteGlobalIDString = 05EF37261A33DBE400723243;
			remoteInfo = Coconut;
		};
/* End PBXContainerItemProxy section */

/* Begin PBXCopyFilesBuildPhase section */
		059D3DAC1A33FE5B00FAB027 /* CopyFiles */ = {
			isa = PBXCopyFilesBuildPhase;
			buildActionMask = 2147483647;
			dstPath = /usr/share/man/man1/;
			dstSubfolderSpec = 0;
			files = (
			);
			runOnlyForDeploymentPostprocessing = 1;
		};
/* End PBXCopyFilesBuildPhase section */

/* Begin PBXFileReference section */
		051EB94E1A3C121800B0FBC0 /* CNError.h */ = {isa = PBXFileReference; fileEncoding = 4; lastKnownFileType = sourcecode.c.h; name = CNError.h; path = ../Source/Error/CNError.h; sourceTree = "<group>"; };
		051EB94F1A3C121800B0FBC0 /* CNError.m */ = {isa = PBXFileReference; fileEncoding = 4; lastKnownFileType = sourcecode.c.objc; name = CNError.m; path = ../Source/Error/CNError.m; sourceTree = "<group>"; };
		051EB9521A3C12E800B0FBC0 /* UTError.m */ = {isa = PBXFileReference; fileEncoding = 4; lastKnownFileType = sourcecode.c.objc; name = UTError.m; path = ../UnitTest/UTError.m; sourceTree = SOURCE_ROOT; };
		051EB9541A3C171D00B0FBC0 /* UTValue.m */ = {isa = PBXFileReference; fileEncoding = 4; lastKnownFileType = sourcecode.c.objc; name = UTValue.m; path = ../UnitTest/UTValue.m; sourceTree = SOURCE_ROOT; };
		054EAB621A4ED41400516EA3 /* CNRegularExpression.h */ = {isa = PBXFileReference; fileEncoding = 4; lastKnownFileType = sourcecode.c.h; name = CNRegularExpression.h; path = ../Source/Text/CNRegularExpression.h; sourceTree = "<group>"; };
		054EAB631A4ED41400516EA3 /* CNRegularExpression.m */ = {isa = PBXFileReference; fileEncoding = 4; lastKnownFileType = sourcecode.c.objc; name = CNRegularExpression.m; path = ../Source/Text/CNRegularExpression.m; sourceTree = "<group>"; };
		054EAB661A4EDBDB00516EA3 /* UTRegularExpression.m */ = {isa = PBXFileReference; fileEncoding = 4; lastKnownFileType = sourcecode.c.objc; name = UTRegularExpression.m; path = ../UnitTest/UTRegularExpression.m; sourceTree = SOURCE_ROOT; };
		056BB0761A4F9B4000F068DC /* CNErrorLocation.h */ = {isa = PBXFileReference; fileEncoding = 4; lastKnownFileType = sourcecode.c.h; name = CNErrorLocation.h; path = ../Source/Error/CNErrorLocation.h; sourceTree = "<group>"; };
		056BB0771A4F9B4000F068DC /* CNErrorLocation.m */ = {isa = PBXFileReference; fileEncoding = 4; lastKnownFileType = sourcecode.c.objc; name = CNErrorLocation.m; path = ../Source/Error/CNErrorLocation.m; sourceTree = "<group>"; };
		056DC07B1A3F5297002F7EF9 /* UTText.m */ = {isa = PBXFileReference; fileEncoding = 4; lastKnownFileType = sourcecode.c.objc; name = UTText.m; path = ../UnitTest/UTText.m; sourceTree = SOURCE_ROOT; };
		058E6EDA1A3DA365009EE505 /* CNText.h */ = {isa = PBXFileReference; fileEncoding = 4; lastKnownFileType = sourcecode.c.h; name = CNText.h; path = ../Source/Text/CNText.h; sourceTree = "<group>"; };
		058E6EDB1A3DA365009EE505 /* CNText.m */ = {isa = PBXFileReference; fileEncoding = 4; lastKnownFileType = sourcecode.c.objc; name = CNText.m; path = ../Source/Text/CNText.m; sourceTree = "<group>"; };
		058E6EDE1A3DA565009EE505 /* CNTextLine.h */ = {isa = PBXFileReference; fileEncoding = 4; lastKnownFileType = sourcecode.c.h; name = CNTextLine.h; path = ../Source/Text/CNTextLine.h; sourceTree = "<group>"; };
		058E6EDF1A3DA565009EE505 /* CNTextLine.m */ = {isa = PBXFileReference; fileEncoding = 4; lastKnownFileType = sourcecode.c.objc; name = CNTextLine.m; path = ../Source/Text/CNTextLine.m; sourceTree = "<group>"; };
		058E6EE21A3DA689009EE505 /* CNTextSection.h */ = {isa = PBXFileReference; fileEncoding = 4; lastKnownFileType = sourcecode.c.h; name = CNTextSection.h; path = ../Source/Text/CNTextSection.h; sourceTree = "<group>"; };
		058E6EE31A3DA689009EE505 /* CNTextSection.m */ = {isa = PBXFileReference; fileEncoding = 4; lastKnownFileType = sourcecode.c.objc; name = CNTextSection.m; path = ../Source/Text/CNTextSection.m; sourceTree = "<group>"; };
		059D3DAE1A33FE5B00FAB027 /* UnitTest */ = {isa = PBXFileReference; explicitFileType = "compiled.mach-o.executable"; includeInIndex = 0; path = UnitTest; sourceTree = BUILT_PRODUCTS_DIR; };
		059D3DB71A33FE8600FAB027 /* UnitTest.m */ = {isa = PBXFileReference; fileEncoding = 4; lastKnownFileType = sourcecode.c.objc; name = UnitTest.m; path = ../UnitTest/UnitTest.m; sourceTree = SOURCE_ROOT; };
		059D3DB81A33FE8600FAB027 /* UTList.m */ = {isa = PBXFileReference; fileEncoding = 4; lastKnownFileType = sourcecode.c.objc; name = UTList.m; path = ../UnitTest/UTList.m; sourceTree = SOURCE_ROOT; };
		059D3DBB1A33FE9D00FAB027 /* UnitTest.h */ = {isa = PBXFileReference; fileEncoding = 4; lastKnownFileType = sourcecode.c.h; name = UnitTest.h; path = ../UnitTest/UnitTest.h; sourceTree = SOURCE_ROOT; };
		059D3DBC1A33FEE000FAB027 /* Coconut.framework */ = {isa = PBXFileReference; lastKnownFileType = wrapper.framework; name = Coconut.framework; path = /Users/tomoo/Library/Frameworks/Coconut.framework; sourceTree = "<absolute>"; };
		059D3DC41A33FFFE00FAB027 /* unit_test.mk */ = {isa = PBXFileReference; fileEncoding = 4; lastKnownFileType = text; path = unit_test.mk; sourceTree = SOURCE_ROOT; };
		05A4DF221A33E5C900C912F9 /* CNForwarders.h */ = {isa = PBXFileReference; fileEncoding = 4; lastKnownFileType = sourcecode.c.h; name = CNForwarders.h; path = ../Source/Common/CNForwarders.h; sourceTree = "<group>"; };
		05A4DF231A33E5C900C912F9 /* Coconut.h */ = {isa = PBXFileReference; fileEncoding = 4; lastKnownFileType = sourcecode.c.h; name = Coconut.h; path = ../Source/Common/Coconut.h; sourceTree = "<group>"; };
		05A4DF271A33E5FC00C912F9 /* CNList.h */ = {isa = PBXFileReference; fileEncoding = 4; lastKnownFileType = sourcecode.c.h; name = CNList.h; path = ../Source/List/CNList.h; sourceTree = "<group>"; };
		05A4DF281A33E5FC00C912F9 /* CNList.m */ = {isa = PBXFileReference; fileEncoding = 4; lastKnownFileType = sourcecode.c.objc; name = CNList.m; path = ../Source/List/CNList.m; sourceTree = "<group>"; };
		05A4DF2C1A33E80900C912F9 /* CNValue.h */ = {isa = PBXFileReference; fileEncoding = 4; lastKnownFileType = sourcecode.c.h; name = CNValue.h; path = ../Source/Value/CNValue.h; sourceTree = "<group>"; };
		05A4DF2D1A33E80900C912F9 /* CNValue.m */ = {isa = PBXFileReference; fileEncoding = 4; lastKnownFileType = sourcecode.c.objc; name = CNValue.m; path = ../Source/Value/CNValue.m; sourceTree = "<group>"; };
		05A4DF311A33E82200C912F9 /* CNEdge.h */ = {isa = PBXFileReference; fileEncoding = 4; lastKnownFileType = sourcecode.c.h; name = CNEdge.h; path = ../Source/Graph/CNEdge.h; sourceTree = "<group>"; };
		05A4DF321A33E82200C912F9 /* CNEdge.m */ = {isa = PBXFileReference; fileEncoding = 4; lastKnownFileType = sourcecode.c.objc; name = CNEdge.m; path = ../Source/Graph/CNEdge.m; sourceTree = "<group>"; };
		05A4DF331A33E82200C912F9 /* CNGraph.h */ = {isa = PBXFileReference; fileEncoding = 4; lastKnownFileType = sourcecode.c.h; name = CNGraph.h; path = ../Source/Graph/CNGraph.h; sourceTree = "<group>"; };
		05A4DF341A33E82200C912F9 /* CNGraph.m */ = {isa = PBXFileReference; fileEncoding = 4; lastKnownFileType = sourcecode.c.objc; name = CNGraph.m; path = ../Source/Graph/CNGraph.m; sourceTree = "<group>"; };
		05A4DF351A33E82200C912F9 /* CNNode.h */ = {isa = PBXFileReference; fileEncoding = 4; lastKnownFileType = sourcecode.c.h; name = CNNode.h; path = ../Source/Graph/CNNode.h; sourceTree = "<group>"; };
		05A4DF361A33E82200C912F9 /* CNNode.m */ = {isa = PBXFileReference; fileEncoding = 4; lastKnownFileType = sourcecode.c.objc; name = CNNode.m; path = ../Source/Graph/CNNode.m; sourceTree = "<group>"; };
		05B26A191A4C6F5200A0C5F8 /* CNInputStream.h */ = {isa = PBXFileReference; fileEncoding = 4; lastKnownFileType = sourcecode.c.h; name = CNInputStream.h; path = ../Source/File/CNInputStream.h; sourceTree = "<group>"; };
		05B26A1A1A4C6F5200A0C5F8 /* CNInputStream.m */ = {isa = PBXFileReference; fileEncoding = 4; lastKnownFileType = sourcecode.c.objc; name = CNInputStream.m; path = ../Source/File/CNInputStream.m; sourceTree = "<group>"; };
		05B26A1D1A4C709A00A0C5F8 /* CNInputFile.h */ = {isa = PBXFileReference; fileEncoding = 4; lastKnownFileType = sourcecode.c.h; name = CNInputFile.h; path = ../Source/File/CNInputFile.h; sourceTree = "<group>"; };
		05B26A1E1A4C709A00A0C5F8 /* CNInputFile.m */ = {isa = PBXFileReference; fileEncoding = 4; lastKnownFileType = sourcecode.c.objc; name = CNInputFile.m; path = ../Source/File/CNInputFile.m; sourceTree = "<group>"; };
		05B26A301A4C765C00A0C5F8 /* UTFile.m */ = {isa = PBXFileReference; fileEncoding = 4; lastKnownFileType = sourcecode.c.objc; name = UTFile.m; path = ../UnitTest/UTFile.m; sourceTree = SOURCE_ROOT; };
		05EF33171A4FA7B500B26136 /* CNErrorList.h */ = {isa = PBXFileReference; fileEncoding = 4; lastKnownFileType = sourcecode.c.h; name = CNErrorList.h; path = ../Source/Error/CNErrorList.h; sourceTree = "<group>"; };
		05EF33181A4FA7B500B26136 /* CNErrorList.m */ = {isa = PBXFileReference; fileEncoding = 4; lastKnownFileType = sourcecode.c.objc; name = CNErrorList.m; path = ../Source/Error/CNErrorList.m; sourceTree = "<group>"; };
		05EF37271A33DBE400723243 /* Coconut.framework */ = {isa = PBXFileReference; explicitFileType = wrapper.framework; includeInIndex = 0; path = Coconut.framework; sourceTree = BUILT_PRODUCTS_DIR; };
		05EF372B1A33DBE400723243 /* Info.plist */ = {isa = PBXFileReference; lastKnownFileType = text.plist.xml; path = Info.plist; sourceTree = SOURCE_ROOT; };
		05F63BF51A496AA900086CBE /* CNURL.h */ = {isa = PBXFileReference; fileEncoding = 4; lastKnownFileType = sourcecode.c.h; name = CNURL.h; path = ../Source/File/CNURL.h; sourceTree = "<group>"; };
		05F63BF61A496AA900086CBE /* CNURL.m */ = {isa = PBXFileReference; fileEncoding = 4; lastKnownFileType = sourcecode.c.objc; name = CNURL.m; path = ../Source/File/CNURL.m; sourceTree = "<group>"; };
		05F63BF91A49800C00086CBE /* UTURL.m */ = {isa = PBXFileReference; fileEncoding = 4; lastKnownFileType = sourcecode.c.objc; name = UTURL.m; path = ../UnitTest/UTURL.m; sourceTree = SOURCE_ROOT; };
/* End PBXFileReference section */

/* Begin PBXFrameworksBuildPhase section */
		059D3DAB1A33FE5B00FAB027 /* Frameworks */ = {
			isa = PBXFrameworksBuildPhase;
			buildActionMask = 2147483647;
			files = (
				059D3DBD1A33FEE000FAB027 /* Coconut.framework in Frameworks */,
			);
			runOnlyForDeploymentPostprocessing = 0;
		};
		05EF37231A33DBE400723243 /* Frameworks */ = {
			isa = PBXFrameworksBuildPhase;
			buildActionMask = 2147483647;
			files = (
			);
			runOnlyForDeploymentPostprocessing = 0;
		};
/* End PBXFrameworksBuildPhase section */

/* Begin PBXGroup section */
		051EB94D1A3C120600B0FBC0 /* Error */ = {
			isa = PBXGroup;
			children = (
				051EB94E1A3C121800B0FBC0 /* CNError.h */,
				051EB94F1A3C121800B0FBC0 /* CNError.m */,
				056BB0761A4F9B4000F068DC /* CNErrorLocation.h */,
				056BB0771A4F9B4000F068DC /* CNErrorLocation.m */,
				05EF33171A4FA7B500B26136 /* CNErrorList.h */,
				05EF33181A4FA7B500B26136 /* CNErrorList.m */,
			);
			name = Error;
			sourceTree = SOURCE_ROOT;
		};
		0557AA811A33DD4200C8B4E7 /* Source */ = {
			isa = PBXGroup;
			children = (
				05A4DF211A33E5BA00C912F9 /* Common */,
				051EB94D1A3C120600B0FBC0 /* Error */,
				05A4DF261A33E5EC00C912F9 /* List */,
				05A4DF2B1A33E7F700C912F9 /* Value */,
				058E6ED51A3DA0D6009EE505 /* Text */,
				05A4DF301A33E80F00C912F9 /* Graph */,
				05F63BF41A49689200086CBE /* File */,
			);
			name = Source;
			sourceTree = "<group>";
		};
		058E6ED51A3DA0D6009EE505 /* Text */ = {
			isa = PBXGroup;
			children = (
				058E6EE21A3DA689009EE505 /* CNTextSection.h */,
				058E6EE31A3DA689009EE505 /* CNTextSection.m */,
				058E6EDE1A3DA565009EE505 /* CNTextLine.h */,
				058E6EDF1A3DA565009EE505 /* CNTextLine.m */,
				058E6EDA1A3DA365009EE505 /* CNText.h */,
				058E6EDB1A3DA365009EE505 /* CNText.m */,
				054EAB621A4ED41400516EA3 /* CNRegularExpression.h */,
				054EAB631A4ED41400516EA3 /* CNRegularExpression.m */,
			);
			name = Text;
			sourceTree = SOURCE_ROOT;
		};
		059D3DAF1A33FE5B00FAB027 /* UnitTest */ = {
			isa = PBXGroup;
			children = (
				059D3DBB1A33FE9D00FAB027 /* UnitTest.h */,
				059D3DB71A33FE8600FAB027 /* UnitTest.m */,
				051EB9521A3C12E800B0FBC0 /* UTError.m */,
				059D3DB81A33FE8600FAB027 /* UTList.m */,
				051EB9541A3C171D00B0FBC0 /* UTValue.m */,
				056DC07B1A3F5297002F7EF9 /* UTText.m */,
				054EAB661A4EDBDB00516EA3 /* UTRegularExpression.m */,
				05F63BF91A49800C00086CBE /* UTURL.m */,
				05B26A301A4C765C00A0C5F8 /* UTFile.m */,
				059D3DC51A34003300FAB027 /* Supporting Files */,
			);
			path = UnitTest;
			sourceTree = SOURCE_ROOT;
		};
		059D3DC51A34003300FAB027 /* Supporting Files */ = {
			isa = PBXGroup;
			children = (
				059D3DBC1A33FEE000FAB027 /* Coconut.framework */,
				059D3DC41A33FFFE00FAB027 /* unit_test.mk */,
			);
			name = "Supporting Files";
			sourceTree = "<group>";
		};
		05A4DF211A33E5BA00C912F9 /* Common */ = {
			isa = PBXGroup;
			children = (
				05A4DF231A33E5C900C912F9 /* Coconut.h */,
				05A4DF221A33E5C900C912F9 /* CNForwarders.h */,
			);
			name = Common;
			sourceTree = SOURCE_ROOT;
		};
		05A4DF261A33E5EC00C912F9 /* List */ = {
			isa = PBXGroup;
			children = (
				05A4DF271A33E5FC00C912F9 /* CNList.h */,
				05A4DF281A33E5FC00C912F9 /* CNList.m */,
			);
			name = List;
			sourceTree = SOURCE_ROOT;
		};
		05A4DF2B1A33E7F700C912F9 /* Value */ = {
			isa = PBXGroup;
			children = (
				05A4DF2C1A33E80900C912F9 /* CNValue.h */,
				05A4DF2D1A33E80900C912F9 /* CNValue.m */,
			);
			name = Value;
			sourceTree = SOURCE_ROOT;
		};
		05A4DF301A33E80F00C912F9 /* Graph */ = {
			isa = PBXGroup;
			children = (
				05A4DF311A33E82200C912F9 /* CNEdge.h */,
				05A4DF321A33E82200C912F9 /* CNEdge.m */,
				05A4DF331A33E82200C912F9 /* CNGraph.h */,
				05A4DF341A33E82200C912F9 /* CNGraph.m */,
				05A4DF351A33E82200C912F9 /* CNNode.h */,
				05A4DF361A33E82200C912F9 /* CNNode.m */,
			);
			name = Graph;
			sourceTree = SOURCE_ROOT;
		};
		05EF371D1A33DBE400723243 = {
			isa = PBXGroup;
			children = (
				0557AA811A33DD4200C8B4E7 /* Source */,
				05EF37291A33DBE400723243 /* Coconut */,
				059D3DAF1A33FE5B00FAB027 /* UnitTest */,
				05EF37281A33DBE400723243 /* Products */,
			);
			sourceTree = "<group>";
		};
		05EF37281A33DBE400723243 /* Products */ = {
			isa = PBXGroup;
			children = (
				05EF37271A33DBE400723243 /* Coconut.framework */,
				059D3DAE1A33FE5B00FAB027 /* UnitTest */,
			);
			name = Products;
			sourceTree = "<group>";
		};
		05EF37291A33DBE400723243 /* Coconut */ = {
			isa = PBXGroup;
			children = (
				05EF372A1A33DBE400723243 /* Supporting Files */,
			);
			path = Coconut;
			sourceTree = "<group>";
		};
		05EF372A1A33DBE400723243 /* Supporting Files */ = {
			isa = PBXGroup;
			children = (
				05EF372B1A33DBE400723243 /* Info.plist */,
			);
			name = "Supporting Files";
			sourceTree = "<group>";
		};
		05F63BF41A49689200086CBE /* File */ = {
			isa = PBXGroup;
			children = (
				05F63BF51A496AA900086CBE /* CNURL.h */,
				05F63BF61A496AA900086CBE /* CNURL.m */,
				05B26A191A4C6F5200A0C5F8 /* CNInputStream.h */,
				05B26A1A1A4C6F5200A0C5F8 /* CNInputStream.m */,
				05B26A1D1A4C709A00A0C5F8 /* CNInputFile.h */,
				05B26A1E1A4C709A00A0C5F8 /* CNInputFile.m */,
			);
			name = File;
			sourceTree = SOURCE_ROOT;
		};
/* End PBXGroup section */

/* Begin PBXHeadersBuildPhase section */
		05EF37241A33DBE400723243 /* Headers */ = {
			isa = PBXHeadersBuildPhase;
			buildActionMask = 2147483647;
			files = (
				05EF33191A4FA7B500B26136 /* CNErrorList.h in Headers */,
				056BB0781A4F9B4000F068DC /* CNErrorLocation.h in Headers */,
				054EAB641A4ED41400516EA3 /* CNRegularExpression.h in Headers */,
				05B26A1F1A4C709A00A0C5F8 /* CNInputFile.h in Headers */,
				05B26A1B1A4C6F5200A0C5F8 /* CNInputStream.h in Headers */,
				05F63BF71A496AA900086CBE /* CNURL.h in Headers */,
				058E6EE41A3DA689009EE505 /* CNTextSection.h in Headers */,
				058E6EE01A3DA565009EE505 /* CNTextLine.h in Headers */,
				058E6EDC1A3DA365009EE505 /* CNText.h in Headers */,
				051EB9501A3C121800B0FBC0 /* CNError.h in Headers */,
				05A4DF291A33E5FC00C912F9 /* CNList.h in Headers */,
				05A4DF2E1A33E80900C912F9 /* CNValue.h in Headers */,
				05A4DF391A33E82200C912F9 /* CNGraph.h in Headers */,
				05A4DF371A33E82200C912F9 /* CNEdge.h in Headers */,
				05A4DF3B1A33E82200C912F9 /* CNNode.h in Headers */,
				05A4DF251A33E5C900C912F9 /* Coconut.h in Headers */,
				05A4DF241A33E5C900C912F9 /* CNForwarders.h in Headers */,
			);
			runOnlyForDeploymentPostprocessing = 0;
		};
/* End PBXHeadersBuildPhase section */

/* Begin PBXLegacyTarget section */
		059D3DBE1A33FFC100FAB027 /* Check */ = {
			isa = PBXLegacyTarget;
			buildArgumentsString = "-f unit_test.mk";
			buildConfigurationList = 059D3DBF1A33FFC100FAB027 /* Build configuration list for PBXLegacyTarget "Check" */;
			buildPhases = (
			);
			buildToolPath = /usr/bin/make;
			buildWorkingDirectory = "";
			dependencies = (
				059D3DC31A33FFCC00FAB027 /* PBXTargetDependency */,
			);
			name = Check;
			passBuildSettingsInEnvironment = 1;
			productName = Check;
		};
		05A4DF3D1A33F9E700C912F9 /* Install */ = {
			isa = PBXLegacyTarget;
			buildArgumentsString = "-f install.mk";
			buildConfigurationList = 05A4DF3E1A33F9E700C912F9 /* Build configuration list for PBXLegacyTarget "Install" */;
			buildPhases = (
			);
			buildToolPath = /usr/bin/make;
			buildWorkingDirectory = "";
			dependencies = (
				05A4DF421A33FA0200C912F9 /* PBXTargetDependency */,
			);
			name = Install;
			passBuildSettingsInEnvironment = 1;
			productName = Install;
		};
/* End PBXLegacyTarget section */

/* Begin PBXNativeTarget section */
		059D3DAD1A33FE5B00FAB027 /* UnitTest */ = {
			isa = PBXNativeTarget;
			buildConfigurationList = 059D3DB41A33FE5B00FAB027 /* Build configuration list for PBXNativeTarget "UnitTest" */;
			buildPhases = (
				059D3DAA1A33FE5B00FAB027 /* Sources */,
				059D3DAB1A33FE5B00FAB027 /* Frameworks */,
				059D3DAC1A33FE5B00FAB027 /* CopyFiles */,
			);
			buildRules = (
			);
			dependencies = (
				059D3DB61A33FE6700FAB027 /* PBXTargetDependency */,
			);
			name = UnitTest;
			productName = UnitTest;
			productReference = 059D3DAE1A33FE5B00FAB027 /* UnitTest */;
			productType = "com.apple.product-type.tool";
		};
		05EF37261A33DBE400723243 /* Coconut */ = {
			isa = PBXNativeTarget;
			buildConfigurationList = 05EF373D1A33DBE400723243 /* Build configuration list for PBXNativeTarget "Coconut" */;
			buildPhases = (
				05EF37221A33DBE400723243 /* Sources */,
				05EF37231A33DBE400723243 /* Frameworks */,
				05EF37241A33DBE400723243 /* Headers */,
				05EF37251A33DBE400723243 /* Resources */,
			);
			buildRules = (
			);
			dependencies = (
			);
			name = Coconut;
			productName = Coconut;
			productReference = 05EF37271A33DBE400723243 /* Coconut.framework */;
			productType = "com.apple.product-type.framework";
		};
/* End PBXNativeTarget section */

/* Begin PBXProject section */
		05EF371E1A33DBE400723243 /* Project object */ = {
			isa = PBXProject;
			attributes = {
				LastUpgradeCheck = 0610;
				ORGANIZATIONNAME = "Steel Wheels Project";
				TargetAttributes = {
					059D3DAD1A33FE5B00FAB027 = {
						CreatedOnToolsVersion = 6.1;
					};
					059D3DBE1A33FFC100FAB027 = {
						CreatedOnToolsVersion = 6.1;
					};
					05A4DF3D1A33F9E700C912F9 = {
						CreatedOnToolsVersion = 6.1;
					};
					05EF37261A33DBE400723243 = {
						CreatedOnToolsVersion = 6.1;
					};
				};
			};
			buildConfigurationList = 05EF37211A33DBE400723243 /* Build configuration list for PBXProject "Coconut" */;
			compatibilityVersion = "Xcode 3.2";
			developmentRegion = English;
			hasScannedForEncodings = 0;
			knownRegions = (
				en,
			);
			mainGroup = 05EF371D1A33DBE400723243;
			productRefGroup = 05EF37281A33DBE400723243 /* Products */;
			projectDirPath = "";
			projectRoot = "";
			targets = (
				05EF37261A33DBE400723243 /* Coconut */,
				05A4DF3D1A33F9E700C912F9 /* Install */,
				059D3DAD1A33FE5B00FAB027 /* UnitTest */,
				059D3DBE1A33FFC100FAB027 /* Check */,
			);
		};
/* End PBXProject section */

/* Begin PBXResourcesBuildPhase section */
		05EF37251A33DBE400723243 /* Resources */ = {
			isa = PBXResourcesBuildPhase;
			buildActionMask = 2147483647;
			files = (
			);
			runOnlyForDeploymentPostprocessing = 0;
		};
/* End PBXResourcesBuildPhase section */

/* Begin PBXSourcesBuildPhase section */
		059D3DAA1A33FE5B00FAB027 /* Sources */ = {
			isa = PBXSourcesBuildPhase;
			buildActionMask = 2147483647;
			files = (
				05F63BFA1A49800C00086CBE /* UTURL.m in Sources */,
				059D3DBA1A33FE8600FAB027 /* UTList.m in Sources */,
				059D3DB91A33FE8600FAB027 /* UnitTest.m in Sources */,
				054EAB671A4EDBDB00516EA3 /* UTRegularExpression.m in Sources */,
				051EB9551A3C171D00B0FBC0 /* UTValue.m in Sources */,
				05B26A311A4C765C00A0C5F8 /* UTFile.m in Sources */,
				051EB9531A3C12E800B0FBC0 /* UTError.m in Sources */,
				056DC07C1A3F5297002F7EF9 /* UTText.m in Sources */,
			);
			runOnlyForDeploymentPostprocessing = 0;
		};
		05EF37221A33DBE400723243 /* Sources */ = {
			isa = PBXSourcesBuildPhase;
			buildActionMask = 2147483647;
			files = (
				05F63BF81A496AA900086CBE /* CNURL.m in Sources */,
				05B26A201A4C709A00A0C5F8 /* CNInputFile.m in Sources */,
				05A4DF2F1A33E80900C912F9 /* CNValue.m in Sources */,
				054EAB651A4ED41400516EA3 /* CNRegularExpression.m in Sources */,
				058E6EE51A3DA689009EE505 /* CNTextSection.m in Sources */,
				058E6EDD1A3DA365009EE505 /* CNText.m in Sources */,
				05A4DF381A33E82200C912F9 /* CNEdge.m in Sources */,
				05B26A1C1A4C6F5200A0C5F8 /* CNInputStream.m in Sources */,
				05A4DF2A1A33E5FC00C912F9 /* CNList.m in Sources */,
				058E6EE11A3DA565009EE505 /* CNTextLine.m in Sources */,
				056BB0791A4F9B4000F068DC /* CNErrorLocation.m in Sources */,
				05EF331A1A4FA7B500B26136 /* CNErrorList.m in Sources */,
				05A4DF3A1A33E82200C912F9 /* CNGraph.m in Sources */,
				05A4DF3C1A33E82200C912F9 /* CNNode.m in Sources */,
				051EB9511A3C121800B0FBC0 /* CNError.m in Sources */,
			);
			runOnlyForDeploymentPostprocessing = 0;
		};
/* End PBXSourcesBuildPhase section */

/* Begin PBXTargetDependency section */
		059D3DB61A33FE6700FAB027 /* PBXTargetDependency */ = {
			isa = PBXTargetDependency;
			target = 05A4DF3D1A33F9E700C912F9 /* Install */;
			targetProxy = 059D3DB51A33FE6700FAB027 /* PBXContainerItemProxy */;
		};
		059D3DC31A33FFCC00FAB027 /* PBXTargetDependency */ = {
			isa = PBXTargetDependency;
			target = 059D3DAD1A33FE5B00FAB027 /* UnitTest */;
			targetProxy = 059D3DC21A33FFCC00FAB027 /* PBXContainerItemProxy */;
		};
		05A4DF421A33FA0200C912F9 /* PBXTargetDependency */ = {
			isa = PBXTargetDependency;
			target = 05EF37261A33DBE400723243 /* Coconut */;
			targetProxy = 05A4DF411A33FA0200C912F9 /* PBXContainerItemProxy */;
		};
/* End PBXTargetDependency section */

/* Begin XCBuildConfiguration section */
		059D3DB21A33FE5B00FAB027 /* Debug */ = {
			isa = XCBuildConfiguration;
			buildSettings = {
				FRAMEWORK_SEARCH_PATHS = (
					"$(inherited)",
					"$(USER_LIBRARY_DIR)/Frameworks",
				);
				GCC_OPTIMIZATION_LEVEL = 2;
				GCC_PREPROCESSOR_DEFINITIONS = (
					"DEBUG=1",
					"$(inherited)",
				);
				GCC_TREAT_WARNINGS_AS_ERRORS = YES;
				OTHER_CFLAGS = (
					"-W",
					"-Wall",
				);
				PRODUCT_NAME = "$(TARGET_NAME)";
			};
			name = Debug;
		};
		059D3DB31A33FE5B00FAB027 /* Release */ = {
			isa = XCBuildConfiguration;
			buildSettings = {
				FRAMEWORK_SEARCH_PATHS = (
					"$(inherited)",
					"$(USER_LIBRARY_DIR)/Frameworks",
				);
				GCC_OPTIMIZATION_LEVEL = 2;
				GCC_TREAT_WARNINGS_AS_ERRORS = YES;
				OTHER_CFLAGS = (
					"-W",
					"-Wall",
				);
				PRODUCT_NAME = "$(TARGET_NAME)";
			};
			name = Release;
		};
		059D3DC01A33FFC100FAB027 /* Debug */ = {
			isa = XCBuildConfiguration;
			buildSettings = {
				DEBUGGING_SYMBOLS = YES;
				GCC_GENERATE_DEBUGGING_SYMBOLS = YES;
				GCC_OPTIMIZATION_LEVEL = 0;
				GCC_PREPROCESSOR_DEFINITIONS = (
					"DEBUG=1",
					"$(inherited)",
				);
				OTHER_CFLAGS = "";
				OTHER_LDFLAGS = "";
				PRODUCT_NAME = "$(TARGET_NAME)";
			};
			name = Debug;
		};
		059D3DC11A33FFC100FAB027 /* Release */ = {
			isa = XCBuildConfiguration;
			buildSettings = {
				OTHER_CFLAGS = "";
				OTHER_LDFLAGS = "";
				PRODUCT_NAME = "$(TARGET_NAME)";
			};
			name = Release;
		};
		05A4DF3F1A33F9E700C912F9 /* Debug */ = {
			isa = XCBuildConfiguration;
			buildSettings = {
				DEBUGGING_SYMBOLS = YES;
				GCC_GENERATE_DEBUGGING_SYMBOLS = YES;
				GCC_OPTIMIZATION_LEVEL = 0;
				GCC_PREPROCESSOR_DEFINITIONS = (
					"DEBUG=1",
					"$(inherited)",
				);
				OTHER_CFLAGS = "";
				OTHER_LDFLAGS = "";
				PRODUCT_NAME = "$(TARGET_NAME)";
			};
			name = Debug;
		};
		05A4DF401A33F9E700C912F9 /* Release */ = {
			isa = XCBuildConfiguration;
			buildSettings = {
				OTHER_CFLAGS = "";
				OTHER_LDFLAGS = "";
				PRODUCT_NAME = "$(TARGET_NAME)";
			};
			name = Release;
		};
		05EF373B1A33DBE400723243 /* Debug */ = {
			isa = XCBuildConfiguration;
			buildSettings = {
				ALWAYS_SEARCH_USER_PATHS = NO;
				CLANG_CXX_LANGUAGE_STANDARD = "gnu++0x";
				CLANG_CXX_LIBRARY = "libc++";
				CLANG_ENABLE_MODULES = YES;
				CLANG_ENABLE_OBJC_ARC = YES;
				CLANG_WARN_BOOL_CONVERSION = YES;
				CLANG_WARN_CONSTANT_CONVERSION = YES;
				CLANG_WARN_DIRECT_OBJC_ISA_USAGE = YES_ERROR;
				CLANG_WARN_EMPTY_BODY = YES;
				CLANG_WARN_ENUM_CONVERSION = YES;
				CLANG_WARN_INT_CONVERSION = YES;
				CLANG_WARN_OBJC_ROOT_CLASS = YES_ERROR;
				CLANG_WARN_UNREACHABLE_CODE = YES;
				CLANG_WARN__DUPLICATE_METHOD_MATCH = YES;
				COPY_PHASE_STRIP = NO;
				CURRENT_PROJECT_VERSION = 1;
				ENABLE_STRICT_OBJC_MSGSEND = YES;
				GCC_C_LANGUAGE_STANDARD = gnu99;
				GCC_DYNAMIC_NO_PIC = NO;
				GCC_OPTIMIZATION_LEVEL = 0;
				GCC_PREPROCESSOR_DEFINITIONS = (
					"DEBUG=1",
					"$(inherited)",
				);
				GCC_SYMBOLS_PRIVATE_EXTERN = NO;
				GCC_WARN_64_TO_32_BIT_CONVERSION = YES;
				GCC_WARN_ABOUT_RETURN_TYPE = YES_ERROR;
				GCC_WARN_UNDECLARED_SELECTOR = YES;
				GCC_WARN_UNINITIALIZED_AUTOS = YES_AGGRESSIVE;
				GCC_WARN_UNUSED_FUNCTION = YES;
				GCC_WARN_UNUSED_VARIABLE = YES;
				MACOSX_DEPLOYMENT_TARGET = 10.10;
				MTL_ENABLE_DEBUG_INFO = YES;
				ONLY_ACTIVE_ARCH = YES;
				SDKROOT = macosx;
				VERSIONING_SYSTEM = "apple-generic";
				VERSION_INFO_PREFIX = "";
			};
			name = Debug;
		};
		05EF373C1A33DBE400723243 /* Release */ = {
			isa = XCBuildConfiguration;
			buildSettings = {
				ALWAYS_SEARCH_USER_PATHS = NO;
				CLANG_CXX_LANGUAGE_STANDARD = "gnu++0x";
				CLANG_CXX_LIBRARY = "libc++";
				CLANG_ENABLE_MODULES = YES;
				CLANG_ENABLE_OBJC_ARC = YES;
				CLANG_WARN_BOOL_CONVERSION = YES;
				CLANG_WARN_CONSTANT_CONVERSION = YES;
				CLANG_WARN_DIRECT_OBJC_ISA_USAGE = YES_ERROR;
				CLANG_WARN_EMPTY_BODY = YES;
				CLANG_WARN_ENUM_CONVERSION = YES;
				CLANG_WARN_INT_CONVERSION = YES;
				CLANG_WARN_OBJC_ROOT_CLASS = YES_ERROR;
				CLANG_WARN_UNREACHABLE_CODE = YES;
				CLANG_WARN__DUPLICATE_METHOD_MATCH = YES;
				COPY_PHASE_STRIP = YES;
				CURRENT_PROJECT_VERSION = 1;
				DEBUG_INFORMATION_FORMAT = "dwarf-with-dsym";
				ENABLE_NS_ASSERTIONS = NO;
				ENABLE_STRICT_OBJC_MSGSEND = YES;
				GCC_C_LANGUAGE_STANDARD = gnu99;
				GCC_WARN_64_TO_32_BIT_CONVERSION = YES;
				GCC_WARN_ABOUT_RETURN_TYPE = YES_ERROR;
				GCC_WARN_UNDECLARED_SELECTOR = YES;
				GCC_WARN_UNINITIALIZED_AUTOS = YES_AGGRESSIVE;
				GCC_WARN_UNUSED_FUNCTION = YES;
				GCC_WARN_UNUSED_VARIABLE = YES;
				MACOSX_DEPLOYMENT_TARGET = 10.10;
				MTL_ENABLE_DEBUG_INFO = NO;
				SDKROOT = macosx;
				VERSIONING_SYSTEM = "apple-generic";
				VERSION_INFO_PREFIX = "";
			};
			name = Release;
		};
		05EF373E1A33DBE400723243 /* Debug */ = {
			isa = XCBuildConfiguration;
			buildSettings = {
				COMBINE_HIDPI_IMAGES = YES;
				DEFINES_MODULE = YES;
				DSTROOT = /;
				DYLIB_COMPATIBILITY_VERSION = 1;
				DYLIB_CURRENT_VERSION = 1;
				DYLIB_INSTALL_NAME_BASE = "@rpath";
				FRAMEWORK_VERSION = A;
				GCC_OPTIMIZATION_LEVEL = 2;
				GCC_TREAT_WARNINGS_AS_ERRORS = YES;
				INFOPLIST_FILE = "$(SRCROOT)/Info.plist";
				INSTALL_PATH = "$(HOME)/Library/Frameworks";
				LD_RUNPATH_SEARCH_PATHS = "$(inherited) @executable_path/../Frameworks @loader_path/Frameworks";
				OTHER_CFLAGS = (
					"-W",
					"-Wall",
				);
				PRODUCT_NAME = "$(TARGET_NAME)";
				SKIP_INSTALL = NO;
			};
			name = Debug;
		};
		05EF373F1A33DBE400723243 /* Release */ = {
			isa = XCBuildConfiguration;
			buildSettings = {
				COMBINE_HIDPI_IMAGES = YES;
				DEFINES_MODULE = YES;
				DSTROOT = /;
				DYLIB_COMPATIBILITY_VERSION = 1;
				DYLIB_CURRENT_VERSION = 1;
				DYLIB_INSTALL_NAME_BASE = "@rpath";
				FRAMEWORK_VERSION = A;
				GCC_OPTIMIZATION_LEVEL = 2;
				GCC_TREAT_WARNINGS_AS_ERRORS = YES;
				INFOPLIST_FILE = "$(SRCROOT)/Info.plist";
				INSTALL_PATH = "$(HOME)/Library/Frameworks";
				LD_RUNPATH_SEARCH_PATHS = "$(inherited) @executable_path/../Frameworks @loader_path/Frameworks";
				OTHER_CFLAGS = (
					"-W",
					"-Wall",
				);
				PRODUCT_NAME = "$(TARGET_NAME)";
				SKIP_INSTALL = NO;
			};
			name = Release;
		};
/* End XCBuildConfiguration section */

/* Begin XCConfigurationList section */
		059D3DB41A33FE5B00FAB027 /* Build configuration list for PBXNativeTarget "UnitTest" */ = {
			isa = XCConfigurationList;
			buildConfigurations = (
				059D3DB21A33FE5B00FAB027 /* Debug */,
				059D3DB31A33FE5B00FAB027 /* Release */,
			);
			defaultConfigurationIsVisible = 0;
			defaultConfigurationName = Release;
		};
		059D3DBF1A33FFC100FAB027 /* Build configuration list for PBXLegacyTarget "Check" */ = {
			isa = XCConfigurationList;
			buildConfigurations = (
				059D3DC01A33FFC100FAB027 /* Debug */,
				059D3DC11A33FFC100FAB027 /* Release */,
			);
			defaultConfigurationIsVisible = 0;
			defaultConfigurationName = Release;
		};
		05A4DF3E1A33F9E700C912F9 /* Build configuration list for PBXLegacyTarget "Install" */ = {
			isa = XCConfigurationList;
			buildConfigurations = (
				05A4DF3F1A33F9E700C912F9 /* Debug */,
				05A4DF401A33F9E700C912F9 /* Release */,
			);
			defaultConfigurationIsVisible = 0;
			defaultConfigurationName = Release;
		};
		05EF37211A33DBE400723243 /* Build configuration list for PBXProject "Coconut" */ = {
			isa = XCConfigurationList;
			buildConfigurations = (
				05EF373B1A33DBE400723243 /* Debug */,
				05EF373C1A33DBE400723243 /* Release */,
			);
			defaultConfigurationIsVisible = 0;
			defaultConfigurationName = Release;
		};
		05EF373D1A33DBE400723243 /* Build configuration list for PBXNativeTarget "Coconut" */ = {
			isa = XCConfigurationList;
			buildConfigurations = (
				05EF373E1A33DBE400723243 /* Debug */,
				05EF373F1A33DBE400723243 /* Release */,
			);
			defaultConfigurationIsVisible = 0;
			defaultConfigurationName = Release;
		};
/* End XCConfigurationList section */
	};
	rootObject = 05EF371E1A33DBE400723243 /* Project object */;
}
