// !$*UTF8*$!
{
	archiveVersion = 1;
	classes = {
	};
	objectVersion = 50;
	objects = {

/* Begin PBXBuildFile section */
		050C8907208CBF350005E936 /* CoconutShell.h in Headers */ = {isa = PBXBuildFile; fileRef = 050C8905208CBF350005E936 /* CoconutShell.h */; settings = {ATTRIBUTES = (Public, ); }; };
		05166A0023126ECD000BF46D /* CNShellThread.swift in Sources */ = {isa = PBXBuildFile; fileRef = 051669FF23126ECC000BF46D /* CNShellThread.swift */; };
		051AB5F421590AC400D7C71C /* main.swift in Sources */ = {isa = PBXBuildFile; fileRef = 051AB5F321590AC400D7C71C /* main.swift */; };
		05231E9A222C046A0003AE98 /* CoconutData.framework in Frameworks */ = {isa = PBXBuildFile; fileRef = 056AF18521590A12007AE91A /* CoconutData.framework */; };
		053BAD7B208CBF7900AC3BF0 /* CNShellUtil.swift in Sources */ = {isa = PBXBuildFile; fileRef = 053BAD75208CBF7900AC3BF0 /* CNShellUtil.swift */; };
		053BAD7D208CBF7900AC3BF0 /* CNColor.swift in Sources */ = {isa = PBXBuildFile; fileRef = 053BAD77208CBF7900AC3BF0 /* CNColor.swift */; };
		053D50FF239C75D80027B067 /* UTReadline.swift in Sources */ = {isa = PBXBuildFile; fileRef = 053D50FE239C75D70027B067 /* UTReadline.swift */; };
		0557A9E0236E9B1F00C0D71F /* CoconutData.framework in Frameworks */ = {isa = PBXBuildFile; fileRef = 056AF18521590A12007AE91A /* CoconutData.framework */; };
		0557A9E3236E9B2100C0D71F /* CoconutShell.framework in Frameworks */ = {isa = PBXBuildFile; fileRef = 056AF18721590A24007AE91A /* CoconutShell.framework */; };
		056AF18621590A12007AE91A /* CoconutData.framework in Frameworks */ = {isa = PBXBuildFile; fileRef = 056AF18521590A12007AE91A /* CoconutData.framework */; };
		056AF18821590A24007AE91A /* CoconutShell.framework in Frameworks */ = {isa = PBXBuildFile; fileRef = 056AF18721590A24007AE91A /* CoconutShell.framework */; };
		056AF18A21590A3E007AE91A /* CoconutData.framework in CopyFiles */ = {isa = PBXBuildFile; fileRef = 056AF18521590A12007AE91A /* CoconutData.framework */; settings = {ATTRIBUTES = (CodeSignOnCopy, RemoveHeadersOnCopy, ); }; };
		056AF18B21590A41007AE91A /* CoconutShell.framework in CopyFiles */ = {isa = PBXBuildFile; fileRef = 056AF18721590A24007AE91A /* CoconutShell.framework */; settings = {ATTRIBUTES = (CodeSignOnCopy, RemoveHeadersOnCopy, ); }; };
		05933EE62323345300F614A2 /* CNShellProcess.swift in Sources */ = {isa = PBXBuildFile; fileRef = 05933EE52323345300F614A2 /* CNShellProcess.swift */; };
		059C508223A7B0250035482B /* CNCommandLines.swift in Sources */ = {isa = PBXBuildFile; fileRef = 059C508123A7B0250035482B /* CNCommandLines.swift */; };
		059C508423A7D36C0035482B /* CNCommandLine.swift in Sources */ = {isa = PBXBuildFile; fileRef = 059C508323A7D36C0035482B /* CNCommandLine.swift */; };
		05C887D72303A5390044AC03 /* UTShellUtil.swift in Sources */ = {isa = PBXBuildFile; fileRef = 05C887D62303A5390044AC03 /* UTShellUtil.swift */; };
		05C887D92303A6B60044AC03 /* UTShell.swift in Sources */ = {isa = PBXBuildFile; fileRef = 05C887D82303A6B60044AC03 /* UTShell.swift */; };
		05CF20762312B0D900A8F550 /* UTProcess.swift in Sources */ = {isa = PBXBuildFile; fileRef = 05CF20752312B0D900A8F550 /* UTProcess.swift */; };
		05D10050231E9F030054F81C /* CNUnixCommand.swift in Sources */ = {isa = PBXBuildFile; fileRef = 05D1004F231E9F030054F81C /* CNUnixCommand.swift */; };
		05D10052231EA3860054F81C /* UTUnixCommand.swift in Sources */ = {isa = PBXBuildFile; fileRef = 05D10051231EA3860054F81C /* UTUnixCommand.swift */; };
		05FC90AA239BE3A500BA16E6 /* CNReadline.swift in Sources */ = {isa = PBXBuildFile; fileRef = 05FC90A9239BE3A500BA16E6 /* CNReadline.swift */; };
/* End PBXBuildFile section */

/* Begin PBXContainerItemProxy section */
		051AB5F821590ACD00D7C71C /* PBXContainerItemProxy */ = {
			isa = PBXContainerItemProxy;
			containerPortal = 050C88F9208CBF350005E936 /* Project object */;
			proxyType = 1;
			remoteGlobalIDString = 056AF17B2158E261007AE91A;
			remoteInfo = UTShellBundle;
		};
		053BAD8B208CC18E00AC3BF0 /* PBXContainerItemProxy */ = {
			isa = PBXContainerItemProxy;
			containerPortal = 050C88F9208CBF350005E936 /* Project object */;
			proxyType = 1;
			remoteGlobalIDString = 050C8901208CBF350005E936;
			remoteInfo = CoconutShell;
		};
		056AF1822158FE0F007AE91A /* PBXContainerItemProxy */ = {
			isa = PBXContainerItemProxy;
			containerPortal = 050C88F9208CBF350005E936 /* Project object */;
			proxyType = 1;
			remoteGlobalIDString = 053BAD87208CC18500AC3BF0;
			remoteInfo = Install;
		};
/* End PBXContainerItemProxy section */

/* Begin PBXCopyFilesBuildPhase section */
		051AB5EF21590AC400D7C71C /* CopyFiles */ = {
			isa = PBXCopyFilesBuildPhase;
			buildActionMask = 2147483647;
			dstPath = /usr/share/man/man1/;
			dstSubfolderSpec = 0;
			files = (
			);
			runOnlyForDeploymentPostprocessing = 1;
		};
		056AF18921590A32007AE91A /* CopyFiles */ = {
			isa = PBXCopyFilesBuildPhase;
			buildActionMask = 2147483647;
			dstPath = "";
			dstSubfolderSpec = 10;
			files = (
				056AF18A21590A3E007AE91A /* CoconutData.framework in CopyFiles */,
				056AF18B21590A41007AE91A /* CoconutShell.framework in CopyFiles */,
			);
			runOnlyForDeploymentPostprocessing = 0;
		};
/* End PBXCopyFilesBuildPhase section */

/* Begin PBXFileReference section */
		050C8902208CBF350005E936 /* CoconutShell.framework */ = {isa = PBXFileReference; explicitFileType = wrapper.framework; includeInIndex = 0; path = CoconutShell.framework; sourceTree = BUILT_PRODUCTS_DIR; };
		050C8905208CBF350005E936 /* CoconutShell.h */ = {isa = PBXFileReference; lastKnownFileType = sourcecode.c.h; path = CoconutShell.h; sourceTree = "<group>"; };
		050C8906208CBF350005E936 /* Info.plist */ = {isa = PBXFileReference; lastKnownFileType = text.plist.xml; path = Info.plist; sourceTree = "<group>"; };
		051669FF23126ECC000BF46D /* CNShellThread.swift */ = {isa = PBXFileReference; fileEncoding = 4; lastKnownFileType = sourcecode.swift; path = CNShellThread.swift; sourceTree = "<group>"; };
		051AB5F121590AC400D7C71C /* UTShell */ = {isa = PBXFileReference; explicitFileType = "compiled.mach-o.executable"; includeInIndex = 0; path = UTShell; sourceTree = BUILT_PRODUCTS_DIR; };
		051AB5F321590AC400D7C71C /* main.swift */ = {isa = PBXFileReference; lastKnownFileType = sourcecode.swift; path = main.swift; sourceTree = "<group>"; };
		053BAD75208CBF7900AC3BF0 /* CNShellUtil.swift */ = {isa = PBXFileReference; fileEncoding = 4; lastKnownFileType = sourcecode.swift; path = CNShellUtil.swift; sourceTree = "<group>"; };
		053BAD77208CBF7900AC3BF0 /* CNColor.swift */ = {isa = PBXFileReference; fileEncoding = 4; lastKnownFileType = sourcecode.swift; path = CNColor.swift; sourceTree = "<group>"; };
		053D50FE239C75D70027B067 /* UTReadline.swift */ = {isa = PBXFileReference; fileEncoding = 4; lastKnownFileType = sourcecode.swift; path = UTReadline.swift; sourceTree = "<group>"; };
		056AF17C2158E261007AE91A /* UTShell.bundle */ = {isa = PBXFileReference; explicitFileType = wrapper.cfbundle; includeInIndex = 0; path = UTShell.bundle; sourceTree = BUILT_PRODUCTS_DIR; };
		056AF17E2158E261007AE91A /* Info.plist */ = {isa = PBXFileReference; lastKnownFileType = text.plist.xml; path = Info.plist; sourceTree = "<group>"; };
		056AF18521590A12007AE91A /* CoconutData.framework */ = {isa = PBXFileReference; lastKnownFileType = wrapper.framework; name = CoconutData.framework; path = ../../../../Library/Frameworks/CoconutData.framework; sourceTree = "<group>"; };
		056AF18721590A24007AE91A /* CoconutShell.framework */ = {isa = PBXFileReference; lastKnownFileType = wrapper.framework; name = CoconutShell.framework; path = ../../../../Library/Frameworks/CoconutShell.framework; sourceTree = "<group>"; };
		05933EE52323345300F614A2 /* CNShellProcess.swift */ = {isa = PBXFileReference; lastKnownFileType = sourcecode.swift; path = CNShellProcess.swift; sourceTree = "<group>"; };
		059C508123A7B0250035482B /* CNCommandLines.swift */ = {isa = PBXFileReference; lastKnownFileType = sourcecode.swift; path = CNCommandLines.swift; sourceTree = "<group>"; };
		059C508323A7D36C0035482B /* CNCommandLine.swift */ = {isa = PBXFileReference; lastKnownFileType = sourcecode.swift; path = CNCommandLine.swift; sourceTree = "<group>"; };
		05C887D62303A5390044AC03 /* UTShellUtil.swift */ = {isa = PBXFileReference; lastKnownFileType = sourcecode.swift; path = UTShellUtil.swift; sourceTree = "<group>"; };
		05C887D82303A6B60044AC03 /* UTShell.swift */ = {isa = PBXFileReference; lastKnownFileType = sourcecode.swift; path = UTShell.swift; sourceTree = "<group>"; };
		05CF20752312B0D900A8F550 /* UTProcess.swift */ = {isa = PBXFileReference; lastKnownFileType = sourcecode.swift; path = UTProcess.swift; sourceTree = "<group>"; };
		05D1004F231E9F030054F81C /* CNUnixCommand.swift */ = {isa = PBXFileReference; lastKnownFileType = sourcecode.swift; path = CNUnixCommand.swift; sourceTree = "<group>"; };
		05D10051231EA3860054F81C /* UTUnixCommand.swift */ = {isa = PBXFileReference; lastKnownFileType = sourcecode.swift; path = UTUnixCommand.swift; sourceTree = "<group>"; };
		05FC90A9239BE3A500BA16E6 /* CNReadline.swift */ = {isa = PBXFileReference; fileEncoding = 4; lastKnownFileType = sourcecode.swift; path = CNReadline.swift; sourceTree = "<group>"; };
/* End PBXFileReference section */

/* Begin PBXFrameworksBuildPhase section */
		050C88FE208CBF350005E936 /* Frameworks */ = {
			isa = PBXFrameworksBuildPhase;
			buildActionMask = 2147483647;
			files = (
				05231E9A222C046A0003AE98 /* CoconutData.framework in Frameworks */,
			);
			runOnlyForDeploymentPostprocessing = 0;
		};
		051AB5EE21590AC400D7C71C /* Frameworks */ = {
			isa = PBXFrameworksBuildPhase;
			buildActionMask = 2147483647;
			files = (
				0557A9E0236E9B1F00C0D71F /* CoconutData.framework in Frameworks */,
				0557A9E3236E9B2100C0D71F /* CoconutShell.framework in Frameworks */,
			);
			runOnlyForDeploymentPostprocessing = 0;
		};
		056AF1792158E261007AE91A /* Frameworks */ = {
			isa = PBXFrameworksBuildPhase;
			buildActionMask = 2147483647;
			files = (
				056AF18821590A24007AE91A /* CoconutShell.framework in Frameworks */,
				056AF18621590A12007AE91A /* CoconutData.framework in Frameworks */,
			);
			runOnlyForDeploymentPostprocessing = 0;
		};
/* End PBXFrameworksBuildPhase section */

/* Begin PBXGroup section */
		050C88F8208CBF350005E936 = {
			isa = PBXGroup;
			children = (
				053BAD73208CBF6100AC3BF0 /* Source */,
				050C8904208CBF350005E936 /* OSX */,
				056AF1842158FE5E007AE91A /* Frameworks */,
				056AF1772158DE44007AE91A /* Test */,
				050C8903208CBF350005E936 /* Products */,
			);
			sourceTree = "<group>";
		};
		050C8903208CBF350005E936 /* Products */ = {
			isa = PBXGroup;
			children = (
				050C8902208CBF350005E936 /* CoconutShell.framework */,
				056AF17C2158E261007AE91A /* UTShell.bundle */,
				051AB5F121590AC400D7C71C /* UTShell */,
			);
			name = Products;
			sourceTree = "<group>";
		};
		050C8904208CBF350005E936 /* OSX */ = {
			isa = PBXGroup;
			children = (
				050C8906208CBF350005E936 /* Info.plist */,
			);
			name = OSX;
			sourceTree = "<group>";
		};
		051AB5F221590AC400D7C71C /* UTShell */ = {
			isa = PBXGroup;
			children = (
				051AB5F321590AC400D7C71C /* main.swift */,
				05C887D62303A5390044AC03 /* UTShellUtil.swift */,
				05D10051231EA3860054F81C /* UTUnixCommand.swift */,
				05C887D82303A6B60044AC03 /* UTShell.swift */,
				05CF20752312B0D900A8F550 /* UTProcess.swift */,
				053D50FE239C75D70027B067 /* UTReadline.swift */,
			);
			path = UTShell;
			sourceTree = "<group>";
		};
		053BAD73208CBF6100AC3BF0 /* Source */ = {
			isa = PBXGroup;
			children = (
				050C8905208CBF350005E936 /* CoconutShell.h */,
				053BAD77208CBF7900AC3BF0 /* CNColor.swift */,
				051669FF23126ECC000BF46D /* CNShellThread.swift */,
				05933EE52323345300F614A2 /* CNShellProcess.swift */,
				053BAD75208CBF7900AC3BF0 /* CNShellUtil.swift */,
				05FC90A9239BE3A500BA16E6 /* CNReadline.swift */,
				059C508123A7B0250035482B /* CNCommandLines.swift */,
				059C508323A7D36C0035482B /* CNCommandLine.swift */,
				05D1004F231E9F030054F81C /* CNUnixCommand.swift */,
			);
			name = Source;
			path = ../Source;
			sourceTree = "<group>";
		};
		056AF1772158DE44007AE91A /* Test */ = {
			isa = PBXGroup;
			children = (
				051AB5F221590AC400D7C71C /* UTShell */,
				056AF17D2158E261007AE91A /* UTShellBundle */,
			);
			name = Test;
			path = ../Test;
			sourceTree = "<group>";
		};
		056AF17D2158E261007AE91A /* UTShellBundle */ = {
			isa = PBXGroup;
			children = (
				056AF17E2158E261007AE91A /* Info.plist */,
			);
			path = UTShellBundle;
			sourceTree = "<group>";
		};
		056AF1842158FE5E007AE91A /* Frameworks */ = {
			isa = PBXGroup;
			children = (
				056AF18721590A24007AE91A /* CoconutShell.framework */,
				056AF18521590A12007AE91A /* CoconutData.framework */,
			);
			name = Frameworks;
			sourceTree = "<group>";
		};
/* End PBXGroup section */

/* Begin PBXHeadersBuildPhase section */
		050C88FF208CBF350005E936 /* Headers */ = {
			isa = PBXHeadersBuildPhase;
			buildActionMask = 2147483647;
			files = (
				050C8907208CBF350005E936 /* CoconutShell.h in Headers */,
			);
			runOnlyForDeploymentPostprocessing = 0;
		};
/* End PBXHeadersBuildPhase section */

/* Begin PBXLegacyTarget section */
		053BAD87208CC18500AC3BF0 /* Install */ = {
			isa = PBXLegacyTarget;
			buildArgumentsString = "-f ../../Script/install_osx.mk";
			buildConfigurationList = 053BAD88208CC18500AC3BF0 /* Build configuration list for PBXLegacyTarget "Install" */;
			buildPhases = (
			);
			buildToolPath = /usr/bin/make;
			buildWorkingDirectory = "";
			dependencies = (
				053BAD8C208CC18E00AC3BF0 /* PBXTargetDependency */,
			);
			name = Install;
			passBuildSettingsInEnvironment = 1;
			productName = Install;
		};
/* End PBXLegacyTarget section */

/* Begin PBXNativeTarget section */
		050C8901208CBF350005E936 /* CoconutShell */ = {
			isa = PBXNativeTarget;
			buildConfigurationList = 050C890A208CBF350005E936 /* Build configuration list for PBXNativeTarget "CoconutShell" */;
			buildPhases = (
				050C88FD208CBF350005E936 /* Sources */,
				050C88FE208CBF350005E936 /* Frameworks */,
				050C88FF208CBF350005E936 /* Headers */,
				050C8900208CBF350005E936 /* Resources */,
			);
			buildRules = (
			);
			dependencies = (
			);
			name = CoconutShell;
			productName = CoconutShell;
			productReference = 050C8902208CBF350005E936 /* CoconutShell.framework */;
			productType = "com.apple.product-type.framework";
		};
		051AB5F021590AC400D7C71C /* UTShell */ = {
			isa = PBXNativeTarget;
			buildConfigurationList = 051AB5F721590AC400D7C71C /* Build configuration list for PBXNativeTarget "UTShell" */;
			buildPhases = (
				051AB5ED21590AC400D7C71C /* Sources */,
				051AB5EE21590AC400D7C71C /* Frameworks */,
				051AB5EF21590AC400D7C71C /* CopyFiles */,
			);
			buildRules = (
			);
			dependencies = (
				051AB5F921590ACD00D7C71C /* PBXTargetDependency */,
			);
			name = UTShell;
			productName = UTShell;
			productReference = 051AB5F121590AC400D7C71C /* UTShell */;
			productType = "com.apple.product-type.tool";
		};
		056AF17B2158E261007AE91A /* UTShellBundle */ = {
			isa = PBXNativeTarget;
			buildConfigurationList = 056AF17F2158E261007AE91A /* Build configuration list for PBXNativeTarget "UTShellBundle" */;
			buildPhases = (
				056AF1782158E261007AE91A /* Sources */,
				056AF1792158E261007AE91A /* Frameworks */,
				056AF17A2158E261007AE91A /* Resources */,
				056AF18921590A32007AE91A /* CopyFiles */,
			);
			buildRules = (
			);
			dependencies = (
				056AF1832158FE0F007AE91A /* PBXTargetDependency */,
			);
			name = UTShellBundle;
			productName = UTShellBundle;
			productReference = 056AF17C2158E261007AE91A /* UTShell.bundle */;
			productType = "com.apple.product-type.bundle";
		};
/* End PBXNativeTarget section */

/* Begin PBXProject section */
		050C88F9208CBF350005E936 /* Project object */ = {
			isa = PBXProject;
			attributes = {
				LastSwiftUpdateCheck = 1000;
				LastUpgradeCheck = 1120;
				ORGANIZATIONNAME = "Steel Wheels Project";
				TargetAttributes = {
					050C8901208CBF350005E936 = {
						CreatedOnToolsVersion = 9.3;
						LastSwiftMigration = 1020;
					};
					051AB5F021590AC400D7C71C = {
						CreatedOnToolsVersion = 10.0;
						LastSwiftMigration = 1020;
					};
					053BAD87208CC18500AC3BF0 = {
						CreatedOnToolsVersion = 9.3;
					};
					056AF17B2158E261007AE91A = {
						CreatedOnToolsVersion = 10.0;
					};
				};
			};
			buildConfigurationList = 050C88FC208CBF350005E936 /* Build configuration list for PBXProject "CoconutShell" */;
			compatibilityVersion = "Xcode 9.3";
			developmentRegion = en;
			hasScannedForEncodings = 0;
			knownRegions = (
				en,
				Base,
			);
			mainGroup = 050C88F8208CBF350005E936;
			productRefGroup = 050C8903208CBF350005E936 /* Products */;
			projectDirPath = "";
			projectRoot = "";
			targets = (
				050C8901208CBF350005E936 /* CoconutShell */,
				053BAD87208CC18500AC3BF0 /* Install */,
				056AF17B2158E261007AE91A /* UTShellBundle */,
				051AB5F021590AC400D7C71C /* UTShell */,
			);
		};
/* End PBXProject section */

/* Begin PBXResourcesBuildPhase section */
		050C8900208CBF350005E936 /* Resources */ = {
			isa = PBXResourcesBuildPhase;
			buildActionMask = 2147483647;
			files = (
			);
			runOnlyForDeploymentPostprocessing = 0;
		};
		056AF17A2158E261007AE91A /* Resources */ = {
			isa = PBXResourcesBuildPhase;
			buildActionMask = 2147483647;
			files = (
			);
			runOnlyForDeploymentPostprocessing = 0;
		};
/* End PBXResourcesBuildPhase section */

/* Begin PBXSourcesBuildPhase section */
		050C88FD208CBF350005E936 /* Sources */ = {
			isa = PBXSourcesBuildPhase;
			buildActionMask = 2147483647;
			files = (
				053BAD7D208CBF7900AC3BF0 /* CNColor.swift in Sources */,
				05D10050231E9F030054F81C /* CNUnixCommand.swift in Sources */,
				059C508223A7B0250035482B /* CNCommandLines.swift in Sources */,
				05FC90AA239BE3A500BA16E6 /* CNReadline.swift in Sources */,
				05166A0023126ECD000BF46D /* CNShellThread.swift in Sources */,
				053BAD7B208CBF7900AC3BF0 /* CNShellUtil.swift in Sources */,
				059C508423A7D36C0035482B /* CNCommandLine.swift in Sources */,
				05933EE62323345300F614A2 /* CNShellProcess.swift in Sources */,
			);
			runOnlyForDeploymentPostprocessing = 0;
		};
		051AB5ED21590AC400D7C71C /* Sources */ = {
			isa = PBXSourcesBuildPhase;
			buildActionMask = 2147483647;
			files = (
				051AB5F421590AC400D7C71C /* main.swift in Sources */,
				05C887D92303A6B60044AC03 /* UTShell.swift in Sources */,
				053D50FF239C75D80027B067 /* UTReadline.swift in Sources */,
				05CF20762312B0D900A8F550 /* UTProcess.swift in Sources */,
				05D10052231EA3860054F81C /* UTUnixCommand.swift in Sources */,
				05C887D72303A5390044AC03 /* UTShellUtil.swift in Sources */,
			);
			runOnlyForDeploymentPostprocessing = 0;
		};
		056AF1782158E261007AE91A /* Sources */ = {
			isa = PBXSourcesBuildPhase;
			buildActionMask = 2147483647;
			files = (
			);
			runOnlyForDeploymentPostprocessing = 0;
		};
/* End PBXSourcesBuildPhase section */

/* Begin PBXTargetDependency section */
		051AB5F921590ACD00D7C71C /* PBXTargetDependency */ = {
			isa = PBXTargetDependency;
			target = 056AF17B2158E261007AE91A /* UTShellBundle */;
			targetProxy = 051AB5F821590ACD00D7C71C /* PBXContainerItemProxy */;
		};
		053BAD8C208CC18E00AC3BF0 /* PBXTargetDependency */ = {
			isa = PBXTargetDependency;
			target = 050C8901208CBF350005E936 /* CoconutShell */;
			targetProxy = 053BAD8B208CC18E00AC3BF0 /* PBXContainerItemProxy */;
		};
		056AF1832158FE0F007AE91A /* PBXTargetDependency */ = {
			isa = PBXTargetDependency;
			target = 053BAD87208CC18500AC3BF0 /* Install */;
			targetProxy = 056AF1822158FE0F007AE91A /* PBXContainerItemProxy */;
		};
/* End PBXTargetDependency section */

/* Begin XCBuildConfiguration section */
		050C8908208CBF350005E936 /* Debug */ = {
			isa = XCBuildConfiguration;
			buildSettings = {
				ALWAYS_SEARCH_USER_PATHS = NO;
				CLANG_ANALYZER_NONNULL = YES;
				CLANG_ANALYZER_NUMBER_OBJECT_CONVERSION = YES_AGGRESSIVE;
				CLANG_CXX_LANGUAGE_STANDARD = "gnu++14";
				CLANG_CXX_LIBRARY = "libc++";
				CLANG_ENABLE_MODULES = YES;
				CLANG_ENABLE_OBJC_ARC = YES;
				CLANG_ENABLE_OBJC_WEAK = YES;
				CLANG_WARN_BLOCK_CAPTURE_AUTORELEASING = YES;
				CLANG_WARN_BOOL_CONVERSION = YES;
				CLANG_WARN_COMMA = YES;
				CLANG_WARN_CONSTANT_CONVERSION = YES;
				CLANG_WARN_DEPRECATED_OBJC_IMPLEMENTATIONS = YES;
				CLANG_WARN_DIRECT_OBJC_ISA_USAGE = YES_ERROR;
				CLANG_WARN_DOCUMENTATION_COMMENTS = YES;
				CLANG_WARN_EMPTY_BODY = YES;
				CLANG_WARN_ENUM_CONVERSION = YES;
				CLANG_WARN_INFINITE_RECURSION = YES;
				CLANG_WARN_INT_CONVERSION = YES;
				CLANG_WARN_NON_LITERAL_NULL_CONVERSION = YES;
				CLANG_WARN_OBJC_IMPLICIT_RETAIN_SELF = YES;
				CLANG_WARN_OBJC_LITERAL_CONVERSION = YES;
				CLANG_WARN_OBJC_ROOT_CLASS = YES_ERROR;
				CLANG_WARN_RANGE_LOOP_ANALYSIS = YES;
				CLANG_WARN_STRICT_PROTOTYPES = YES;
				CLANG_WARN_SUSPICIOUS_MOVE = YES;
				CLANG_WARN_UNGUARDED_AVAILABILITY = YES_AGGRESSIVE;
				CLANG_WARN_UNREACHABLE_CODE = YES;
				CLANG_WARN__DUPLICATE_METHOD_MATCH = YES;
				CODE_SIGN_IDENTITY = "Mac Developer";
				COPY_PHASE_STRIP = NO;
				CURRENT_PROJECT_VERSION = 1;
				DEBUG_INFORMATION_FORMAT = dwarf;
				ENABLE_STRICT_OBJC_MSGSEND = YES;
				ENABLE_TESTABILITY = YES;
				GCC_C_LANGUAGE_STANDARD = gnu11;
				GCC_DYNAMIC_NO_PIC = NO;
				GCC_NO_COMMON_BLOCKS = YES;
				GCC_OPTIMIZATION_LEVEL = 2;
				GCC_PREPROCESSOR_DEFINITIONS = (
					"DEBUG=1",
					"$(inherited)",
				);
				GCC_WARN_64_TO_32_BIT_CONVERSION = YES;
				GCC_WARN_ABOUT_RETURN_TYPE = YES_ERROR;
				GCC_WARN_UNDECLARED_SELECTOR = YES;
				GCC_WARN_UNINITIALIZED_AUTOS = YES_AGGRESSIVE;
				GCC_WARN_UNUSED_FUNCTION = YES;
				GCC_WARN_UNUSED_VARIABLE = YES;
				MACOSX_DEPLOYMENT_TARGET = 10.15;
				MTL_ENABLE_DEBUG_INFO = YES;
				ONLY_ACTIVE_ARCH = YES;
				SDKROOT = macosx;
				SWIFT_ACTIVE_COMPILATION_CONDITIONS = DEBUG;
				SWIFT_OPTIMIZATION_LEVEL = "-O";
				VERSIONING_SYSTEM = "apple-generic";
				VERSION_INFO_PREFIX = "";
			};
			name = Debug;
		};
		050C8909208CBF350005E936 /* Release */ = {
			isa = XCBuildConfiguration;
			buildSettings = {
				ALWAYS_SEARCH_USER_PATHS = NO;
				CLANG_ANALYZER_NONNULL = YES;
				CLANG_ANALYZER_NUMBER_OBJECT_CONVERSION = YES_AGGRESSIVE;
				CLANG_CXX_LANGUAGE_STANDARD = "gnu++14";
				CLANG_CXX_LIBRARY = "libc++";
				CLANG_ENABLE_MODULES = YES;
				CLANG_ENABLE_OBJC_ARC = YES;
				CLANG_ENABLE_OBJC_WEAK = YES;
				CLANG_WARN_BLOCK_CAPTURE_AUTORELEASING = YES;
				CLANG_WARN_BOOL_CONVERSION = YES;
				CLANG_WARN_COMMA = YES;
				CLANG_WARN_CONSTANT_CONVERSION = YES;
				CLANG_WARN_DEPRECATED_OBJC_IMPLEMENTATIONS = YES;
				CLANG_WARN_DIRECT_OBJC_ISA_USAGE = YES_ERROR;
				CLANG_WARN_DOCUMENTATION_COMMENTS = YES;
				CLANG_WARN_EMPTY_BODY = YES;
				CLANG_WARN_ENUM_CONVERSION = YES;
				CLANG_WARN_INFINITE_RECURSION = YES;
				CLANG_WARN_INT_CONVERSION = YES;
				CLANG_WARN_NON_LITERAL_NULL_CONVERSION = YES;
				CLANG_WARN_OBJC_IMPLICIT_RETAIN_SELF = YES;
				CLANG_WARN_OBJC_LITERAL_CONVERSION = YES;
				CLANG_WARN_OBJC_ROOT_CLASS = YES_ERROR;
				CLANG_WARN_RANGE_LOOP_ANALYSIS = YES;
				CLANG_WARN_STRICT_PROTOTYPES = YES;
				CLANG_WARN_SUSPICIOUS_MOVE = YES;
				CLANG_WARN_UNGUARDED_AVAILABILITY = YES_AGGRESSIVE;
				CLANG_WARN_UNREACHABLE_CODE = YES;
				CLANG_WARN__DUPLICATE_METHOD_MATCH = YES;
				CODE_SIGN_IDENTITY = "Mac Developer";
				COPY_PHASE_STRIP = NO;
				CURRENT_PROJECT_VERSION = 1;
				DEBUG_INFORMATION_FORMAT = "dwarf-with-dsym";
				ENABLE_NS_ASSERTIONS = NO;
				ENABLE_STRICT_OBJC_MSGSEND = YES;
				GCC_C_LANGUAGE_STANDARD = gnu11;
				GCC_NO_COMMON_BLOCKS = YES;
				GCC_OPTIMIZATION_LEVEL = 2;
				GCC_WARN_64_TO_32_BIT_CONVERSION = YES;
				GCC_WARN_ABOUT_RETURN_TYPE = YES_ERROR;
				GCC_WARN_UNDECLARED_SELECTOR = YES;
				GCC_WARN_UNINITIALIZED_AUTOS = YES_AGGRESSIVE;
				GCC_WARN_UNUSED_FUNCTION = YES;
				GCC_WARN_UNUSED_VARIABLE = YES;
				MACOSX_DEPLOYMENT_TARGET = 10.15;
				MTL_ENABLE_DEBUG_INFO = NO;
				SDKROOT = macosx;
				SWIFT_COMPILATION_MODE = wholemodule;
				SWIFT_OPTIMIZATION_LEVEL = "-O";
				VERSIONING_SYSTEM = "apple-generic";
				VERSION_INFO_PREFIX = "";
			};
			name = Release;
		};
		050C890B208CBF350005E936 /* Debug */ = {
			isa = XCBuildConfiguration;
			buildSettings = {
				CLANG_ENABLE_MODULES = YES;
				CODE_SIGN_IDENTITY = "Apple Development";
				CODE_SIGN_STYLE = Automatic;
				COMBINE_HIDPI_IMAGES = YES;
				DEFINES_MODULE = YES;
				DEVELOPMENT_TEAM = TR2DNF3P93;
				DYLIB_COMPATIBILITY_VERSION = 1;
				DYLIB_CURRENT_VERSION = 1;
				DYLIB_INSTALL_NAME_BASE = "@rpath";
				FRAMEWORK_SEARCH_PATHS = (
					"$(HOME)/Library/Frameworks",
					"$(USER_LIBRARY_DIR)/Frameworks",
				);
				FRAMEWORK_VERSION = A;
				GCC_OPTIMIZATION_LEVEL = 2;
				INFOPLIST_FILE = Info.plist;
				INSTALL_PATH = "$(HOME)/Library/Frameworks";
				LD_RUNPATH_SEARCH_PATHS = (
					"$(inherited)",
					"@executable_path/../Frameworks",
					"@loader_path/Frameworks",
				);
				MACOSX_DEPLOYMENT_TARGET = 10.15;
				MODULEMAP_FILE = "";
				MODULEMAP_PRIVATE_FILE = "";
				OTHER_LDFLAGS = "-lcurses";
				PRODUCT_BUNDLE_IDENTIFIER = github.com.steelwheels.CoconutShell;
				PRODUCT_NAME = "$(TARGET_NAME:c99extidentifier)";
				PROVISIONING_PROFILE_SPECIFIER = "";
				SKIP_INSTALL = NO;
				SWIFT_INCLUDE_PATHS = "$(SRCROOT)";
				SWIFT_OPTIMIZATION_LEVEL = "-O";
				SWIFT_VERSION = 5.0;
			};
			name = Debug;
		};
		050C890C208CBF350005E936 /* Release */ = {
			isa = XCBuildConfiguration;
			buildSettings = {
				CLANG_ENABLE_MODULES = YES;
				CODE_SIGN_IDENTITY = "Apple Development";
				CODE_SIGN_STYLE = Automatic;
				COMBINE_HIDPI_IMAGES = YES;
				DEFINES_MODULE = YES;
				DEVELOPMENT_TEAM = TR2DNF3P93;
				DYLIB_COMPATIBILITY_VERSION = 1;
				DYLIB_CURRENT_VERSION = 1;
				DYLIB_INSTALL_NAME_BASE = "@rpath";
				FRAMEWORK_SEARCH_PATHS = (
					"$(HOME)/Library/Frameworks",
					"$(USER_LIBRARY_DIR)/Frameworks",
				);
				FRAMEWORK_VERSION = A;
				GCC_OPTIMIZATION_LEVEL = 2;
				INFOPLIST_FILE = Info.plist;
				INSTALL_PATH = "$(HOME)/Library/Frameworks";
				LD_RUNPATH_SEARCH_PATHS = (
					"$(inherited)",
					"@executable_path/../Frameworks",
					"@loader_path/Frameworks",
				);
				MACOSX_DEPLOYMENT_TARGET = 10.15;
				MODULEMAP_FILE = "";
				MODULEMAP_PRIVATE_FILE = "";
				OTHER_LDFLAGS = "-lcurses";
				PRODUCT_BUNDLE_IDENTIFIER = github.com.steelwheels.CoconutShell;
				PRODUCT_NAME = "$(TARGET_NAME:c99extidentifier)";
				PROVISIONING_PROFILE_SPECIFIER = "";
				SKIP_INSTALL = NO;
				SWIFT_INCLUDE_PATHS = "$(SRCROOT)";
				SWIFT_OPTIMIZATION_LEVEL = "-O";
				SWIFT_VERSION = 5.0;
			};
			name = Release;
		};
		051AB5F521590AC400D7C71C /* Debug */ = {
			isa = XCBuildConfiguration;
			buildSettings = {
				CODE_SIGN_IDENTITY = "Apple Development";
				CODE_SIGN_STYLE = Automatic;
				DEVELOPMENT_TEAM = TR2DNF3P93;
				ENABLE_HARDENED_RUNTIME = YES;
				FRAMEWORK_SEARCH_PATHS = (
					"$(inherited)",
					"$(USER_LIBRARY_DIR)/Frameworks",
				);
				GCC_OPTIMIZATION_LEVEL = 2;
				LD_RUNPATH_SEARCH_PATHS = "@executable_path/UTShell.bundle/Contents/Frameworks";
				LIBRARY_SEARCH_PATHS = "$(TARGET_BUILD_DIR)/UTShell.bundle/Contents/Frameworks";
				MACOSX_DEPLOYMENT_TARGET = 10.15;
				MTL_ENABLE_DEBUG_INFO = INCLUDE_SOURCE;
				MTL_FAST_MATH = YES;
				PRODUCT_NAME = "$(TARGET_NAME)";
				PROVISIONING_PROFILE_SPECIFIER = "";
				SWIFT_OPTIMIZATION_LEVEL = "-O";
				SWIFT_VERSION = 5.0;
			};
			name = Debug;
		};
		051AB5F621590AC400D7C71C /* Release */ = {
			isa = XCBuildConfiguration;
			buildSettings = {
				CODE_SIGN_IDENTITY = "Apple Development";
				CODE_SIGN_STYLE = Automatic;
				DEVELOPMENT_TEAM = TR2DNF3P93;
				ENABLE_HARDENED_RUNTIME = YES;
				FRAMEWORK_SEARCH_PATHS = (
					"$(inherited)",
					"$(USER_LIBRARY_DIR)/Frameworks",
				);
				GCC_OPTIMIZATION_LEVEL = 2;
				LD_RUNPATH_SEARCH_PATHS = "@executable_path/UTShell.bundle/Contents/Frameworks";
				LIBRARY_SEARCH_PATHS = "$(TARGET_BUILD_DIR)/UTShell.bundle/Contents/Frameworks";
				MACOSX_DEPLOYMENT_TARGET = 10.15;
				MTL_FAST_MATH = YES;
				PRODUCT_NAME = "$(TARGET_NAME)";
				PROVISIONING_PROFILE_SPECIFIER = "";
				SWIFT_OPTIMIZATION_LEVEL = "-O";
				SWIFT_VERSION = 5.0;
			};
			name = Release;
		};
		053BAD89208CC18500AC3BF0 /* Debug */ = {
			isa = XCBuildConfiguration;
			buildSettings = {
				CODE_SIGN_STYLE = Automatic;
				DEBUGGING_SYMBOLS = YES;
				DEBUG_INFORMATION_FORMAT = dwarf;
				DEVELOPMENT_TEAM = TR2DNF3P93;
				GCC_GENERATE_DEBUGGING_SYMBOLS = YES;
				GCC_OPTIMIZATION_LEVEL = 0;
				OTHER_CFLAGS = "";
				OTHER_LDFLAGS = "";
				PRODUCT_NAME = "$(TARGET_NAME)";
			};
			name = Debug;
		};
		053BAD8A208CC18500AC3BF0 /* Release */ = {
			isa = XCBuildConfiguration;
			buildSettings = {
				CODE_SIGN_STYLE = Automatic;
				DEBUG_INFORMATION_FORMAT = "dwarf-with-dsym";
				DEVELOPMENT_TEAM = TR2DNF3P93;
				OTHER_CFLAGS = "";
				OTHER_LDFLAGS = "";
				PRODUCT_NAME = "$(TARGET_NAME)";
			};
			name = Release;
		};
		056AF1802158E261007AE91A /* Debug */ = {
			isa = XCBuildConfiguration;
			buildSettings = {
				ALWAYS_EMBED_SWIFT_STANDARD_LIBRARIES = YES;
				CODE_SIGN_IDENTITY = "Mac Developer";
				CODE_SIGN_STYLE = Automatic;
				COMBINE_HIDPI_IMAGES = YES;
				DEVELOPMENT_TEAM = TR2DNF3P93;
				FRAMEWORK_SEARCH_PATHS = (
					"$(inherited)",
					"$(USER_LIBRARY_DIR)/Frameworks",
				);
				INFOPLIST_FILE = ../Test/UTShellBundle/Info.plist;
				INSTALL_PATH = "$(LOCAL_LIBRARY_DIR)/Bundles";
				MTL_ENABLE_DEBUG_INFO = INCLUDE_SOURCE;
				MTL_FAST_MATH = YES;
				PRODUCT_BUNDLE_IDENTIFIER = github.com.steelwheels.UTShellBundle;
				PRODUCT_NAME = UTShell;
				PROVISIONING_PROFILE_SPECIFIER = "";
				SKIP_INSTALL = YES;
				SWIFT_OPTIMIZATION_LEVEL = "-O";
				WRAPPER_EXTENSION = bundle;
			};
			name = Debug;
		};
		056AF1812158E261007AE91A /* Release */ = {
			isa = XCBuildConfiguration;
			buildSettings = {
				ALWAYS_EMBED_SWIFT_STANDARD_LIBRARIES = YES;
				CODE_SIGN_IDENTITY = "Mac Developer";
				CODE_SIGN_STYLE = Automatic;
				COMBINE_HIDPI_IMAGES = YES;
				DEVELOPMENT_TEAM = TR2DNF3P93;
				FRAMEWORK_SEARCH_PATHS = (
					"$(inherited)",
					"$(USER_LIBRARY_DIR)/Frameworks",
				);
				INFOPLIST_FILE = ../Test/UTShellBundle/Info.plist;
				INSTALL_PATH = "$(LOCAL_LIBRARY_DIR)/Bundles";
				MTL_FAST_MATH = YES;
				PRODUCT_BUNDLE_IDENTIFIER = github.com.steelwheels.UTShellBundle;
				PRODUCT_NAME = UTShell;
				PROVISIONING_PROFILE_SPECIFIER = "";
				SKIP_INSTALL = YES;
				WRAPPER_EXTENSION = bundle;
			};
			name = Release;
		};
/* End XCBuildConfiguration section */

/* Begin XCConfigurationList section */
		050C88FC208CBF350005E936 /* Build configuration list for PBXProject "CoconutShell" */ = {
			isa = XCConfigurationList;
			buildConfigurations = (
				050C8908208CBF350005E936 /* Debug */,
				050C8909208CBF350005E936 /* Release */,
			);
			defaultConfigurationIsVisible = 0;
			defaultConfigurationName = Release;
		};
		050C890A208CBF350005E936 /* Build configuration list for PBXNativeTarget "CoconutShell" */ = {
			isa = XCConfigurationList;
			buildConfigurations = (
				050C890B208CBF350005E936 /* Debug */,
				050C890C208CBF350005E936 /* Release */,
			);
			defaultConfigurationIsVisible = 0;
			defaultConfigurationName = Release;
		};
		051AB5F721590AC400D7C71C /* Build configuration list for PBXNativeTarget "UTShell" */ = {
			isa = XCConfigurationList;
			buildConfigurations = (
				051AB5F521590AC400D7C71C /* Debug */,
				051AB5F621590AC400D7C71C /* Release */,
			);
			defaultConfigurationIsVisible = 0;
			defaultConfigurationName = Release;
		};
		053BAD88208CC18500AC3BF0 /* Build configuration list for PBXLegacyTarget "Install" */ = {
			isa = XCConfigurationList;
			buildConfigurations = (
				053BAD89208CC18500AC3BF0 /* Debug */,
				053BAD8A208CC18500AC3BF0 /* Release */,
			);
			defaultConfigurationIsVisible = 0;
			defaultConfigurationName = Release;
		};
		056AF17F2158E261007AE91A /* Build configuration list for PBXNativeTarget "UTShellBundle" */ = {
			isa = XCConfigurationList;
			buildConfigurations = (
				056AF1802158E261007AE91A /* Debug */,
				056AF1812158E261007AE91A /* Release */,
			);
			defaultConfigurationIsVisible = 0;
			defaultConfigurationName = Release;
		};
/* End XCConfigurationList section */
	};
	rootObject = 050C88F9208CBF350005E936 /* Project object */;
}
